PODS:
  - Alacrity (0.5.2)
  - Differentiator (3.1.0)
  - FFUFWidgets (0.1.0)
  - Kio (2.2.0)
  - LayoutKit (10.1.2)
  - Nimble (8.0.1)
  - Quick (2.0.0)
  - RxAtomic (4.4.2)
  - RxCocoa (4.4.2):
    - RxSwift (>= 4.4.2, ~> 4.4)
  - RxDataSources (3.1.0):
    - Differentiator (~> 3.0)
    - RxCocoa (~> 4.0)
    - RxSwift (~> 4.0)
  - RxSwift (4.4.2):
    - RxAtomic (>= 4.4.2, ~> 4.4)
  - RxTest (4.4.2):
    - RxAtomic (>= 4.4.2, ~> 4.4)
    - RxSwift (>= 4.4.2, ~> 4.4)
  - SideMenu (5.0.3)
  - Sourcery (0.16.0)

DEPENDENCIES:
  - Alacrity
  - "FFUFWidgets (from `git@bitbucket.org:FFUF/ffuf-ios-widgets.git`)"
  - Kio
  - "LayoutKit (from `git@github.com:hooliooo/LayoutKit.git`)"
  - Nimble
  - Quick
  - RxDataSources
  - RxSwift
  - RxTest
  - SideMenu
  - Sourcery

SPEC REPOS:
  https://github.com/cocoapods/specs.git:
    - Alacrity
    - Differentiator
    - Kio
    - Nimble
    - Quick
    - RxAtomic
    - RxCocoa
    - RxDataSources
    - RxSwift
    - RxTest
    - SideMenu
    - Sourcery

EXTERNAL SOURCES:
  FFUFWidgets:
    :git: "git@bitbucket.org:FFUF/ffuf-ios-widgets.git"
  LayoutKit:
    :git: "git@github.com:hooliooo/LayoutKit.git"

CHECKOUT OPTIONS:
  FFUFWidgets:
    :commit: 391c845bb6737a40ef499f1fb3e1b51d7f25fba3
    :git: "git@bitbucket.org:FFUF/ffuf-ios-widgets.git"
  LayoutKit:
    :commit: 9eab2939e92318d6c4cbb2ae7535453aee95f619
    :git: "git@github.com:hooliooo/LayoutKit.git"

SPEC CHECKSUMS:
  Alacrity: 42b451c6f16d92fdee7b21cdb956051a421e5dcd
  Differentiator: be49ca3408f0ecfc761e4c7763d20c62be01b9ad
  FFUFWidgets: 9e4ea4da04bb7900942408c71fad3e58ec8f3b9d
  Kio: fd92d41add2216a5db33590e7f4fd273deb70224
  LayoutKit: 184627866d9da10de0a1919a21ec2fdc2ec9d9e7
  Nimble: 45f786ae66faa9a709624227fae502db55a8bdd0
  Quick: ce1276c7c27ba2da3cb2fd0cde053c3648b3b22d
  RxAtomic: d00e97c10db88c6f08540e0bf2752fc5a2404167
  RxCocoa: 477990dc3b4c3ff55fb0ac77e1cc06244e0aaec8
  RxDataSources: a843bad90c29817f5923ec8163f4af2de084ceb3
  RxSwift: 74c29b693c8e42b0f64400e8b06564575742d649
  RxTest: 6433d5b6229f5de424fa534bc22b5e6c38b0b671
  SideMenu: 1dcaabce84538c53325c287f7fe62999379a641c
  Sourcery: 3e55aad9719ee5782ab81eb16addd44d272e4d13

PODFILE CHECKSUM: d297abac5d5e8bd891a303f982abf5ad25761f28

COCOAPODS: 1.6.1
