PODS:
  - Alacrity (0.4.1)
  - Differentiator (3.1.0)
  - FFUFWidgets (0.0.2)
  - Kio (2.1.3)
  - LayoutKit (10.1.0)
  - RxAtomic (4.4.2)
  - RxCocoa (4.4.2):
    - RxSwift (>= 4.4.2, ~> 4.4)
  - RxDataSources (3.1.0):
    - Differentiator (~> 3.0)
    - RxCocoa (~> 4.0)
    - RxSwift (~> 4.0)
  - RxSwift (4.4.2):
    - RxAtomic (>= 4.4.2, ~> 4.4)
  - Sourcery (0.16.0)

DEPENDENCIES:
  - Alacrity
  - "FFUFWidgets (from `git@bitbucket.org:FFUF/ffuf-ios-widgets.git`)"
  - Kio
  - "LayoutKit (from `git@github.com:hooliooo/LayoutKit.git`)"
  - RxDataSources
  - RxSwift
  - Sourcery

SPEC REPOS:
  https://github.com/cocoapods/specs.git:
    - Alacrity
    - Differentiator
    - Kio
    - RxAtomic
    - RxCocoa
    - RxDataSources
    - RxSwift
    - Sourcery

EXTERNAL SOURCES:
  FFUFWidgets:
    :git: "git@bitbucket.org:FFUF/ffuf-ios-widgets.git"
  LayoutKit:
    :git: "git@github.com:hooliooo/LayoutKit.git"

CHECKOUT OPTIONS:
  FFUFWidgets:
    :commit: e8462e1a833cf8819eecb3ed1515389104f327c3
    :git: "git@bitbucket.org:FFUF/ffuf-ios-widgets.git"
  LayoutKit:
    :commit: c0a7133ac8814fb4b9eb79542fbe94fb10f866e6
    :git: "git@github.com:hooliooo/LayoutKit.git"

SPEC CHECKSUMS:
  Alacrity: bfc9d8dcfeb38fd6d471c86e9017987dbbff137f
  Differentiator: be49ca3408f0ecfc761e4c7763d20c62be01b9ad
  FFUFWidgets: aa263457c39c96059a56edf1c330acf106d428a1
  Kio: 8f638653e9905962d734bb085b6fa92f0f253922
  LayoutKit: 66478bb3af5ce4519a056d9465bc4c7585d2350b
  RxAtomic: d00e97c10db88c6f08540e0bf2752fc5a2404167
  RxCocoa: 477990dc3b4c3ff55fb0ac77e1cc06244e0aaec8
  RxDataSources: a843bad90c29817f5923ec8163f4af2de084ceb3
  RxSwift: 74c29b693c8e42b0f64400e8b06564575742d649
  Sourcery: 3e55aad9719ee5782ab81eb16addd44d272e4d13

PODFILE CHECKSUM: e7dee8814fe8c8342065c29e8931e0f6029732dd

COCOAPODS: 1.6.0
