PODS:
  - Alacrity (0.5.4)
  - Differentiator (5.0.0)
  - Kio (2.2.2)
  - LayoutKit (10.1.4)
  - Nimble (9.0.0)
  - Quick (3.1.2)
  - RxCocoa (6.1.0):
    - RxRelay (= 6.1.0)
    - RxSwift (= 6.1.0)
  - RxDataSources (5.0.0):
    - Differentiator (~> 5.0)
    - RxCocoa (~> 6.0)
    - RxSwift (~> 6.0)
  - RxRelay (6.1.0):
    - RxSwift (= 6.1.0)
  - RxSwift (6.1.0)
  - SideMenu (6.5.0)
  - Sourcery (1.3.1)

DEPENDENCIES:
  - Alacrity
  - Kio
  - LayoutKit (from `https://github.com/hooliooo/LayoutKit.git`)
  - Nimble
  - Quick
  - RxDataSources
  - RxSwift
  - SideMenu
  - Sourcery

SPEC REPOS:
  trunk:
    - Alacrity
    - Differentiator
    - Kio
    - Nimble
    - Quick
    - RxCocoa
    - RxDataSources
    - RxRelay
    - RxSwift
    - SideMenu
    - Sourcery

EXTERNAL SOURCES:
  LayoutKit:
    :git: https://github.com/hooliooo/LayoutKit.git

CHECKOUT OPTIONS:
  LayoutKit:
    :commit: 72249ccabb4f997127e1414df6aedd5422248fab
    :git: https://github.com/hooliooo/LayoutKit.git

SPEC CHECKSUMS:
  Alacrity: f69c0bbe4917912d83a63c981884420f857ddeff
  Differentiator: e8497ceab83c1b10ca233716d547b9af21b9344d
  Kio: 320b6cb88a8c9175bb72880e8a85bea66027a0a8
  LayoutKit: 59016c1f920c022e39dc984e7d593ae8a503c8e5
  Nimble: 3b4ec3fd40f1dc178058e0981107721c615643d8
  Quick: 60f0ea3b8e0cfc0df3259a5c06a238ad8b3c46e0
  RxCocoa: 5c51f02d562cbd94629f6c26cf0c80fe4ab8d343
  RxDataSources: aa47cc1ed6c500fa0dfecac5c979b723542d79cf
  RxRelay: 483e1a19fad961b41f0b0c0bee506f46c1ae14fe
  RxSwift: a834e5c538e89eca0cae86f403f4fbf0336786ce
  SideMenu: f583187d21c5b1dd04c72002be544b555a2627a2
  Sourcery: c36ef4f4acce0889653296901cb56011590e8e78

PODFILE CHECKSUM: 22099bc707db07b0dcefe78335a992b98d8eb9f9

COCOAPODS: 1.10.1
