// !$*UTF8*$!
{
	archiveVersion = 1;
	classes = {
	};
	objectVersion = 50;
	objects = {

/* Begin PBXBuildFile section */
		1437BDC62215573300A35FFE /* AnyComponent.swift in Sources */ = {isa = PBXBuildFile; fileRef = 1437BDC52215573300A35FFE /* AnyComponent.swift */; };
		1437BDC822155B9200A35FFE /* ButtonComponent.swift in Sources */ = {isa = PBXBuildFile; fileRef = 1437BDC722155B9200A35FFE /* ButtonComponent.swift */; };
		1437BDCA22157C4F00A35FFE /* ViewModel.swift in Sources */ = {isa = PBXBuildFile; fileRef = 1437BDC922157C4F00A35FFE /* ViewModel.swift */; };
		1437BDCC22157FC300A35FFE /* State.swift in Sources */ = {isa = PBXBuildFile; fileRef = 1437BDCB22157FC300A35FFE /* State.swift */; };
		1437BDCE2215AEA400A35FFE /* StaticSpacingComponent.swift in Sources */ = {isa = PBXBuildFile; fileRef = 1437BDCD2215AEA400A35FFE /* StaticSpacingComponent.swift */; };
		1437BDD12215AFF900A35FFE /* StaticSpacingComponentLayout.swift in Sources */ = {isa = PBXBuildFile; fileRef = 1437BDD02215AFF900A35FFE /* StaticSpacingComponentLayout.swift */; };
		1437BDD32215B56F00A35FFE /* StaticTextComponentLayout.swift in Sources */ = {isa = PBXBuildFile; fileRef = 1437BDD22215B56F00A35FFE /* StaticTextComponentLayout.swift */; };
		1437BDD62215B75100A35FFE /* StaticTextComponent.swift in Sources */ = {isa = PBXBuildFile; fileRef = 1437BDD52215B75100A35FFE /* StaticTextComponent.swift */; };
		1437BDD92215BA6000A35FFE /* Text+FFUFComponents.swift in Sources */ = {isa = PBXBuildFile; fileRef = 1437BDD82215BA6000A35FFE /* Text+FFUFComponents.swift */; };
		1437BDDC2216C17200A35FFE /* ExpandableComponent.swift in Sources */ = {isa = PBXBuildFile; fileRef = 1437BDDB2216C17200A35FFE /* ExpandableComponent.swift */; };
		1437BDDE2216C18A00A35FFE /* ExpandableComponentLayout.swift in Sources */ = {isa = PBXBuildFile; fileRef = 1437BDDD2216C18A00A35FFE /* ExpandableComponentLayout.swift */; };
		1437BDE32218A74900A35FFE /* ComponentResult.swift in Sources */ = {isa = PBXBuildFile; fileRef = 1437BDE22218A74900A35FFE /* ComponentResult.swift */; };
		145AD757220B1EBF004F02C2 /* FFUFComponents.framework in Frameworks */ = {isa = PBXBuildFile; fileRef = 145AD74D220B1EBE004F02C2 /* FFUFComponents.framework */; };
		145AD75C220B1EBF004F02C2 /* Tests.swift in Sources */ = {isa = PBXBuildFile; fileRef = 145AD75B220B1EBF004F02C2 /* Tests.swift */; };
		145AD75E220B1EBF004F02C2 /* FFUFComponents.h in Headers */ = {isa = PBXBuildFile; fileRef = 145AD750220B1EBE004F02C2 /* FFUFComponents.h */; settings = {ATTRIBUTES = (Public, ); }; };
		1478E995220C59B9006AF8B3 /* AppDelegate.swift in Sources */ = {isa = PBXBuildFile; fileRef = 1478E994220C59B9006AF8B3 /* AppDelegate.swift */; };
		1478E997220C59B9006AF8B3 /* ExampleVC.swift in Sources */ = {isa = PBXBuildFile; fileRef = 1478E996220C59B9006AF8B3 /* ExampleVC.swift */; };
		1478E99A220C59B9006AF8B3 /* Main.storyboard in Resources */ = {isa = PBXBuildFile; fileRef = 1478E998220C59B9006AF8B3 /* Main.storyboard */; };
		1478E99C220C59BC006AF8B3 /* Assets.xcassets in Resources */ = {isa = PBXBuildFile; fileRef = 1478E99B220C59BC006AF8B3 /* Assets.xcassets */; };
		1478E99F220C59BC006AF8B3 /* LaunchScreen.storyboard in Resources */ = {isa = PBXBuildFile; fileRef = 1478E99D220C59BC006AF8B3 /* LaunchScreen.storyboard */; };
		1478E9AA220C5B6D006AF8B3 /* FFUFComponents.framework in Frameworks */ = {isa = PBXBuildFile; fileRef = 145AD74D220B1EBE004F02C2 /* FFUFComponents.framework */; };
		1478E9AB220C5B6D006AF8B3 /* FFUFComponents.framework in Embed Frameworks */ = {isa = PBXBuildFile; fileRef = 145AD74D220B1EBE004F02C2 /* FFUFComponents.framework */; settings = {ATTRIBUTES = (CodeSignOnCopy, RemoveHeadersOnCopy, ); }; };
		1478E9B1220C5D1E006AF8B3 /* BaseComponentVC.swift in Sources */ = {isa = PBXBuildFile; fileRef = 1478E9B0220C5D1E006AF8B3 /* BaseComponentVC.swift */; };
		14C1E3E022104A330053E318 /* ButtonComponentLayout.swift in Sources */ = {isa = PBXBuildFile; fileRef = 14C1E3DF22104A330053E318 /* ButtonComponentLayout.swift */; };
		14C96F082211C30F00731265 /* Constants.swift in Sources */ = {isa = PBXBuildFile; fileRef = 14C96F072211C30F00731265 /* Constants.swift */; };
		14CBC9CD220C57BB00597FAA /* Component.swift in Sources */ = {isa = PBXBuildFile; fileRef = 14CBC9CC220C57BB00597FAA /* Component.swift */; };
		14E424C7220E5B8D006BAA4F /* ComponentCell.swift in Sources */ = {isa = PBXBuildFile; fileRef = 14E424C6220E5B8D006BAA4F /* ComponentCell.swift */; };
		14E424CD220E8CB6006BAA4F /* ComponentLayout.swift in Sources */ = {isa = PBXBuildFile; fileRef = 14E424CC220E8CB6006BAA4F /* ComponentLayout.swift */; };
		2F757312BC100EF1B25D2DAE /* Pods_Example.framework in Frameworks */ = {isa = PBXBuildFile; fileRef = 054D316CC07E8E310B0D8998 /* Pods_Example.framework */; };
		57DA062C778CDEE4CC91EA6D /* Pods_FFUFComponents.framework in Frameworks */ = {isa = PBXBuildFile; fileRef = DB4688D6F4980D5714DDECBA /* Pods_FFUFComponents.framework */; };
/* End PBXBuildFile section */

/* Begin PBXContainerItemProxy section */
		145AD758220B1EBF004F02C2 /* PBXContainerItemProxy */ = {
			isa = PBXContainerItemProxy;
			containerPortal = 145AD744220B1EBE004F02C2 /* Project object */;
			proxyType = 1;
			remoteGlobalIDString = 145AD74C220B1EBE004F02C2;
			remoteInfo = "MvRx-iOS";
		};
		1478E9AC220C5B6D006AF8B3 /* PBXContainerItemProxy */ = {
			isa = PBXContainerItemProxy;
			containerPortal = 145AD744220B1EBE004F02C2 /* Project object */;
			proxyType = 1;
			remoteGlobalIDString = 145AD74C220B1EBE004F02C2;
			remoteInfo = "MvRx-iOS";
		};
/* End PBXContainerItemProxy section */

/* Begin PBXCopyFilesBuildPhase section */
		1478E9AE220C5B6D006AF8B3 /* Embed Frameworks */ = {
			isa = PBXCopyFilesBuildPhase;
			buildActionMask = 2147483647;
			dstPath = "";
			dstSubfolderSpec = 10;
			files = (
				1478E9AB220C5B6D006AF8B3 /* FFUFComponents.framework in Embed Frameworks */,
			);
			name = "Embed Frameworks";
			runOnlyForDeploymentPostprocessing = 0;
		};
/* End PBXCopyFilesBuildPhase section */

/* Begin PBXFileReference section */
		01258669A160C84944C44BBE /* Pods-MvRx-iOS.debug.xcconfig */ = {isa = PBXFileReference; includeInIndex = 1; lastKnownFileType = text.xcconfig; name = "Pods-MvRx-iOS.debug.xcconfig"; path = "Target Support Files/Pods-MvRx-iOS/Pods-MvRx-iOS.debug.xcconfig"; sourceTree = "<group>"; };
		02E5CD7DD6093F46BD1865C1 /* Pods_MvRx_iOS.framework */ = {isa = PBXFileReference; explicitFileType = wrapper.framework; includeInIndex = 0; path = Pods_MvRx_iOS.framework; sourceTree = BUILT_PRODUCTS_DIR; };
		054D316CC07E8E310B0D8998 /* Pods_Example.framework */ = {isa = PBXFileReference; explicitFileType = wrapper.framework; includeInIndex = 0; path = Pods_Example.framework; sourceTree = BUILT_PRODUCTS_DIR; };
		1437BDC52215573300A35FFE /* AnyComponent.swift */ = {isa = PBXFileReference; lastKnownFileType = sourcecode.swift; path = AnyComponent.swift; sourceTree = "<group>"; };
		1437BDC722155B9200A35FFE /* ButtonComponent.swift */ = {isa = PBXFileReference; lastKnownFileType = sourcecode.swift; path = ButtonComponent.swift; sourceTree = "<group>"; };
		1437BDC922157C4F00A35FFE /* ViewModel.swift */ = {isa = PBXFileReference; lastKnownFileType = sourcecode.swift; path = ViewModel.swift; sourceTree = "<group>"; };
		1437BDCB22157FC300A35FFE /* State.swift */ = {isa = PBXFileReference; lastKnownFileType = sourcecode.swift; path = State.swift; sourceTree = "<group>"; };
		1437BDCD2215AEA400A35FFE /* StaticSpacingComponent.swift */ = {isa = PBXFileReference; lastKnownFileType = sourcecode.swift; path = StaticSpacingComponent.swift; sourceTree = "<group>"; };
		1437BDD02215AFF900A35FFE /* StaticSpacingComponentLayout.swift */ = {isa = PBXFileReference; lastKnownFileType = sourcecode.swift; path = StaticSpacingComponentLayout.swift; sourceTree = "<group>"; };
		1437BDD22215B56F00A35FFE /* StaticTextComponentLayout.swift */ = {isa = PBXFileReference; lastKnownFileType = sourcecode.swift; path = StaticTextComponentLayout.swift; sourceTree = "<group>"; };
		1437BDD52215B75100A35FFE /* StaticTextComponent.swift */ = {isa = PBXFileReference; lastKnownFileType = sourcecode.swift; path = StaticTextComponent.swift; sourceTree = "<group>"; };
		1437BDD82215BA6000A35FFE /* Text+FFUFComponents.swift */ = {isa = PBXFileReference; lastKnownFileType = sourcecode.swift; path = "Text+FFUFComponents.swift"; sourceTree = "<group>"; };
		1437BDDB2216C17200A35FFE /* ExpandableComponent.swift */ = {isa = PBXFileReference; lastKnownFileType = sourcecode.swift; path = ExpandableComponent.swift; sourceTree = "<group>"; };
		1437BDDD2216C18A00A35FFE /* ExpandableComponentLayout.swift */ = {isa = PBXFileReference; lastKnownFileType = sourcecode.swift; path = ExpandableComponentLayout.swift; sourceTree = "<group>"; };
		1437BDE22218A74900A35FFE /* ComponentResult.swift */ = {isa = PBXFileReference; lastKnownFileType = sourcecode.swift; path = ComponentResult.swift; sourceTree = "<group>"; };
		145AD74D220B1EBE004F02C2 /* FFUFComponents.framework */ = {isa = PBXFileReference; explicitFileType = wrapper.framework; includeInIndex = 0; path = FFUFComponents.framework; sourceTree = BUILT_PRODUCTS_DIR; };
		145AD750220B1EBE004F02C2 /* FFUFComponents.h */ = {isa = PBXFileReference; lastKnownFileType = sourcecode.c.h; path = FFUFComponents.h; sourceTree = "<group>"; };
		145AD751220B1EBE004F02C2 /* Info.plist */ = {isa = PBXFileReference; lastKnownFileType = text.plist.xml; path = Info.plist; sourceTree = "<group>"; };
		145AD756220B1EBF004F02C2 /* Tests.xctest */ = {isa = PBXFileReference; explicitFileType = wrapper.cfbundle; includeInIndex = 0; path = Tests.xctest; sourceTree = BUILT_PRODUCTS_DIR; };
		145AD75B220B1EBF004F02C2 /* Tests.swift */ = {isa = PBXFileReference; lastKnownFileType = sourcecode.swift; path = Tests.swift; sourceTree = "<group>"; };
		145AD75D220B1EBF004F02C2 /* Info.plist */ = {isa = PBXFileReference; lastKnownFileType = text.plist.xml; path = Info.plist; sourceTree = "<group>"; };
		1478E992220C59B9006AF8B3 /* Example.app */ = {isa = PBXFileReference; explicitFileType = wrapper.application; includeInIndex = 0; path = Example.app; sourceTree = BUILT_PRODUCTS_DIR; };
		1478E994220C59B9006AF8B3 /* AppDelegate.swift */ = {isa = PBXFileReference; lastKnownFileType = sourcecode.swift; path = AppDelegate.swift; sourceTree = "<group>"; };
		1478E996220C59B9006AF8B3 /* ExampleVC.swift */ = {isa = PBXFileReference; lastKnownFileType = sourcecode.swift; path = ExampleVC.swift; sourceTree = "<group>"; };
		1478E999220C59B9006AF8B3 /* Base */ = {isa = PBXFileReference; lastKnownFileType = file.storyboard; name = Base; path = Base.lproj/Main.storyboard; sourceTree = "<group>"; };
		1478E99B220C59BC006AF8B3 /* Assets.xcassets */ = {isa = PBXFileReference; lastKnownFileType = folder.assetcatalog; path = Assets.xcassets; sourceTree = "<group>"; };
		1478E99E220C59BC006AF8B3 /* Base */ = {isa = PBXFileReference; lastKnownFileType = file.storyboard; name = Base; path = Base.lproj/LaunchScreen.storyboard; sourceTree = "<group>"; };
		1478E9A0220C59BC006AF8B3 /* Info.plist */ = {isa = PBXFileReference; lastKnownFileType = text.plist.xml; path = Info.plist; sourceTree = "<group>"; };
		1478E9B0220C5D1E006AF8B3 /* BaseComponentVC.swift */ = {isa = PBXFileReference; lastKnownFileType = sourcecode.swift; path = BaseComponentVC.swift; sourceTree = "<group>"; };
		14C1E3DF22104A330053E318 /* ButtonComponentLayout.swift */ = {isa = PBXFileReference; lastKnownFileType = sourcecode.swift; path = ButtonComponentLayout.swift; sourceTree = "<group>"; };
		14C96F072211C30F00731265 /* Constants.swift */ = {isa = PBXFileReference; lastKnownFileType = sourcecode.swift; path = Constants.swift; sourceTree = "<group>"; };
		14CBC9CC220C57BB00597FAA /* Component.swift */ = {isa = PBXFileReference; lastKnownFileType = sourcecode.swift; path = Component.swift; sourceTree = "<group>"; };
		14E424C6220E5B8D006BAA4F /* ComponentCell.swift */ = {isa = PBXFileReference; lastKnownFileType = sourcecode.swift; path = ComponentCell.swift; sourceTree = "<group>"; };
		14E424CC220E8CB6006BAA4F /* ComponentLayout.swift */ = {isa = PBXFileReference; lastKnownFileType = sourcecode.swift; path = ComponentLayout.swift; sourceTree = "<group>"; };
		14E424CF220EE51C006BAA4F /* README.md */ = {isa = PBXFileReference; lastKnownFileType = net.daringfireball.markdown; path = README.md; sourceTree = SOURCE_ROOT; };
		1BF2BAE8D12EEC76401C4BE7 /* Pods-Components.release.xcconfig */ = {isa = PBXFileReference; includeInIndex = 1; lastKnownFileType = text.xcconfig; name = "Pods-Components.release.xcconfig"; path = "Target Support Files/Pods-Components/Pods-Components.release.xcconfig"; sourceTree = "<group>"; };
		379343E1E991BEC236B9E5E4 /* Pods_Components.framework */ = {isa = PBXFileReference; explicitFileType = wrapper.framework; includeInIndex = 0; path = Pods_Components.framework; sourceTree = BUILT_PRODUCTS_DIR; };
		7D096C09BD0609B0F240F8D0 /* Pods-Components.debug.xcconfig */ = {isa = PBXFileReference; includeInIndex = 1; lastKnownFileType = text.xcconfig; name = "Pods-Components.debug.xcconfig"; path = "Target Support Files/Pods-Components/Pods-Components.debug.xcconfig"; sourceTree = "<group>"; };
		808667D7BA5B88327D23895C /* Pods-Example.debug.xcconfig */ = {isa = PBXFileReference; includeInIndex = 1; lastKnownFileType = text.xcconfig; name = "Pods-Example.debug.xcconfig"; path = "Target Support Files/Pods-Example/Pods-Example.debug.xcconfig"; sourceTree = "<group>"; };
		A10C6AD818E24FE18DFA0253 /* Pods-FFUFComponents.release.xcconfig */ = {isa = PBXFileReference; includeInIndex = 1; lastKnownFileType = text.xcconfig; name = "Pods-FFUFComponents.release.xcconfig"; path = "Target Support Files/Pods-FFUFComponents/Pods-FFUFComponents.release.xcconfig"; sourceTree = "<group>"; };
		A2E7F690C9C294C299E19B52 /* Pods-Example.release.xcconfig */ = {isa = PBXFileReference; includeInIndex = 1; lastKnownFileType = text.xcconfig; name = "Pods-Example.release.xcconfig"; path = "Target Support Files/Pods-Example/Pods-Example.release.xcconfig"; sourceTree = "<group>"; };
		A7551C3066C917BE81603EAA /* Pods-FFUFComponents.debug.xcconfig */ = {isa = PBXFileReference; includeInIndex = 1; lastKnownFileType = text.xcconfig; name = "Pods-FFUFComponents.debug.xcconfig"; path = "Target Support Files/Pods-FFUFComponents/Pods-FFUFComponents.debug.xcconfig"; sourceTree = "<group>"; };
		C54C627CE1A98CB3D953D1DC /* Pods-MvRx-iOS.release.xcconfig */ = {isa = PBXFileReference; includeInIndex = 1; lastKnownFileType = text.xcconfig; name = "Pods-MvRx-iOS.release.xcconfig"; path = "Target Support Files/Pods-MvRx-iOS/Pods-MvRx-iOS.release.xcconfig"; sourceTree = "<group>"; };
		DB4688D6F4980D5714DDECBA /* Pods_FFUFComponents.framework */ = {isa = PBXFileReference; explicitFileType = wrapper.framework; includeInIndex = 0; path = Pods_FFUFComponents.framework; sourceTree = BUILT_PRODUCTS_DIR; };
/* End PBXFileReference section */

/* Begin PBXFrameworksBuildPhase section */
		145AD74A220B1EBE004F02C2 /* Frameworks */ = {
			isa = PBXFrameworksBuildPhase;
			buildActionMask = 2147483647;
			files = (
				57DA062C778CDEE4CC91EA6D /* Pods_FFUFComponents.framework in Frameworks */,
			);
			runOnlyForDeploymentPostprocessing = 0;
		};
		145AD753220B1EBF004F02C2 /* Frameworks */ = {
			isa = PBXFrameworksBuildPhase;
			buildActionMask = 2147483647;
			files = (
				145AD757220B1EBF004F02C2 /* FFUFComponents.framework in Frameworks */,
			);
			runOnlyForDeploymentPostprocessing = 0;
		};
		1478E98F220C59B9006AF8B3 /* Frameworks */ = {
			isa = PBXFrameworksBuildPhase;
			buildActionMask = 2147483647;
			files = (
				1478E9AA220C5B6D006AF8B3 /* FFUFComponents.framework in Frameworks */,
				2F757312BC100EF1B25D2DAE /* Pods_Example.framework in Frameworks */,
			);
			runOnlyForDeploymentPostprocessing = 0;
		};
/* End PBXFrameworksBuildPhase section */

/* Begin PBXGroup section */
		1437BDCF2215AEB200A35FFE /* StaticSpacingComponent */ = {
			isa = PBXGroup;
			children = (
				1437BDCD2215AEA400A35FFE /* StaticSpacingComponent.swift */,
				1437BDD02215AFF900A35FFE /* StaticSpacingComponentLayout.swift */,
			);
			path = StaticSpacingComponent;
			sourceTree = "<group>";
		};
		1437BDD42215B57800A35FFE /* StaticTextComponent */ = {
			isa = PBXGroup;
			children = (
				1437BDD52215B75100A35FFE /* StaticTextComponent.swift */,
				1437BDD22215B56F00A35FFE /* StaticTextComponentLayout.swift */,
			);
			path = StaticTextComponent;
			sourceTree = "<group>";
		};
		1437BDD72215BA4400A35FFE /* Extensions */ = {
			isa = PBXGroup;
			children = (
				1437BDD82215BA6000A35FFE /* Text+FFUFComponents.swift */,
			);
			path = Extensions;
			sourceTree = "<group>";
		};
		1437BDDA2216C14100A35FFE /* ExpandableComponent */ = {
			isa = PBXGroup;
			children = (
				1437BDDB2216C17200A35FFE /* ExpandableComponent.swift */,
				1437BDDD2216C18A00A35FFE /* ExpandableComponentLayout.swift */,
			);
			path = ExpandableComponent;
			sourceTree = "<group>";
		};
		1437BDE12218A71F00A35FFE /* Enums */ = {
			isa = PBXGroup;
			children = (
				1437BDE22218A74900A35FFE /* ComponentResult.swift */,
			);
			path = Enums;
			sourceTree = "<group>";
		};
		145AD743220B1EBE004F02C2 = {
			isa = PBXGroup;
			children = (
				1478E993220C59B9006AF8B3 /* Example */,
				14E424CF220EE51C006BAA4F /* README.md */,
				145AD767220B1ED6004F02C2 /* Sources */,
				145AD74F220B1EBE004F02C2 /* Supporting Files */,
				145AD75A220B1EBF004F02C2 /* Tests */,
				145AD74E220B1EBE004F02C2 /* Products */,
				DAB88E9155E075588B4174EF /* Pods */,
				6353A5DA7DC56B603F3D74B9 /* Frameworks */,
			);
			sourceTree = "<group>";
		};
		145AD74E220B1EBE004F02C2 /* Products */ = {
			isa = PBXGroup;
			children = (
				145AD74D220B1EBE004F02C2 /* FFUFComponents.framework */,
				145AD756220B1EBF004F02C2 /* Tests.xctest */,
				1478E992220C59B9006AF8B3 /* Example.app */,
			);
			name = Products;
			sourceTree = "<group>";
		};
		145AD74F220B1EBE004F02C2 /* Supporting Files */ = {
			isa = PBXGroup;
			children = (
				145AD750220B1EBE004F02C2 /* FFUFComponents.h */,
				145AD751220B1EBE004F02C2 /* Info.plist */,
			);
			path = "Supporting Files";
			sourceTree = "<group>";
		};
		145AD75A220B1EBF004F02C2 /* Tests */ = {
			isa = PBXGroup;
			children = (
				145AD75B220B1EBF004F02C2 /* Tests.swift */,
				145AD75D220B1EBF004F02C2 /* Info.plist */,
			);
			path = Tests;
			sourceTree = "<group>";
		};
		145AD767220B1ED6004F02C2 /* Sources */ = {
			isa = PBXGroup;
			children = (
				1437BDE12218A71F00A35FFE /* Enums */,
				1437BDD72215BA4400A35FFE /* Extensions */,
				14C96F062211C2EF00731265 /* Utilities */,
				14C1E3DC2210491E0053E318 /* Components */,
				1478E9AF220C5CDA006AF8B3 /* Classes */,
				14CBC9C9220C415200597FAA /* Protocols */,
			);
			path = Sources;
			sourceTree = "<group>";
		};
		1478E993220C59B9006AF8B3 /* Example */ = {
			isa = PBXGroup;
			children = (
				1478E994220C59B9006AF8B3 /* AppDelegate.swift */,
				1478E996220C59B9006AF8B3 /* ExampleVC.swift */,
				1478E998220C59B9006AF8B3 /* Main.storyboard */,
				1478E99B220C59BC006AF8B3 /* Assets.xcassets */,
				1478E99D220C59BC006AF8B3 /* LaunchScreen.storyboard */,
				1478E9A0220C59BC006AF8B3 /* Info.plist */,
			);
			path = Example;
			sourceTree = "<group>";
		};
		1478E9AF220C5CDA006AF8B3 /* Classes */ = {
			isa = PBXGroup;
			children = (
				1478E9B0220C5D1E006AF8B3 /* BaseComponentVC.swift */,
				14E424C6220E5B8D006BAA4F /* ComponentCell.swift */,
				1437BDC52215573300A35FFE /* AnyComponent.swift */,
				1437BDC922157C4F00A35FFE /* ViewModel.swift */,
			);
			path = Classes;
			sourceTree = "<group>";
		};
		14C1E3DC2210491E0053E318 /* Components */ = {
			isa = PBXGroup;
			children = (
				14C96F092211EE9600731265 /* ButtonComponent */,
				1437BDCF2215AEB200A35FFE /* StaticSpacingComponent */,
				1437BDD42215B57800A35FFE /* StaticTextComponent */,
				1437BDDA2216C14100A35FFE /* ExpandableComponent */,
			);
			path = Components;
			sourceTree = "<group>";
		};
		14C96F062211C2EF00731265 /* Utilities */ = {
			isa = PBXGroup;
			children = (
				14C96F072211C30F00731265 /* Constants.swift */,
			);
			path = Utilities;
			sourceTree = "<group>";
		};
		14C96F092211EE9600731265 /* ButtonComponent */ = {
			isa = PBXGroup;
			children = (
				1437BDC722155B9200A35FFE /* ButtonComponent.swift */,
				14C1E3DF22104A330053E318 /* ButtonComponentLayout.swift */,
			);
			path = ButtonComponent;
			sourceTree = "<group>";
		};
		14CBC9C9220C415200597FAA /* Protocols */ = {
			isa = PBXGroup;
			children = (
				14CBC9CC220C57BB00597FAA /* Component.swift */,
				14E424CC220E8CB6006BAA4F /* ComponentLayout.swift */,
				1437BDCB22157FC300A35FFE /* State.swift */,
			);
			path = Protocols;
			sourceTree = "<group>";
		};
		6353A5DA7DC56B603F3D74B9 /* Frameworks */ = {
			isa = PBXGroup;
			children = (
				02E5CD7DD6093F46BD1865C1 /* Pods_MvRx_iOS.framework */,
				054D316CC07E8E310B0D8998 /* Pods_Example.framework */,
				379343E1E991BEC236B9E5E4 /* Pods_Components.framework */,
				DB4688D6F4980D5714DDECBA /* Pods_FFUFComponents.framework */,
			);
			name = Frameworks;
			sourceTree = "<group>";
		};
		DAB88E9155E075588B4174EF /* Pods */ = {
			isa = PBXGroup;
			children = (
				01258669A160C84944C44BBE /* Pods-MvRx-iOS.debug.xcconfig */,
				C54C627CE1A98CB3D953D1DC /* Pods-MvRx-iOS.release.xcconfig */,
				808667D7BA5B88327D23895C /* Pods-Example.debug.xcconfig */,
				A2E7F690C9C294C299E19B52 /* Pods-Example.release.xcconfig */,
				7D096C09BD0609B0F240F8D0 /* Pods-Components.debug.xcconfig */,
				1BF2BAE8D12EEC76401C4BE7 /* Pods-Components.release.xcconfig */,
				A7551C3066C917BE81603EAA /* Pods-FFUFComponents.debug.xcconfig */,
				A10C6AD818E24FE18DFA0253 /* Pods-FFUFComponents.release.xcconfig */,
			);
			path = Pods;
			sourceTree = "<group>";
		};
/* End PBXGroup section */

/* Begin PBXHeadersBuildPhase section */
		145AD748220B1EBE004F02C2 /* Headers */ = {
			isa = PBXHeadersBuildPhase;
			buildActionMask = 2147483647;
			files = (
				145AD75E220B1EBF004F02C2 /* FFUFComponents.h in Headers */,
			);
			runOnlyForDeploymentPostprocessing = 0;
		};
/* End PBXHeadersBuildPhase section */

/* Begin PBXNativeTarget section */
		145AD74C220B1EBE004F02C2 /* FFUFComponents */ = {
			isa = PBXNativeTarget;
			buildConfigurationList = 145AD761220B1EBF004F02C2 /* Build configuration list for PBXNativeTarget "FFUFComponents" */;
			buildPhases = (
				E9CFC14F96784590513ADACE /* [CP] Check Pods Manifest.lock */,
				145AD748220B1EBE004F02C2 /* Headers */,
				145AD749220B1EBE004F02C2 /* Sources */,
				145AD74A220B1EBE004F02C2 /* Frameworks */,
				145AD74B220B1EBE004F02C2 /* Resources */,
			);
			buildRules = (
			);
			dependencies = (
			);
			name = FFUFComponents;
			productName = "MvRx-iOS";
			productReference = 145AD74D220B1EBE004F02C2 /* FFUFComponents.framework */;
			productType = "com.apple.product-type.framework";
		};
		145AD755220B1EBF004F02C2 /* Tests */ = {
			isa = PBXNativeTarget;
			buildConfigurationList = 145AD764220B1EBF004F02C2 /* Build configuration list for PBXNativeTarget "Tests" */;
			buildPhases = (
				145AD752220B1EBF004F02C2 /* Sources */,
				145AD753220B1EBF004F02C2 /* Frameworks */,
				145AD754220B1EBF004F02C2 /* Resources */,
			);
			buildRules = (
			);
			dependencies = (
				145AD759220B1EBF004F02C2 /* PBXTargetDependency */,
			);
			name = Tests;
			productName = "MvRx-iOSTests";
			productReference = 145AD756220B1EBF004F02C2 /* Tests.xctest */;
			productType = "com.apple.product-type.bundle.unit-test";
		};
		1478E991220C59B9006AF8B3 /* Example */ = {
			isa = PBXNativeTarget;
			buildConfigurationList = 1478E9A3220C59BC006AF8B3 /* Build configuration list for PBXNativeTarget "Example" */;
			buildPhases = (
				924BC3FCF03A0392A3A71CB0 /* [CP] Check Pods Manifest.lock */,
				1478E98E220C59B9006AF8B3 /* Sources */,
				1478E98F220C59B9006AF8B3 /* Frameworks */,
				1478E990220C59B9006AF8B3 /* Resources */,
				1478E9AE220C5B6D006AF8B3 /* Embed Frameworks */,
				03E520EFBC70CB781B695D9D /* [CP] Embed Pods Frameworks */,
			);
			buildRules = (
			);
			dependencies = (
				1478E9AD220C5B6D006AF8B3 /* PBXTargetDependency */,
			);
			name = Example;
			productName = Example;
			productReference = 1478E992220C59B9006AF8B3 /* Example.app */;
			productType = "com.apple.product-type.application";
		};
/* End PBXNativeTarget section */

/* Begin PBXProject section */
		145AD744220B1EBE004F02C2 /* Project object */ = {
			isa = PBXProject;
			attributes = {
				LastSwiftUpdateCheck = 1010;
				LastUpgradeCheck = 1010;
				ORGANIZATIONNAME = "Feil, Feil, & Feil  GmbH";
				TargetAttributes = {
					145AD74C220B1EBE004F02C2 = {
						CreatedOnToolsVersion = 10.1;
						LastSwiftMigration = 1010;
					};
					145AD755220B1EBF004F02C2 = {
						CreatedOnToolsVersion = 10.1;
					};
					1478E991220C59B9006AF8B3 = {
						CreatedOnToolsVersion = 10.1;
					};
				};
			};
			buildConfigurationList = 145AD747220B1EBE004F02C2 /* Build configuration list for PBXProject "FFUFComponents" */;
			compatibilityVersion = "Xcode 9.3";
			developmentRegion = en;
			hasScannedForEncodings = 0;
			knownRegions = (
				en,
				Base,
			);
			mainGroup = 145AD743220B1EBE004F02C2;
			productRefGroup = 145AD74E220B1EBE004F02C2 /* Products */;
			projectDirPath = "";
			projectRoot = "";
			targets = (
				145AD74C220B1EBE004F02C2 /* FFUFComponents */,
				145AD755220B1EBF004F02C2 /* Tests */,
				1478E991220C59B9006AF8B3 /* Example */,
			);
		};
/* End PBXProject section */

/* Begin PBXResourcesBuildPhase section */
		145AD74B220B1EBE004F02C2 /* Resources */ = {
			isa = PBXResourcesBuildPhase;
			buildActionMask = 2147483647;
			files = (
			);
			runOnlyForDeploymentPostprocessing = 0;
		};
		145AD754220B1EBF004F02C2 /* Resources */ = {
			isa = PBXResourcesBuildPhase;
			buildActionMask = 2147483647;
			files = (
			);
			runOnlyForDeploymentPostprocessing = 0;
		};
		1478E990220C59B9006AF8B3 /* Resources */ = {
			isa = PBXResourcesBuildPhase;
			buildActionMask = 2147483647;
			files = (
				1478E99F220C59BC006AF8B3 /* LaunchScreen.storyboard in Resources */,
				1478E99C220C59BC006AF8B3 /* Assets.xcassets in Resources */,
				1478E99A220C59B9006AF8B3 /* Main.storyboard in Resources */,
			);
			runOnlyForDeploymentPostprocessing = 0;
		};
/* End PBXResourcesBuildPhase section */

/* Begin PBXShellScriptBuildPhase section */
		03E520EFBC70CB781B695D9D /* [CP] Embed Pods Frameworks */ = {
			isa = PBXShellScriptBuildPhase;
			buildActionMask = 2147483647;
			files = (
			);
			inputFileListPaths = (
			);
			inputPaths = (
				"${PODS_ROOT}/Target Support Files/Pods-Example/Pods-Example-frameworks.sh",
				"${BUILT_PRODUCTS_DIR}/Alacrity/Alacrity.framework",
				"${BUILT_PRODUCTS_DIR}/Differentiator/Differentiator.framework",
				"${BUILT_PRODUCTS_DIR}/Kio/Kio.framework",
				"${BUILT_PRODUCTS_DIR}/LayoutKit/LayoutKit.framework",
				"${BUILT_PRODUCTS_DIR}/RxAtomic/RxAtomic.framework",
				"${BUILT_PRODUCTS_DIR}/RxCocoa/RxCocoa.framework",
				"${BUILT_PRODUCTS_DIR}/RxDataSources/RxDataSources.framework",
				"${BUILT_PRODUCTS_DIR}/RxSwift/RxSwift.framework",
			);
			name = "[CP] Embed Pods Frameworks";
			outputFileListPaths = (
			);
			outputPaths = (
				"${TARGET_BUILD_DIR}/${FRAMEWORKS_FOLDER_PATH}/Alacrity.framework",
				"${TARGET_BUILD_DIR}/${FRAMEWORKS_FOLDER_PATH}/Differentiator.framework",
				"${TARGET_BUILD_DIR}/${FRAMEWORKS_FOLDER_PATH}/Kio.framework",
				"${TARGET_BUILD_DIR}/${FRAMEWORKS_FOLDER_PATH}/LayoutKit.framework",
				"${TARGET_BUILD_DIR}/${FRAMEWORKS_FOLDER_PATH}/RxAtomic.framework",
				"${TARGET_BUILD_DIR}/${FRAMEWORKS_FOLDER_PATH}/RxCocoa.framework",
				"${TARGET_BUILD_DIR}/${FRAMEWORKS_FOLDER_PATH}/RxDataSources.framework",
				"${TARGET_BUILD_DIR}/${FRAMEWORKS_FOLDER_PATH}/RxSwift.framework",
			);
			runOnlyForDeploymentPostprocessing = 0;
			shellPath = /bin/sh;
			shellScript = "\"${PODS_ROOT}/Target Support Files/Pods-Example/Pods-Example-frameworks.sh\"\n";
			showEnvVarsInLog = 0;
		};
		924BC3FCF03A0392A3A71CB0 /* [CP] Check Pods Manifest.lock */ = {
			isa = PBXShellScriptBuildPhase;
			buildActionMask = 2147483647;
			files = (
			);
			inputFileListPaths = (
			);
			inputPaths = (
				"${PODS_PODFILE_DIR_PATH}/Podfile.lock",
				"${PODS_ROOT}/Manifest.lock",
			);
			name = "[CP] Check Pods Manifest.lock";
			outputFileListPaths = (
			);
			outputPaths = (
				"$(DERIVED_FILE_DIR)/Pods-Example-checkManifestLockResult.txt",
			);
			runOnlyForDeploymentPostprocessing = 0;
			shellPath = /bin/sh;
			shellScript = "diff \"${PODS_PODFILE_DIR_PATH}/Podfile.lock\" \"${PODS_ROOT}/Manifest.lock\" > /dev/null\nif [ $? != 0 ] ; then\n    # print error to STDERR\n    echo \"error: The sandbox is not in sync with the Podfile.lock. Run 'pod install' or update your CocoaPods installation.\" >&2\n    exit 1\nfi\n# This output is used by Xcode 'outputs' to avoid re-running this script phase.\necho \"SUCCESS\" > \"${SCRIPT_OUTPUT_FILE_0}\"\n";
			showEnvVarsInLog = 0;
		};
		E9CFC14F96784590513ADACE /* [CP] Check Pods Manifest.lock */ = {
			isa = PBXShellScriptBuildPhase;
			buildActionMask = 2147483647;
			files = (
			);
			inputFileListPaths = (
			);
			inputPaths = (
				"${PODS_PODFILE_DIR_PATH}/Podfile.lock",
				"${PODS_ROOT}/Manifest.lock",
			);
			name = "[CP] Check Pods Manifest.lock";
			outputFileListPaths = (
			);
			outputPaths = (
				"$(DERIVED_FILE_DIR)/Pods-FFUFComponents-checkManifestLockResult.txt",
			);
			runOnlyForDeploymentPostprocessing = 0;
			shellPath = /bin/sh;
			shellScript = "diff \"${PODS_PODFILE_DIR_PATH}/Podfile.lock\" \"${PODS_ROOT}/Manifest.lock\" > /dev/null\nif [ $? != 0 ] ; then\n    # print error to STDERR\n    echo \"error: The sandbox is not in sync with the Podfile.lock. Run 'pod install' or update your CocoaPods installation.\" >&2\n    exit 1\nfi\n# This output is used by Xcode 'outputs' to avoid re-running this script phase.\necho \"SUCCESS\" > \"${SCRIPT_OUTPUT_FILE_0}\"\n";
			showEnvVarsInLog = 0;
		};
/* End PBXShellScriptBuildPhase section */

/* Begin PBXSourcesBuildPhase section */
		145AD749220B1EBE004F02C2 /* Sources */ = {
			isa = PBXSourcesBuildPhase;
			buildActionMask = 2147483647;
			files = (
				1437BDC62215573300A35FFE /* AnyComponent.swift in Sources */,
				1437BDCA22157C4F00A35FFE /* ViewModel.swift in Sources */,
				14E424C7220E5B8D006BAA4F /* ComponentCell.swift in Sources */,
				1437BDD12215AFF900A35FFE /* StaticSpacingComponentLayout.swift in Sources */,
				1437BDCE2215AEA400A35FFE /* StaticSpacingComponent.swift in Sources */,
				1437BDCC22157FC300A35FFE /* State.swift in Sources */,
				14CBC9CD220C57BB00597FAA /* Component.swift in Sources */,
				14E424CD220E8CB6006BAA4F /* ComponentLayout.swift in Sources */,
				1437BDE32218A74900A35FFE /* ComponentResult.swift in Sources */,
				1437BDDE2216C18A00A35FFE /* ExpandableComponentLayout.swift in Sources */,
				14C96F082211C30F00731265 /* Constants.swift in Sources */,
				1478E9B1220C5D1E006AF8B3 /* BaseComponentVC.swift in Sources */,
				1437BDD62215B75100A35FFE /* StaticTextComponent.swift in Sources */,
				1437BDDC2216C17200A35FFE /* ExpandableComponent.swift in Sources */,
				1437BDD92215BA6000A35FFE /* Text+FFUFComponents.swift in Sources */,
				1437BDD32215B56F00A35FFE /* StaticTextComponentLayout.swift in Sources */,
				1437BDC822155B9200A35FFE /* ButtonComponent.swift in Sources */,
				14C1E3E022104A330053E318 /* ButtonComponentLayout.swift in Sources */,
			);
			runOnlyForDeploymentPostprocessing = 0;
		};
		145AD752220B1EBF004F02C2 /* Sources */ = {
			isa = PBXSourcesBuildPhase;
			buildActionMask = 2147483647;
			files = (
				145AD75C220B1EBF004F02C2 /* Tests.swift in Sources */,
			);
			runOnlyForDeploymentPostprocessing = 0;
		};
		1478E98E220C59B9006AF8B3 /* Sources */ = {
			isa = PBXSourcesBuildPhase;
			buildActionMask = 2147483647;
			files = (
				1478E997220C59B9006AF8B3 /* ExampleVC.swift in Sources */,
				1478E995220C59B9006AF8B3 /* AppDelegate.swift in Sources */,
			);
			runOnlyForDeploymentPostprocessing = 0;
		};
/* End PBXSourcesBuildPhase section */

/* Begin PBXTargetDependency section */
		145AD759220B1EBF004F02C2 /* PBXTargetDependency */ = {
			isa = PBXTargetDependency;
			target = 145AD74C220B1EBE004F02C2 /* FFUFComponents */;
			targetProxy = 145AD758220B1EBF004F02C2 /* PBXContainerItemProxy */;
		};
		1478E9AD220C5B6D006AF8B3 /* PBXTargetDependency */ = {
			isa = PBXTargetDependency;
			target = 145AD74C220B1EBE004F02C2 /* FFUFComponents */;
			targetProxy = 1478E9AC220C5B6D006AF8B3 /* PBXContainerItemProxy */;
		};
/* End PBXTargetDependency section */

/* Begin PBXVariantGroup section */
		1478E998220C59B9006AF8B3 /* Main.storyboard */ = {
			isa = PBXVariantGroup;
			children = (
				1478E999220C59B9006AF8B3 /* Base */,
			);
			name = Main.storyboard;
			sourceTree = "<group>";
		};
		1478E99D220C59BC006AF8B3 /* LaunchScreen.storyboard */ = {
			isa = PBXVariantGroup;
			children = (
				1478E99E220C59BC006AF8B3 /* Base */,
			);
			name = LaunchScreen.storyboard;
			sourceTree = "<group>";
		};
/* End PBXVariantGroup section */

/* Begin XCBuildConfiguration section */
		145AD75F220B1EBF004F02C2 /* Debug */ = {
			isa = XCBuildConfiguration;
			buildSettings = {
				ALWAYS_SEARCH_USER_PATHS = NO;
				CLANG_ANALYZER_NONNULL = YES;
				CLANG_ANALYZER_NUMBER_OBJECT_CONVERSION = YES_AGGRESSIVE;
				CLANG_CXX_LANGUAGE_STANDARD = "gnu++14";
				CLANG_CXX_LIBRARY = "libc++";
				CLANG_ENABLE_MODULES = YES;
				CLANG_ENABLE_OBJC_ARC = YES;
				CLANG_ENABLE_OBJC_WEAK = YES;
				CLANG_WARN_BLOCK_CAPTURE_AUTORELEASING = YES;
				CLANG_WARN_BOOL_CONVERSION = YES;
				CLANG_WARN_COMMA = YES;
				CLANG_WARN_CONSTANT_CONVERSION = YES;
				CLANG_WARN_DEPRECATED_OBJC_IMPLEMENTATIONS = YES;
				CLANG_WARN_DIRECT_OBJC_ISA_USAGE = YES_ERROR;
				CLANG_WARN_DOCUMENTATION_COMMENTS = YES;
				CLANG_WARN_EMPTY_BODY = YES;
				CLANG_WARN_ENUM_CONVERSION = YES;
				CLANG_WARN_INFINITE_RECURSION = YES;
				CLANG_WARN_INT_CONVERSION = YES;
				CLANG_WARN_NON_LITERAL_NULL_CONVERSION = YES;
				CLANG_WARN_OBJC_IMPLICIT_RETAIN_SELF = YES;
				CLANG_WARN_OBJC_LITERAL_CONVERSION = YES;
				CLANG_WARN_OBJC_ROOT_CLASS = YES_ERROR;
				CLANG_WARN_RANGE_LOOP_ANALYSIS = YES;
				CLANG_WARN_STRICT_PROTOTYPES = YES;
				CLANG_WARN_SUSPICIOUS_MOVE = YES;
				CLANG_WARN_UNGUARDED_AVAILABILITY = YES_AGGRESSIVE;
				CLANG_WARN_UNREACHABLE_CODE = YES;
				CLANG_WARN__DUPLICATE_METHOD_MATCH = YES;
				CODE_SIGN_IDENTITY = "iPhone Developer";
				COPY_PHASE_STRIP = NO;
				CURRENT_PROJECT_VERSION = 1;
				DEBUG_INFORMATION_FORMAT = dwarf;
				ENABLE_STRICT_OBJC_MSGSEND = YES;
				ENABLE_TESTABILITY = YES;
				GCC_C_LANGUAGE_STANDARD = gnu11;
				GCC_DYNAMIC_NO_PIC = NO;
				GCC_NO_COMMON_BLOCKS = YES;
				GCC_OPTIMIZATION_LEVEL = 0;
				GCC_PREPROCESSOR_DEFINITIONS = (
					"DEBUG=1",
					"$(inherited)",
				);
				GCC_WARN_64_TO_32_BIT_CONVERSION = YES;
				GCC_WARN_ABOUT_RETURN_TYPE = YES_ERROR;
				GCC_WARN_UNDECLARED_SELECTOR = YES;
				GCC_WARN_UNINITIALIZED_AUTOS = YES_AGGRESSIVE;
				GCC_WARN_UNUSED_FUNCTION = YES;
				GCC_WARN_UNUSED_VARIABLE = YES;
				IPHONEOS_DEPLOYMENT_TARGET = 10.0;
				MTL_ENABLE_DEBUG_INFO = INCLUDE_SOURCE;
				MTL_FAST_MATH = YES;
				ONLY_ACTIVE_ARCH = YES;
				SDKROOT = iphoneos;
				SWIFT_ACTIVE_COMPILATION_CONDITIONS = DEBUG;
				SWIFT_OPTIMIZATION_LEVEL = "-Onone";
				VERSIONING_SYSTEM = "apple-generic";
				VERSION_INFO_PREFIX = "";
			};
			name = Debug;
		};
		145AD760220B1EBF004F02C2 /* Release */ = {
			isa = XCBuildConfiguration;
			buildSettings = {
				ALWAYS_SEARCH_USER_PATHS = NO;
				CLANG_ANALYZER_NONNULL = YES;
				CLANG_ANALYZER_NUMBER_OBJECT_CONVERSION = YES_AGGRESSIVE;
				CLANG_CXX_LANGUAGE_STANDARD = "gnu++14";
				CLANG_CXX_LIBRARY = "libc++";
				CLANG_ENABLE_MODULES = YES;
				CLANG_ENABLE_OBJC_ARC = YES;
				CLANG_ENABLE_OBJC_WEAK = YES;
				CLANG_WARN_BLOCK_CAPTURE_AUTORELEASING = YES;
				CLANG_WARN_BOOL_CONVERSION = YES;
				CLANG_WARN_COMMA = YES;
				CLANG_WARN_CONSTANT_CONVERSION = YES;
				CLANG_WARN_DEPRECATED_OBJC_IMPLEMENTATIONS = YES;
				CLANG_WARN_DIRECT_OBJC_ISA_USAGE = YES_ERROR;
				CLANG_WARN_DOCUMENTATION_COMMENTS = YES;
				CLANG_WARN_EMPTY_BODY = YES;
				CLANG_WARN_ENUM_CONVERSION = YES;
				CLANG_WARN_INFINITE_RECURSION = YES;
				CLANG_WARN_INT_CONVERSION = YES;
				CLANG_WARN_NON_LITERAL_NULL_CONVERSION = YES;
				CLANG_WARN_OBJC_IMPLICIT_RETAIN_SELF = YES;
				CLANG_WARN_OBJC_LITERAL_CONVERSION = YES;
				CLANG_WARN_OBJC_ROOT_CLASS = YES_ERROR;
				CLANG_WARN_RANGE_LOOP_ANALYSIS = YES;
				CLANG_WARN_STRICT_PROTOTYPES = YES;
				CLANG_WARN_SUSPICIOUS_MOVE = YES;
				CLANG_WARN_UNGUARDED_AVAILABILITY = YES_AGGRESSIVE;
				CLANG_WARN_UNREACHABLE_CODE = YES;
				CLANG_WARN__DUPLICATE_METHOD_MATCH = YES;
				CODE_SIGN_IDENTITY = "iPhone Developer";
				COPY_PHASE_STRIP = NO;
				CURRENT_PROJECT_VERSION = 1;
				DEBUG_INFORMATION_FORMAT = "dwarf-with-dsym";
				ENABLE_NS_ASSERTIONS = NO;
				ENABLE_STRICT_OBJC_MSGSEND = YES;
				GCC_C_LANGUAGE_STANDARD = gnu11;
				GCC_NO_COMMON_BLOCKS = YES;
				GCC_WARN_64_TO_32_BIT_CONVERSION = YES;
				GCC_WARN_ABOUT_RETURN_TYPE = YES_ERROR;
				GCC_WARN_UNDECLARED_SELECTOR = YES;
				GCC_WARN_UNINITIALIZED_AUTOS = YES_AGGRESSIVE;
				GCC_WARN_UNUSED_FUNCTION = YES;
				GCC_WARN_UNUSED_VARIABLE = YES;
				IPHONEOS_DEPLOYMENT_TARGET = 10.0;
				MTL_ENABLE_DEBUG_INFO = NO;
				MTL_FAST_MATH = YES;
				SDKROOT = iphoneos;
				SWIFT_COMPILATION_MODE = wholemodule;
				SWIFT_OPTIMIZATION_LEVEL = "-O";
				VALIDATE_PRODUCT = YES;
				VERSIONING_SYSTEM = "apple-generic";
				VERSION_INFO_PREFIX = "";
			};
			name = Release;
		};
		145AD762220B1EBF004F02C2 /* Debug */ = {
			isa = XCBuildConfiguration;
			baseConfigurationReference = A7551C3066C917BE81603EAA /* Pods-FFUFComponents.debug.xcconfig */;
			buildSettings = {
				CLANG_ENABLE_MODULES = YES;
				CODE_SIGN_IDENTITY = "";
				CODE_SIGN_STYLE = Automatic;
				DEFINES_MODULE = YES;
				DEVELOPMENT_TEAM = 938GX6R6ZS;
				DYLIB_COMPATIBILITY_VERSION = 1;
				DYLIB_CURRENT_VERSION = 1;
				DYLIB_INSTALL_NAME_BASE = "@rpath";
				INFOPLIST_FILE = "$(SRCROOT)/Supporting Files/Info.plist";
				INSTALL_PATH = "$(LOCAL_LIBRARY_DIR)/Frameworks";
				LD_RUNPATH_SEARCH_PATHS = (
					"$(inherited)",
					"@executable_path/Frameworks",
					"@loader_path/Frameworks",
				);
				PRODUCT_BUNDLE_IDENTIFIER = de.ffuf.de.FFUFComponents;
				PRODUCT_NAME = "$(TARGET_NAME:c99extidentifier)";
				SKIP_INSTALL = YES;
				SWIFT_OPTIMIZATION_LEVEL = "-Onone";
				SWIFT_VERSION = 4.2;
				TARGETED_DEVICE_FAMILY = "1,2";
			};
			name = Debug;
		};
		145AD763220B1EBF004F02C2 /* Release */ = {
			isa = XCBuildConfiguration;
			baseConfigurationReference = A10C6AD818E24FE18DFA0253 /* Pods-FFUFComponents.release.xcconfig */;
			buildSettings = {
				CLANG_ENABLE_MODULES = YES;
				CODE_SIGN_IDENTITY = "";
				CODE_SIGN_STYLE = Automatic;
				DEFINES_MODULE = YES;
				DEVELOPMENT_TEAM = 938GX6R6ZS;
				DYLIB_COMPATIBILITY_VERSION = 1;
				DYLIB_CURRENT_VERSION = 1;
				DYLIB_INSTALL_NAME_BASE = "@rpath";
				INFOPLIST_FILE = "$(SRCROOT)/Supporting Files/Info.plist";
				INSTALL_PATH = "$(LOCAL_LIBRARY_DIR)/Frameworks";
				LD_RUNPATH_SEARCH_PATHS = (
					"$(inherited)",
					"@executable_path/Frameworks",
					"@loader_path/Frameworks",
				);
				PRODUCT_BUNDLE_IDENTIFIER = de.ffuf.de.FFUFComponents;
				PRODUCT_NAME = "$(TARGET_NAME:c99extidentifier)";
				SKIP_INSTALL = YES;
				SWIFT_VERSION = 4.2;
				TARGETED_DEVICE_FAMILY = "1,2";
			};
			name = Release;
		};
		145AD765220B1EBF004F02C2 /* Debug */ = {
			isa = XCBuildConfiguration;
			buildSettings = {
				ALWAYS_EMBED_SWIFT_STANDARD_LIBRARIES = YES;
				CODE_SIGN_STYLE = Automatic;
				DEVELOPMENT_TEAM = 938GX6R6ZS;
				INFOPLIST_FILE = Tests/Info.plist;
				LD_RUNPATH_SEARCH_PATHS = (
					"$(inherited)",
					"@executable_path/Frameworks",
					"@loader_path/Frameworks",
				);
				PRODUCT_BUNDLE_IDENTIFIER = "de.ffuf.de.MvRx-iOSTests";
				PRODUCT_NAME = "$(TARGET_NAME)";
				SWIFT_VERSION = 4.2;
				TARGETED_DEVICE_FAMILY = "1,2";
			};
			name = Debug;
		};
		145AD766220B1EBF004F02C2 /* Release */ = {
			isa = XCBuildConfiguration;
			buildSettings = {
				ALWAYS_EMBED_SWIFT_STANDARD_LIBRARIES = YES;
				CODE_SIGN_STYLE = Automatic;
				DEVELOPMENT_TEAM = 938GX6R6ZS;
				INFOPLIST_FILE = Tests/Info.plist;
				LD_RUNPATH_SEARCH_PATHS = (
					"$(inherited)",
					"@executable_path/Frameworks",
					"@loader_path/Frameworks",
				);
				PRODUCT_BUNDLE_IDENTIFIER = "de.ffuf.de.MvRx-iOSTests";
				PRODUCT_NAME = "$(TARGET_NAME)";
				SWIFT_VERSION = 4.2;
				TARGETED_DEVICE_FAMILY = "1,2";
			};
			name = Release;
		};
		1478E9A1220C59BC006AF8B3 /* Debug */ = {
			isa = XCBuildConfiguration;
			baseConfigurationReference = 808667D7BA5B88327D23895C /* Pods-Example.debug.xcconfig */;
			buildSettings = {
				ALWAYS_EMBED_SWIFT_STANDARD_LIBRARIES = "$(inherited)";
				ASSETCATALOG_COMPILER_APPICON_NAME = AppIcon;
				CODE_SIGN_STYLE = Automatic;
				DEVELOPMENT_TEAM = 938GX6R6ZS;
				INFOPLIST_FILE = Example/Info.plist;
				LD_RUNPATH_SEARCH_PATHS = (
					"$(inherited)",
					"@executable_path/Frameworks",
				);
				PRODUCT_BUNDLE_IDENTIFIER = de.ffuf.de.Example;
				PRODUCT_NAME = "$(TARGET_NAME)";
				SWIFT_VERSION = 4.2;
				TARGETED_DEVICE_FAMILY = "1,2";
			};
			name = Debug;
		};
		1478E9A2220C59BC006AF8B3 /* Release */ = {
			isa = XCBuildConfiguration;
			baseConfigurationReference = A2E7F690C9C294C299E19B52 /* Pods-Example.release.xcconfig */;
			buildSettings = {
				ALWAYS_EMBED_SWIFT_STANDARD_LIBRARIES = "$(inherited)";
				ASSETCATALOG_COMPILER_APPICON_NAME = AppIcon;
				CODE_SIGN_STYLE = Automatic;
				DEVELOPMENT_TEAM = 938GX6R6ZS;
				INFOPLIST_FILE = Example/Info.plist;
				LD_RUNPATH_SEARCH_PATHS = (
					"$(inherited)",
					"@executable_path/Frameworks",
				);
				PRODUCT_BUNDLE_IDENTIFIER = de.ffuf.de.Example;
				PRODUCT_NAME = "$(TARGET_NAME)";
				SWIFT_VERSION = 4.2;
				TARGETED_DEVICE_FAMILY = "1,2";
			};
			name = Release;
		};
/* End XCBuildConfiguration section */

/* Begin XCConfigurationList section */
		145AD747220B1EBE004F02C2 /* Build configuration list for PBXProject "FFUFComponents" */ = {
			isa = XCConfigurationList;
			buildConfigurations = (
				145AD75F220B1EBF004F02C2 /* Debug */,
				145AD760220B1EBF004F02C2 /* Release */,
			);
			defaultConfigurationIsVisible = 0;
			defaultConfigurationName = Release;
		};
		145AD761220B1EBF004F02C2 /* Build configuration list for PBXNativeTarget "FFUFComponents" */ = {
			isa = XCConfigurationList;
			buildConfigurations = (
				145AD762220B1EBF004F02C2 /* Debug */,
				145AD763220B1EBF004F02C2 /* Release */,
			);
			defaultConfigurationIsVisible = 0;
			defaultConfigurationName = Release;
		};
		145AD764220B1EBF004F02C2 /* Build configuration list for PBXNativeTarget "Tests" */ = {
			isa = XCConfigurationList;
			buildConfigurations = (
				145AD765220B1EBF004F02C2 /* Debug */,
				145AD766220B1EBF004F02C2 /* Release */,
			);
			defaultConfigurationIsVisible = 0;
			defaultConfigurationName = Release;
		};
		1478E9A3220C59BC006AF8B3 /* Build configuration list for PBXNativeTarget "Example" */ = {
			isa = XCConfigurationList;
			buildConfigurations = (
				1478E9A1220C59BC006AF8B3 /* Debug */,
				1478E9A2220C59BC006AF8B3 /* Release */,
			);
			defaultConfigurationIsVisible = 0;
			defaultConfigurationName = Release;
		};
/* End XCConfigurationList section */
	};
	rootObject = 145AD744220B1EBE004F02C2 /* Project object */;
}
