// !$*UTF8*$!
{
	archiveVersion = 1;
	classes = {
	};
	objectVersion = 50;
	objects = {

/* Begin PBXBuildFile section */
		141315B52235924600513FD9 /* CompositeVC.swift in Sources */ = {isa = PBXBuildFile; fileRef = 141315B42235924500513FD9 /* CompositeVC.swift */; };
		142C45002235A105002360F5 /* ThrottleType.swift in Sources */ = {isa = PBXBuildFile; fileRef = 142C44FF2235A105002360F5 /* ThrottleType.swift */; };
		142C450222366E99002360F5 /* CompositeViewModels.swift in Sources */ = {isa = PBXBuildFile; fileRef = 142C450122366E99002360F5 /* CompositeViewModels.swift */; };
		142C450422366F38002360F5 /* CompositeStates.swift in Sources */ = {isa = PBXBuildFile; fileRef = 142C450322366F38002360F5 /* CompositeStates.swift */; };
		142C45082236877F002360F5 /* OneViewModelComponentVC.swift in Sources */ = {isa = PBXBuildFile; fileRef = 142C45072236877F002360F5 /* OneViewModelComponentVC.swift */; };
		142C450A22368CB2002360F5 /* TwoViewModelComponentVC.swift in Sources */ = {isa = PBXBuildFile; fileRef = 142C450922368CB2002360F5 /* TwoViewModelComponentVC.swift */; };
		142C450C2236A224002360F5 /* ThreeViewModelComponentVC.swift in Sources */ = {isa = PBXBuildFile; fileRef = 142C450B2236A224002360F5 /* ThreeViewModelComponentVC.swift */; };
		142C451422390C52002360F5 /* SwiftGenerateComponents.generated.swift in Sources */ = {isa = PBXBuildFile; fileRef = 142C45132238FA27002360F5 /* SwiftGenerateComponents.generated.swift */; };
		142C451922392C09002360F5 /* ComponentStateValidator.swift in Sources */ = {isa = PBXBuildFile; fileRef = 142C451822392C09002360F5 /* ComponentStateValidator.swift */; };
		142C451C223939DB002360F5 /* Async.swift in Sources */ = {isa = PBXBuildFile; fileRef = 142C451B223939DB002360F5 /* Async.swift */; };
		142C451F223B0175002360F5 /* StateStore.swift in Sources */ = {isa = PBXBuildFile; fileRef = 142C451E223B0175002360F5 /* StateStore.swift */; };
		142C4521223BB36D002360F5 /* FFUFComponents.swift in Sources */ = {isa = PBXBuildFile; fileRef = 142C4520223BB36C002360F5 /* FFUFComponents.swift */; };
		1437BDC62215573300A35FFE /* AnyComponent.swift in Sources */ = {isa = PBXBuildFile; fileRef = 1437BDC52215573300A35FFE /* AnyComponent.swift */; };
		1437BDCA22157C4F00A35FFE /* BaseViewModel.swift in Sources */ = {isa = PBXBuildFile; fileRef = 1437BDC922157C4F00A35FFE /* BaseViewModel.swift */; };
		1437BDCC22157FC300A35FFE /* State.swift in Sources */ = {isa = PBXBuildFile; fileRef = 1437BDCB22157FC300A35FFE /* State.swift */; };
		1437BDCE2215AEA400A35FFE /* StaticSpacingComponent.swift in Sources */ = {isa = PBXBuildFile; fileRef = 1437BDCD2215AEA400A35FFE /* StaticSpacingComponent.swift */; };
		1437BDD12215AFF900A35FFE /* StaticSpacingComponentLayout.swift in Sources */ = {isa = PBXBuildFile; fileRef = 1437BDD02215AFF900A35FFE /* StaticSpacingComponentLayout.swift */; };
		1437BDD32215B56F00A35FFE /* StaticTextComponentLayout.swift in Sources */ = {isa = PBXBuildFile; fileRef = 1437BDD22215B56F00A35FFE /* StaticTextComponentLayout.swift */; };
		1437BDD62215B75100A35FFE /* StaticTextComponent.swift in Sources */ = {isa = PBXBuildFile; fileRef = 1437BDD52215B75100A35FFE /* StaticTextComponent.swift */; };
		1437BDD92215BA6000A35FFE /* Text+FFUFComponents.swift in Sources */ = {isa = PBXBuildFile; fileRef = 1437BDD82215BA6000A35FFE /* Text+FFUFComponents.swift */; };
		1437BDDC2216C17200A35FFE /* ExpandableComponent.swift in Sources */ = {isa = PBXBuildFile; fileRef = 1437BDDB2216C17200A35FFE /* ExpandableComponent.swift */; };
		1437BDDE2216C18A00A35FFE /* ExpandableComponentLayout.swift in Sources */ = {isa = PBXBuildFile; fileRef = 1437BDDD2216C18A00A35FFE /* ExpandableComponentLayout.swift */; };
		14496DB622273CE000C5C278 /* ButtonComponent.swift in Sources */ = {isa = PBXBuildFile; fileRef = 14496DB522273CE000C5C278 /* ButtonComponent.swift */; };
		145AD757220B1EBF004F02C2 /* FFUFComponents.framework in Frameworks */ = {isa = PBXBuildFile; fileRef = 145AD74D220B1EBE004F02C2 /* FFUFComponents.framework */; };
		145AD75C220B1EBF004F02C2 /* BaseViewModelTests.swift in Sources */ = {isa = PBXBuildFile; fileRef = 145AD75B220B1EBF004F02C2 /* BaseViewModelTests.swift */; };
		145AD75E220B1EBF004F02C2 /* FFUFComponents.h in Headers */ = {isa = PBXBuildFile; fileRef = 145AD750220B1EBE004F02C2 /* FFUFComponents.h */; settings = {ATTRIBUTES = (Public, ); }; };
		1478E995220C59B9006AF8B3 /* AppDelegate.swift in Sources */ = {isa = PBXBuildFile; fileRef = 1478E994220C59B9006AF8B3 /* AppDelegate.swift */; };
		1478E997220C59B9006AF8B3 /* ExampleVC.swift in Sources */ = {isa = PBXBuildFile; fileRef = 1478E996220C59B9006AF8B3 /* ExampleVC.swift */; };
		1478E99C220C59BC006AF8B3 /* Assets.xcassets in Resources */ = {isa = PBXBuildFile; fileRef = 1478E99B220C59BC006AF8B3 /* Assets.xcassets */; };
		1478E99F220C59BC006AF8B3 /* LaunchScreen.storyboard in Resources */ = {isa = PBXBuildFile; fileRef = 1478E99D220C59BC006AF8B3 /* LaunchScreen.storyboard */; };
		1478E9AA220C5B6D006AF8B3 /* FFUFComponents.framework in Frameworks */ = {isa = PBXBuildFile; fileRef = 145AD74D220B1EBE004F02C2 /* FFUFComponents.framework */; };
		1478E9AB220C5B6D006AF8B3 /* FFUFComponents.framework in Embed Frameworks */ = {isa = PBXBuildFile; fileRef = 145AD74D220B1EBE004F02C2 /* FFUFComponents.framework */; settings = {ATTRIBUTES = (CodeSignOnCopy, RemoveHeadersOnCopy, ); }; };
		1478E9B1220C5D1E006AF8B3 /* BaseComponentVC.swift in Sources */ = {isa = PBXBuildFile; fileRef = 1478E9B0220C5D1E006AF8B3 /* BaseComponentVC.swift */; };
		149D5B8F221B33A100482F28 /* ComponentsArray.swift in Sources */ = {isa = PBXBuildFile; fileRef = 149D5B8E221B33A100482F28 /* ComponentsArray.swift */; };
		14B01E3E22271D5C00EE0A9A /* ButtonComponentType.swift in Sources */ = {isa = PBXBuildFile; fileRef = 14B01E3D22271D5C00EE0A9A /* ButtonComponentType.swift */; };
		14C1E3E022104A330053E318 /* ButtonComponentLayout.swift in Sources */ = {isa = PBXBuildFile; fileRef = 14C1E3DF22104A330053E318 /* ButtonComponentLayout.swift */; };
		14C96F082211C30F00731265 /* Constants.swift in Sources */ = {isa = PBXBuildFile; fileRef = 14C96F072211C30F00731265 /* Constants.swift */; };
		14CBAFEB222D1351002D2768 /* AbstractViewModel.swift in Sources */ = {isa = PBXBuildFile; fileRef = 14CBAFEA222D1351002D2768 /* AbstractViewModel.swift */; };
		14CBB025222D4899002D2768 /* ExpandableContentLayout.swift in Sources */ = {isa = PBXBuildFile; fileRef = 14CBB024222D4899002D2768 /* ExpandableContentLayout.swift */; };
		14CBB027222D71E9002D2768 /* UserInterfaceModel.swift in Sources */ = {isa = PBXBuildFile; fileRef = 14CBB026222D71E9002D2768 /* UserInterfaceModel.swift */; };
		14CBB029222E7287002D2768 /* CGSize+FFUFComponents.swift in Sources */ = {isa = PBXBuildFile; fileRef = 14CBB028222E7287002D2768 /* CGSize+FFUFComponents.swift */; };
		14CBB02B222E7C1C002D2768 /* Selectable.swift in Sources */ = {isa = PBXBuildFile; fileRef = 14CBB02A222E7C1C002D2768 /* Selectable.swift */; };
		14CBC9CD220C57BB00597FAA /* Component.swift in Sources */ = {isa = PBXBuildFile; fileRef = 14CBC9CC220C57BB00597FAA /* Component.swift */; };
		14D5112A22313DBF00EEAC0F /* ChildVCComponentType.swift in Sources */ = {isa = PBXBuildFile; fileRef = 14D5112922313DBF00EEAC0F /* ChildVCComponentType.swift */; };
		14D5112C2231A15200EEAC0F /* ChildVCComponent.swift in Sources */ = {isa = PBXBuildFile; fileRef = 14D5112B2231A15200EEAC0F /* ChildVCComponent.swift */; };
		14D5112E2231A6CA00EEAC0F /* ChildVCComponentLayout.swift in Sources */ = {isa = PBXBuildFile; fileRef = 14D5112D2231A6CA00EEAC0F /* ChildVCComponentLayout.swift */; };
		14D511302231B2E500EEAC0F /* ChildComponentVC.swift in Sources */ = {isa = PBXBuildFile; fileRef = 14D5112F2231B2E500EEAC0F /* ChildComponentVC.swift */; };
		14E424C7220E5B8D006BAA4F /* ComponentCell.swift in Sources */ = {isa = PBXBuildFile; fileRef = 14E424C6220E5B8D006BAA4F /* ComponentCell.swift */; };
		14E424CD220E8CB6006BAA4F /* ComponentLayout.swift in Sources */ = {isa = PBXBuildFile; fileRef = 14E424CC220E8CB6006BAA4F /* ComponentLayout.swift */; };
		14F6BD7A2229461A008B0692 /* StaticSpacingComponentType.swift in Sources */ = {isa = PBXBuildFile; fileRef = 14F6BD792229461A008B0692 /* StaticSpacingComponentType.swift */; };
		14F6BD7C22294CFC008B0692 /* StaticTextComponentType.swift in Sources */ = {isa = PBXBuildFile; fileRef = 14F6BD7B22294CFC008B0692 /* StaticTextComponentType.swift */; };
		14F6BD7E22295A3E008B0692 /* ExpandableComponentType.swift in Sources */ = {isa = PBXBuildFile; fileRef = 14F6BD7D22295A3E008B0692 /* ExpandableComponentType.swift */; };
		14F6BD802229738A008B0692 /* Copyable.swift in Sources */ = {isa = PBXBuildFile; fileRef = 14F6BD7F2229738A008B0692 /* Copyable.swift */; };
		3CBB8E98E4B0FCB3EF6121D8 /* Pods_Tests.framework in Frameworks */ = {isa = PBXBuildFile; fileRef = 730F77D4A7854D2322155566 /* Pods_Tests.framework */; };
		9AD8EB8B6EE26D9F9C8C27ED /* Pods_FFUFComponents.framework in Frameworks */ = {isa = PBXBuildFile; fileRef = D4E552E5727508CE2BBC0F70 /* Pods_FFUFComponents.framework */; };
		D925B76B81288DEF77D9C3D3 /* Pods_Example.framework in Frameworks */ = {isa = PBXBuildFile; fileRef = 862E1FCF7C1377E32F906DC0 /* Pods_Example.framework */; };
		F000D2A9221C1D8100D10D0D /* SourceryProtocols.swift in Sources */ = {isa = PBXBuildFile; fileRef = F000D2A8221C1D8100D10D0D /* SourceryProtocols.swift */; };
		F000D2AC221C26FC00D10D0D /* AutoEquatable.generated.swift in Sources */ = {isa = PBXBuildFile; fileRef = F000D2AA221C26FC00D10D0D /* AutoEquatable.generated.swift */; };
		F000D2AD221C26FC00D10D0D /* AutoHashable.generated.swift in Sources */ = {isa = PBXBuildFile; fileRef = F000D2AB221C26FC00D10D0D /* AutoHashable.generated.swift */; };
/* End PBXBuildFile section */

/* Begin PBXContainerItemProxy section */
		145AD758220B1EBF004F02C2 /* PBXContainerItemProxy */ = {
			isa = PBXContainerItemProxy;
			containerPortal = 145AD744220B1EBE004F02C2 /* Project object */;
			proxyType = 1;
			remoteGlobalIDString = 145AD74C220B1EBE004F02C2;
			remoteInfo = "MvRx-iOS";
		};
		1478E9AC220C5B6D006AF8B3 /* PBXContainerItemProxy */ = {
			isa = PBXContainerItemProxy;
			containerPortal = 145AD744220B1EBE004F02C2 /* Project object */;
			proxyType = 1;
			remoteGlobalIDString = 145AD74C220B1EBE004F02C2;
			remoteInfo = "MvRx-iOS";
		};
/* End PBXContainerItemProxy section */

/* Begin PBXCopyFilesBuildPhase section */
		1478E9AE220C5B6D006AF8B3 /* Embed Frameworks */ = {
			isa = PBXCopyFilesBuildPhase;
			buildActionMask = 2147483647;
			dstPath = "";
			dstSubfolderSpec = 10;
			files = (
				1478E9AB220C5B6D006AF8B3 /* FFUFComponents.framework in Embed Frameworks */,
			);
			name = "Embed Frameworks";
			runOnlyForDeploymentPostprocessing = 0;
		};
/* End PBXCopyFilesBuildPhase section */

/* Begin PBXFileReference section */
		03006A39C0BA1B531F085BEB /* Pods-FFUFComponents.release.xcconfig */ = {isa = PBXFileReference; includeInIndex = 1; lastKnownFileType = text.xcconfig; name = "Pods-FFUFComponents.release.xcconfig"; path = "Target Support Files/Pods-FFUFComponents/Pods-FFUFComponents.release.xcconfig"; sourceTree = "<group>"; };
		141315B42235924500513FD9 /* CompositeVC.swift */ = {isa = PBXFileReference; lastKnownFileType = sourcecode.swift; path = CompositeVC.swift; sourceTree = "<group>"; };
		142C44FF2235A105002360F5 /* ThrottleType.swift */ = {isa = PBXFileReference; lastKnownFileType = sourcecode.swift; path = ThrottleType.swift; sourceTree = "<group>"; };
		142C450122366E99002360F5 /* CompositeViewModels.swift */ = {isa = PBXFileReference; lastKnownFileType = sourcecode.swift; path = CompositeViewModels.swift; sourceTree = "<group>"; };
		142C450322366F38002360F5 /* CompositeStates.swift */ = {isa = PBXFileReference; lastKnownFileType = sourcecode.swift; path = CompositeStates.swift; sourceTree = "<group>"; };
		142C45072236877F002360F5 /* OneViewModelComponentVC.swift */ = {isa = PBXFileReference; lastKnownFileType = sourcecode.swift; path = OneViewModelComponentVC.swift; sourceTree = "<group>"; };
		142C450922368CB2002360F5 /* TwoViewModelComponentVC.swift */ = {isa = PBXFileReference; lastKnownFileType = sourcecode.swift; path = TwoViewModelComponentVC.swift; sourceTree = "<group>"; };
		142C450B2236A224002360F5 /* ThreeViewModelComponentVC.swift */ = {isa = PBXFileReference; lastKnownFileType = sourcecode.swift; path = ThreeViewModelComponentVC.swift; sourceTree = "<group>"; };
		142C45122238F7AB002360F5 /* SwiftGenerateComponents.swifttemplate */ = {isa = PBXFileReference; lastKnownFileType = text; path = SwiftGenerateComponents.swifttemplate; sourceTree = "<group>"; };
		142C45132238FA27002360F5 /* SwiftGenerateComponents.generated.swift */ = {isa = PBXFileReference; lastKnownFileType = sourcecode.swift; path = SwiftGenerateComponents.generated.swift; sourceTree = "<group>"; };
		142C451722392A95002360F5 /* DeprecatedSwiftGenerateComponents.oldswifttemplate */ = {isa = PBXFileReference; lastKnownFileType = text; path = DeprecatedSwiftGenerateComponents.oldswifttemplate; sourceTree = "<group>"; };
		142C451822392C09002360F5 /* ComponentStateValidator.swift */ = {isa = PBXFileReference; lastKnownFileType = sourcecode.swift; path = ComponentStateValidator.swift; sourceTree = "<group>"; };
		142C451B223939DB002360F5 /* Async.swift */ = {isa = PBXFileReference; lastKnownFileType = sourcecode.swift; path = Async.swift; sourceTree = "<group>"; };
		142C451E223B0175002360F5 /* StateStore.swift */ = {isa = PBXFileReference; lastKnownFileType = sourcecode.swift; path = StateStore.swift; sourceTree = "<group>"; };
		142C4520223BB36C002360F5 /* FFUFComponents.swift */ = {isa = PBXFileReference; lastKnownFileType = sourcecode.swift; path = FFUFComponents.swift; sourceTree = "<group>"; };
		1437BDC52215573300A35FFE /* AnyComponent.swift */ = {isa = PBXFileReference; lastKnownFileType = sourcecode.swift; path = AnyComponent.swift; sourceTree = "<group>"; };
		1437BDC922157C4F00A35FFE /* BaseViewModel.swift */ = {isa = PBXFileReference; lastKnownFileType = sourcecode.swift; path = BaseViewModel.swift; sourceTree = "<group>"; };
		1437BDCB22157FC300A35FFE /* State.swift */ = {isa = PBXFileReference; lastKnownFileType = sourcecode.swift; path = State.swift; sourceTree = "<group>"; };
		1437BDCD2215AEA400A35FFE /* StaticSpacingComponent.swift */ = {isa = PBXFileReference; lastKnownFileType = sourcecode.swift; path = StaticSpacingComponent.swift; sourceTree = "<group>"; };
		1437BDD02215AFF900A35FFE /* StaticSpacingComponentLayout.swift */ = {isa = PBXFileReference; lastKnownFileType = sourcecode.swift; path = StaticSpacingComponentLayout.swift; sourceTree = "<group>"; };
		1437BDD22215B56F00A35FFE /* StaticTextComponentLayout.swift */ = {isa = PBXFileReference; lastKnownFileType = sourcecode.swift; path = StaticTextComponentLayout.swift; sourceTree = "<group>"; };
		1437BDD52215B75100A35FFE /* StaticTextComponent.swift */ = {isa = PBXFileReference; lastKnownFileType = sourcecode.swift; path = StaticTextComponent.swift; sourceTree = "<group>"; };
		1437BDD82215BA6000A35FFE /* Text+FFUFComponents.swift */ = {isa = PBXFileReference; lastKnownFileType = sourcecode.swift; path = "Text+FFUFComponents.swift"; sourceTree = "<group>"; };
		1437BDDB2216C17200A35FFE /* ExpandableComponent.swift */ = {isa = PBXFileReference; lastKnownFileType = sourcecode.swift; path = ExpandableComponent.swift; sourceTree = "<group>"; };
		1437BDDD2216C18A00A35FFE /* ExpandableComponentLayout.swift */ = {isa = PBXFileReference; lastKnownFileType = sourcecode.swift; path = ExpandableComponentLayout.swift; sourceTree = "<group>"; };
		14496DB522273CE000C5C278 /* ButtonComponent.swift */ = {isa = PBXFileReference; lastKnownFileType = sourcecode.swift; path = ButtonComponent.swift; sourceTree = "<group>"; };
		14496DB92228714200C5C278 /* AutoComponentType.stencil */ = {isa = PBXFileReference; lastKnownFileType = text; path = AutoComponentType.stencil; sourceTree = "<group>"; };
		145AD74D220B1EBE004F02C2 /* FFUFComponents.framework */ = {isa = PBXFileReference; explicitFileType = wrapper.framework; includeInIndex = 0; path = FFUFComponents.framework; sourceTree = BUILT_PRODUCTS_DIR; };
		145AD750220B1EBE004F02C2 /* FFUFComponents.h */ = {isa = PBXFileReference; lastKnownFileType = sourcecode.c.h; path = FFUFComponents.h; sourceTree = "<group>"; };
		145AD751220B1EBE004F02C2 /* Info.plist */ = {isa = PBXFileReference; lastKnownFileType = text.plist.xml; path = Info.plist; sourceTree = "<group>"; };
		145AD756220B1EBF004F02C2 /* Tests.xctest */ = {isa = PBXFileReference; explicitFileType = wrapper.cfbundle; includeInIndex = 0; path = Tests.xctest; sourceTree = BUILT_PRODUCTS_DIR; };
		145AD75B220B1EBF004F02C2 /* BaseViewModelTests.swift */ = {isa = PBXFileReference; lastKnownFileType = sourcecode.swift; path = BaseViewModelTests.swift; sourceTree = "<group>"; };
		145AD75D220B1EBF004F02C2 /* Info.plist */ = {isa = PBXFileReference; lastKnownFileType = text.plist.xml; path = Info.plist; sourceTree = "<group>"; };
		1470FDD5223BCE0C008CDD25 /* Alacrity.framework */ = {isa = PBXFileReference; explicitFileType = wrapper.framework; path = Alacrity.framework; sourceTree = BUILT_PRODUCTS_DIR; };
		1470FDD7223BCE0C008CDD25 /* Differentiator.framework */ = {isa = PBXFileReference; explicitFileType = wrapper.framework; path = Differentiator.framework; sourceTree = BUILT_PRODUCTS_DIR; };
		1470FDD9223BCE0C008CDD25 /* FFUFWidgets.framework */ = {isa = PBXFileReference; explicitFileType = wrapper.framework; path = FFUFWidgets.framework; sourceTree = BUILT_PRODUCTS_DIR; };
		1470FDDB223BCE0C008CDD25 /* Kio.framework */ = {isa = PBXFileReference; explicitFileType = wrapper.framework; path = Kio.framework; sourceTree = BUILT_PRODUCTS_DIR; };
		1470FDDD223BCE0C008CDD25 /* LayoutKit.framework */ = {isa = PBXFileReference; explicitFileType = wrapper.framework; path = LayoutKit.framework; sourceTree = BUILT_PRODUCTS_DIR; };
		1470FDDF223BCE0C008CDD25 /* Nimble.framework */ = {isa = PBXFileReference; explicitFileType = wrapper.framework; path = Nimble.framework; sourceTree = BUILT_PRODUCTS_DIR; };
		1470FDE5223BCE0C008CDD25 /* Quick.framework */ = {isa = PBXFileReference; explicitFileType = wrapper.framework; path = Quick.framework; sourceTree = BUILT_PRODUCTS_DIR; };
		1470FDE7223BCE0C008CDD25 /* RxAtomic.framework */ = {isa = PBXFileReference; explicitFileType = wrapper.framework; path = RxAtomic.framework; sourceTree = BUILT_PRODUCTS_DIR; };
		1470FDE9223BCE0C008CDD25 /* RxCocoa.framework */ = {isa = PBXFileReference; explicitFileType = wrapper.framework; path = RxCocoa.framework; sourceTree = BUILT_PRODUCTS_DIR; };
		1470FDEB223BCE0C008CDD25 /* RxDataSources.framework */ = {isa = PBXFileReference; explicitFileType = wrapper.framework; path = RxDataSources.framework; sourceTree = BUILT_PRODUCTS_DIR; };
		1470FDED223BCE0C008CDD25 /* RxSwift.framework */ = {isa = PBXFileReference; explicitFileType = wrapper.framework; path = RxSwift.framework; sourceTree = BUILT_PRODUCTS_DIR; };
		1478E992220C59B9006AF8B3 /* Example.app */ = {isa = PBXFileReference; explicitFileType = wrapper.application; includeInIndex = 0; path = Example.app; sourceTree = BUILT_PRODUCTS_DIR; };
		1478E994220C59B9006AF8B3 /* AppDelegate.swift */ = {isa = PBXFileReference; lastKnownFileType = sourcecode.swift; path = AppDelegate.swift; sourceTree = "<group>"; };
		1478E996220C59B9006AF8B3 /* ExampleVC.swift */ = {isa = PBXFileReference; lastKnownFileType = sourcecode.swift; path = ExampleVC.swift; sourceTree = "<group>"; };
		1478E99B220C59BC006AF8B3 /* Assets.xcassets */ = {isa = PBXFileReference; lastKnownFileType = folder.assetcatalog; path = Assets.xcassets; sourceTree = "<group>"; };
		1478E99E220C59BC006AF8B3 /* Base */ = {isa = PBXFileReference; lastKnownFileType = file.storyboard; name = Base; path = Base.lproj/LaunchScreen.storyboard; sourceTree = "<group>"; };
		1478E9A0220C59BC006AF8B3 /* Info.plist */ = {isa = PBXFileReference; lastKnownFileType = text.plist.xml; path = Info.plist; sourceTree = "<group>"; };
		1478E9B0220C5D1E006AF8B3 /* BaseComponentVC.swift */ = {isa = PBXFileReference; lastKnownFileType = sourcecode.swift; path = BaseComponentVC.swift; sourceTree = "<group>"; };
		149D5B8E221B33A100482F28 /* ComponentsArray.swift */ = {isa = PBXFileReference; fileEncoding = 4; lastKnownFileType = sourcecode.swift; path = ComponentsArray.swift; sourceTree = "<group>"; };
		14B01E3D22271D5C00EE0A9A /* ButtonComponentType.swift */ = {isa = PBXFileReference; lastKnownFileType = sourcecode.swift; path = ButtonComponentType.swift; sourceTree = "<group>"; };
		14B01E40222723E200EE0A9A /* AutoHashable.stencil */ = {isa = PBXFileReference; lastKnownFileType = text; path = AutoHashable.stencil; sourceTree = "<group>"; };
		14B01E41222723E200EE0A9A /* AutoEquatable.stencil */ = {isa = PBXFileReference; lastKnownFileType = text; path = AutoEquatable.stencil; sourceTree = "<group>"; };
		14C1E3DF22104A330053E318 /* ButtonComponentLayout.swift */ = {isa = PBXFileReference; lastKnownFileType = sourcecode.swift; path = ButtonComponentLayout.swift; sourceTree = "<group>"; };
		14C96F072211C30F00731265 /* Constants.swift */ = {isa = PBXFileReference; lastKnownFileType = sourcecode.swift; path = Constants.swift; sourceTree = "<group>"; };
		14CBAFEA222D1351002D2768 /* AbstractViewModel.swift */ = {isa = PBXFileReference; lastKnownFileType = sourcecode.swift; path = AbstractViewModel.swift; sourceTree = "<group>"; };
		14CBB024222D4899002D2768 /* ExpandableContentLayout.swift */ = {isa = PBXFileReference; lastKnownFileType = sourcecode.swift; path = ExpandableContentLayout.swift; sourceTree = "<group>"; };
		14CBB026222D71E9002D2768 /* UserInterfaceModel.swift */ = {isa = PBXFileReference; lastKnownFileType = sourcecode.swift; path = UserInterfaceModel.swift; sourceTree = "<group>"; };
		14CBB028222E7287002D2768 /* CGSize+FFUFComponents.swift */ = {isa = PBXFileReference; lastKnownFileType = sourcecode.swift; path = "CGSize+FFUFComponents.swift"; sourceTree = "<group>"; };
		14CBB02A222E7C1C002D2768 /* Selectable.swift */ = {isa = PBXFileReference; lastKnownFileType = sourcecode.swift; path = Selectable.swift; sourceTree = "<group>"; };
		14CBB02C222E8CF3002D2768 /* FFUFComponents.podspec */ = {isa = PBXFileReference; lastKnownFileType = text; path = FFUFComponents.podspec; sourceTree = "<group>"; };
		14CBB02D222E8E26002D2768 /* LICENSE */ = {isa = PBXFileReference; lastKnownFileType = text; path = LICENSE; sourceTree = "<group>"; };
		14CBB02F222EA929002D2768 /* .swiftlint.yml */ = {isa = PBXFileReference; lastKnownFileType = text; path = .swiftlint.yml; sourceTree = "<group>"; };
		14CBC9CC220C57BB00597FAA /* Component.swift */ = {isa = PBXFileReference; lastKnownFileType = sourcecode.swift; path = Component.swift; sourceTree = "<group>"; };
		14D5112922313DBF00EEAC0F /* ChildVCComponentType.swift */ = {isa = PBXFileReference; lastKnownFileType = sourcecode.swift; path = ChildVCComponentType.swift; sourceTree = "<group>"; };
		14D5112B2231A15200EEAC0F /* ChildVCComponent.swift */ = {isa = PBXFileReference; lastKnownFileType = sourcecode.swift; path = ChildVCComponent.swift; sourceTree = "<group>"; };
		14D5112D2231A6CA00EEAC0F /* ChildVCComponentLayout.swift */ = {isa = PBXFileReference; lastKnownFileType = sourcecode.swift; path = ChildVCComponentLayout.swift; sourceTree = "<group>"; };
		14D5112F2231B2E500EEAC0F /* ChildComponentVC.swift */ = {isa = PBXFileReference; lastKnownFileType = sourcecode.swift; path = ChildComponentVC.swift; sourceTree = "<group>"; };
		14E424C6220E5B8D006BAA4F /* ComponentCell.swift */ = {isa = PBXFileReference; lastKnownFileType = sourcecode.swift; path = ComponentCell.swift; sourceTree = "<group>"; };
		14E424CC220E8CB6006BAA4F /* ComponentLayout.swift */ = {isa = PBXFileReference; lastKnownFileType = sourcecode.swift; path = ComponentLayout.swift; sourceTree = "<group>"; };
		14E424CF220EE51C006BAA4F /* README.md */ = {isa = PBXFileReference; lastKnownFileType = net.daringfireball.markdown; path = README.md; sourceTree = SOURCE_ROOT; };
		14F6BD792229461A008B0692 /* StaticSpacingComponentType.swift */ = {isa = PBXFileReference; lastKnownFileType = sourcecode.swift; path = StaticSpacingComponentType.swift; sourceTree = "<group>"; };
		14F6BD7B22294CFC008B0692 /* StaticTextComponentType.swift */ = {isa = PBXFileReference; lastKnownFileType = sourcecode.swift; path = StaticTextComponentType.swift; sourceTree = "<group>"; };
		14F6BD7D22295A3E008B0692 /* ExpandableComponentType.swift */ = {isa = PBXFileReference; lastKnownFileType = sourcecode.swift; path = ExpandableComponentType.swift; sourceTree = "<group>"; };
		14F6BD7F2229738A008B0692 /* Copyable.swift */ = {isa = PBXFileReference; lastKnownFileType = sourcecode.swift; path = Copyable.swift; sourceTree = "<group>"; };
		1BF31DBC741F7929C83DE40F /* Pods-Tests.debug.xcconfig */ = {isa = PBXFileReference; includeInIndex = 1; lastKnownFileType = text.xcconfig; name = "Pods-Tests.debug.xcconfig"; path = "Target Support Files/Pods-Tests/Pods-Tests.debug.xcconfig"; sourceTree = "<group>"; };
		479EBB0F43D74C3AD9AFAEF1 /* Pods-Tests.release.xcconfig */ = {isa = PBXFileReference; includeInIndex = 1; lastKnownFileType = text.xcconfig; name = "Pods-Tests.release.xcconfig"; path = "Target Support Files/Pods-Tests/Pods-Tests.release.xcconfig"; sourceTree = "<group>"; };
		730F77D4A7854D2322155566 /* Pods_Tests.framework */ = {isa = PBXFileReference; explicitFileType = wrapper.framework; includeInIndex = 0; path = Pods_Tests.framework; sourceTree = BUILT_PRODUCTS_DIR; };
		751299F31D4B84C4DC5C0246 /* Pods-FFUFComponents.debug.xcconfig */ = {isa = PBXFileReference; includeInIndex = 1; lastKnownFileType = text.xcconfig; name = "Pods-FFUFComponents.debug.xcconfig"; path = "Target Support Files/Pods-FFUFComponents/Pods-FFUFComponents.debug.xcconfig"; sourceTree = "<group>"; };
		862E1FCF7C1377E32F906DC0 /* Pods_Example.framework */ = {isa = PBXFileReference; explicitFileType = wrapper.framework; includeInIndex = 0; path = Pods_Example.framework; sourceTree = BUILT_PRODUCTS_DIR; };
		9AAD379A2F04502A88BC9632 /* Pods-Example.debug.xcconfig */ = {isa = PBXFileReference; includeInIndex = 1; lastKnownFileType = text.xcconfig; name = "Pods-Example.debug.xcconfig"; path = "Target Support Files/Pods-Example/Pods-Example.debug.xcconfig"; sourceTree = "<group>"; };
		AAE01790233F583D5FA3BB4C /* Pods-Example.release.xcconfig */ = {isa = PBXFileReference; includeInIndex = 1; lastKnownFileType = text.xcconfig; name = "Pods-Example.release.xcconfig"; path = "Target Support Files/Pods-Example/Pods-Example.release.xcconfig"; sourceTree = "<group>"; };
		D4E552E5727508CE2BBC0F70 /* Pods_FFUFComponents.framework */ = {isa = PBXFileReference; explicitFileType = wrapper.framework; includeInIndex = 0; path = Pods_FFUFComponents.framework; sourceTree = BUILT_PRODUCTS_DIR; };
		F000D2A6221C1B6800D10D0D /* .sourcery.yml */ = {isa = PBXFileReference; lastKnownFileType = text; path = .sourcery.yml; sourceTree = "<group>"; };
		F000D2A8221C1D8100D10D0D /* SourceryProtocols.swift */ = {isa = PBXFileReference; lastKnownFileType = sourcecode.swift; path = SourceryProtocols.swift; sourceTree = "<group>"; };
		F000D2AA221C26FC00D10D0D /* AutoEquatable.generated.swift */ = {isa = PBXFileReference; fileEncoding = 4; lastKnownFileType = sourcecode.swift; path = AutoEquatable.generated.swift; sourceTree = "<group>"; };
		F000D2AB221C26FC00D10D0D /* AutoHashable.generated.swift */ = {isa = PBXFileReference; fileEncoding = 4; lastKnownFileType = sourcecode.swift; path = AutoHashable.generated.swift; sourceTree = "<group>"; };
/* End PBXFileReference section */

/* Begin PBXFrameworksBuildPhase section */
		145AD74A220B1EBE004F02C2 /* Frameworks */ = {
			isa = PBXFrameworksBuildPhase;
			buildActionMask = 2147483647;
			files = (
				9AD8EB8B6EE26D9F9C8C27ED /* Pods_FFUFComponents.framework in Frameworks */,
			);
			runOnlyForDeploymentPostprocessing = 0;
		};
		145AD753220B1EBF004F02C2 /* Frameworks */ = {
			isa = PBXFrameworksBuildPhase;
			buildActionMask = 2147483647;
			files = (
				145AD757220B1EBF004F02C2 /* FFUFComponents.framework in Frameworks */,
				3CBB8E98E4B0FCB3EF6121D8 /* Pods_Tests.framework in Frameworks */,
			);
			runOnlyForDeploymentPostprocessing = 0;
		};
		1478E98F220C59B9006AF8B3 /* Frameworks */ = {
			isa = PBXFrameworksBuildPhase;
			buildActionMask = 2147483647;
			files = (
				1478E9AA220C5B6D006AF8B3 /* FFUFComponents.framework in Frameworks */,
				D925B76B81288DEF77D9C3D3 /* Pods_Example.framework in Frameworks */,
			);
			runOnlyForDeploymentPostprocessing = 0;
		};
/* End PBXFrameworksBuildPhase section */

/* Begin PBXGroup section */
		142C44FE2235A0EA002360F5 /* Enums */ = {
			isa = PBXGroup;
			children = (
				142C451B223939DB002360F5 /* Async.swift */,
				142C451822392C09002360F5 /* ComponentStateValidator.swift */,
				142C4520223BB36C002360F5 /* FFUFComponents.swift */,
				142C44FF2235A105002360F5 /* ThrottleType.swift */,
			);
			path = Enums;
			sourceTree = "<group>";
		};
		1437BDCF2215AEB200A35FFE /* StaticSpacingComponent */ = {
			isa = PBXGroup;
			children = (
				14F6BD792229461A008B0692 /* StaticSpacingComponentType.swift */,
				1437BDCD2215AEA400A35FFE /* StaticSpacingComponent.swift */,
				1437BDD02215AFF900A35FFE /* StaticSpacingComponentLayout.swift */,
			);
			path = StaticSpacingComponent;
			sourceTree = "<group>";
		};
		1437BDD42215B57800A35FFE /* StaticTextComponent */ = {
			isa = PBXGroup;
			children = (
				14F6BD7B22294CFC008B0692 /* StaticTextComponentType.swift */,
				1437BDD52215B75100A35FFE /* StaticTextComponent.swift */,
				1437BDD22215B56F00A35FFE /* StaticTextComponentLayout.swift */,
			);
			path = StaticTextComponent;
			sourceTree = "<group>";
		};
		1437BDD72215BA4400A35FFE /* Extensions */ = {
			isa = PBXGroup;
			children = (
				14CBB028222E7287002D2768 /* CGSize+FFUFComponents.swift */,
				1437BDD82215BA6000A35FFE /* Text+FFUFComponents.swift */,
			);
			path = Extensions;
			sourceTree = "<group>";
		};
		1437BDDA2216C14100A35FFE /* ExpandableComponent */ = {
			isa = PBXGroup;
			children = (
				14F6BD7D22295A3E008B0692 /* ExpandableComponentType.swift */,
				1437BDDB2216C17200A35FFE /* ExpandableComponent.swift */,
				1437BDDD2216C18A00A35FFE /* ExpandableComponentLayout.swift */,
				14CBB024222D4899002D2768 /* ExpandableContentLayout.swift */,
			);
			path = ExpandableComponent;
			sourceTree = "<group>";
		};
		14496DB822286A0A00C5C278 /* Metadata */ = {
			isa = PBXGroup;
			children = (
				14CBB02C222E8CF3002D2768 /* FFUFComponents.podspec */,
				F000D2A6221C1B6800D10D0D /* .sourcery.yml */,
				14CBB02F222EA929002D2768 /* .swiftlint.yml */,
				14E424CF220EE51C006BAA4F /* README.md */,
				14CBB02D222E8E26002D2768 /* LICENSE */,
			);
			name = Metadata;
			sourceTree = "<group>";
		};
		145AD743220B1EBE004F02C2 = {
			isa = PBXGroup;
			children = (
				1478E993220C59B9006AF8B3 /* Example */,
				14496DB822286A0A00C5C278 /* Metadata */,
				14B01E3F222723E200EE0A9A /* Templates */,
				145AD767220B1ED6004F02C2 /* Sources */,
				145AD74F220B1EBE004F02C2 /* Supporting Files */,
				145AD75A220B1EBF004F02C2 /* Tests */,
				145AD74E220B1EBE004F02C2 /* Products */,
				DAB88E9155E075588B4174EF /* Pods */,
				98F8D2D4C2A9710903B34A80 /* Frameworks */,
			);
			sourceTree = "<group>";
		};
		145AD74E220B1EBE004F02C2 /* Products */ = {
			isa = PBXGroup;
			children = (
				145AD74D220B1EBE004F02C2 /* FFUFComponents.framework */,
				145AD756220B1EBF004F02C2 /* Tests.xctest */,
				1478E992220C59B9006AF8B3 /* Example.app */,
			);
			name = Products;
			sourceTree = "<group>";
		};
		145AD74F220B1EBE004F02C2 /* Supporting Files */ = {
			isa = PBXGroup;
			children = (
				145AD750220B1EBE004F02C2 /* FFUFComponents.h */,
				145AD751220B1EBE004F02C2 /* Info.plist */,
			);
			path = "Supporting Files";
			sourceTree = "<group>";
		};
		145AD75A220B1EBF004F02C2 /* Tests */ = {
			isa = PBXGroup;
			children = (
				145AD75B220B1EBF004F02C2 /* BaseViewModelTests.swift */,
				145AD75D220B1EBF004F02C2 /* Info.plist */,
			);
			path = Tests;
			sourceTree = "<group>";
		};
		145AD767220B1ED6004F02C2 /* Sources */ = {
			isa = PBXGroup;
			children = (
				F000D2A7221C1D6F00D10D0D /* Sourcery */,
				142C44FE2235A0EA002360F5 /* Enums */,
				1437BDD72215BA4400A35FFE /* Extensions */,
				14C96F062211C2EF00731265 /* Utilities */,
				14C1E3DC2210491E0053E318 /* Components */,
				1478E9AF220C5CDA006AF8B3 /* Classes */,
				14CBC9C9220C415200597FAA /* Protocols */,
			);
			path = Sources;
			sourceTree = "<group>";
		};
		1478E993220C59B9006AF8B3 /* Example */ = {
			isa = PBXGroup;
			children = (
				1478E994220C59B9006AF8B3 /* AppDelegate.swift */,
				1478E996220C59B9006AF8B3 /* ExampleVC.swift */,
				141315B42235924500513FD9 /* CompositeVC.swift */,
				1478E99B220C59BC006AF8B3 /* Assets.xcassets */,
				1478E99D220C59BC006AF8B3 /* LaunchScreen.storyboard */,
				1478E9A0220C59BC006AF8B3 /* Info.plist */,
			);
			path = Example;
			sourceTree = "<group>";
		};
		1478E9AF220C5CDA006AF8B3 /* Classes */ = {
			isa = PBXGroup;
			children = (
				14CBAFEA222D1351002D2768 /* AbstractViewModel.swift */,
				1437BDC52215573300A35FFE /* AnyComponent.swift */,
				1437BDC922157C4F00A35FFE /* BaseViewModel.swift */,
				14D5112F2231B2E500EEAC0F /* ChildComponentVC.swift */,
				14E424C6220E5B8D006BAA4F /* ComponentCell.swift */,
				1478E9B0220C5D1E006AF8B3 /* BaseComponentVC.swift */,
				142C45072236877F002360F5 /* OneViewModelComponentVC.swift */,
				142C450922368CB2002360F5 /* TwoViewModelComponentVC.swift */,
				142C450B2236A224002360F5 /* ThreeViewModelComponentVC.swift */,
				142C451E223B0175002360F5 /* StateStore.swift */,
				142C450322366F38002360F5 /* CompositeStates.swift */,
				142C450122366E99002360F5 /* CompositeViewModels.swift */,
			);
			path = Classes;
			sourceTree = "<group>";
		};
		14B01E3F222723E200EE0A9A /* Templates */ = {
			isa = PBXGroup;
			children = (
				14496DB92228714200C5C278 /* AutoComponentType.stencil */,
				14B01E41222723E200EE0A9A /* AutoEquatable.stencil */,
				14B01E40222723E200EE0A9A /* AutoHashable.stencil */,
				142C45122238F7AB002360F5 /* SwiftGenerateComponents.swifttemplate */,
				142C451722392A95002360F5 /* DeprecatedSwiftGenerateComponents.oldswifttemplate */,
			);
			path = Templates;
			sourceTree = "<group>";
		};
		14C1E3DC2210491E0053E318 /* Components */ = {
			isa = PBXGroup;
			children = (
				14C96F092211EE9600731265 /* ButtonComponent */,
				14D5112822313D8400EEAC0F /* ChildVCComponent */,
				1437BDDA2216C14100A35FFE /* ExpandableComponent */,
				1437BDCF2215AEB200A35FFE /* StaticSpacingComponent */,
				1437BDD42215B57800A35FFE /* StaticTextComponent */,
			);
			path = Components;
			sourceTree = "<group>";
		};
		14C96F062211C2EF00731265 /* Utilities */ = {
			isa = PBXGroup;
			children = (
				149D5B8E221B33A100482F28 /* ComponentsArray.swift */,
				14C96F072211C30F00731265 /* Constants.swift */,
			);
			path = Utilities;
			sourceTree = "<group>";
		};
		14C96F092211EE9600731265 /* ButtonComponent */ = {
			isa = PBXGroup;
			children = (
				14B01E3D22271D5C00EE0A9A /* ButtonComponentType.swift */,
				14496DB522273CE000C5C278 /* ButtonComponent.swift */,
				14C1E3DF22104A330053E318 /* ButtonComponentLayout.swift */,
			);
			path = ButtonComponent;
			sourceTree = "<group>";
		};
		14CBC9C9220C415200597FAA /* Protocols */ = {
			isa = PBXGroup;
			children = (
				14CBC9CC220C57BB00597FAA /* Component.swift */,
				14E424CC220E8CB6006BAA4F /* ComponentLayout.swift */,
				14F6BD7F2229738A008B0692 /* Copyable.swift */,
				14CBB02A222E7C1C002D2768 /* Selectable.swift */,
				F000D2A8221C1D8100D10D0D /* SourceryProtocols.swift */,
				1437BDCB22157FC300A35FFE /* State.swift */,
				14CBB026222D71E9002D2768 /* UserInterfaceModel.swift */,
			);
			path = Protocols;
			sourceTree = "<group>";
		};
		14D5112822313D8400EEAC0F /* ChildVCComponent */ = {
			isa = PBXGroup;
			children = (
				14D5112922313DBF00EEAC0F /* ChildVCComponentType.swift */,
				14D5112B2231A15200EEAC0F /* ChildVCComponent.swift */,
				14D5112D2231A6CA00EEAC0F /* ChildVCComponentLayout.swift */,
			);
			path = ChildVCComponent;
			sourceTree = "<group>";
		};
		98F8D2D4C2A9710903B34A80 /* Frameworks */ = {
			isa = PBXGroup;
			children = (
				1470FDD5223BCE0C008CDD25 /* Alacrity.framework */,
				1470FDD7223BCE0C008CDD25 /* Differentiator.framework */,
				1470FDD9223BCE0C008CDD25 /* FFUFWidgets.framework */,
				1470FDDB223BCE0C008CDD25 /* Kio.framework */,
				1470FDDD223BCE0C008CDD25 /* LayoutKit.framework */,
				1470FDDF223BCE0C008CDD25 /* Nimble.framework */,
				1470FDE5223BCE0C008CDD25 /* Quick.framework */,
				1470FDE7223BCE0C008CDD25 /* RxAtomic.framework */,
				1470FDE9223BCE0C008CDD25 /* RxCocoa.framework */,
				1470FDEB223BCE0C008CDD25 /* RxDataSources.framework */,
				1470FDED223BCE0C008CDD25 /* RxSwift.framework */,
				862E1FCF7C1377E32F906DC0 /* Pods_Example.framework */,
				D4E552E5727508CE2BBC0F70 /* Pods_FFUFComponents.framework */,
				730F77D4A7854D2322155566 /* Pods_Tests.framework */,
			);
			name = Frameworks;
			sourceTree = "<group>";
		};
		DAB88E9155E075588B4174EF /* Pods */ = {
			isa = PBXGroup;
			children = (
				9AAD379A2F04502A88BC9632 /* Pods-Example.debug.xcconfig */,
				AAE01790233F583D5FA3BB4C /* Pods-Example.release.xcconfig */,
				751299F31D4B84C4DC5C0246 /* Pods-FFUFComponents.debug.xcconfig */,
				03006A39C0BA1B531F085BEB /* Pods-FFUFComponents.release.xcconfig */,
				1BF31DBC741F7929C83DE40F /* Pods-Tests.debug.xcconfig */,
				479EBB0F43D74C3AD9AFAEF1 /* Pods-Tests.release.xcconfig */,
			);
			path = Pods;
			sourceTree = "<group>";
		};
		F000D2A7221C1D6F00D10D0D /* Sourcery */ = {
			isa = PBXGroup;
			children = (
				F000D2AA221C26FC00D10D0D /* AutoEquatable.generated.swift */,
				F000D2AB221C26FC00D10D0D /* AutoHashable.generated.swift */,
				142C45132238FA27002360F5 /* SwiftGenerateComponents.generated.swift */,
			);
			path = Sourcery;
			sourceTree = "<group>";
		};
/* End PBXGroup section */

/* Begin PBXHeadersBuildPhase section */
		145AD748220B1EBE004F02C2 /* Headers */ = {
			isa = PBXHeadersBuildPhase;
			buildActionMask = 2147483647;
			files = (
				145AD75E220B1EBF004F02C2 /* FFUFComponents.h in Headers */,
			);
			runOnlyForDeploymentPostprocessing = 0;
		};
/* End PBXHeadersBuildPhase section */

/* Begin PBXNativeTarget section */
		145AD74C220B1EBE004F02C2 /* FFUFComponents */ = {
			isa = PBXNativeTarget;
			buildConfigurationList = 145AD761220B1EBF004F02C2 /* Build configuration list for PBXNativeTarget "FFUFComponents" */;
			buildPhases = (
				296F66475D7218E30389EE3C /* [CP] Check Pods Manifest.lock */,
				145AD748220B1EBE004F02C2 /* Headers */,
				145AD749220B1EBE004F02C2 /* Sources */,
				145AD74A220B1EBE004F02C2 /* Frameworks */,
				145AD74B220B1EBE004F02C2 /* Resources */,
				14CBB02E222EA85B002D2768 /* Swiftlint */,
			);
			buildRules = (
			);
			dependencies = (
			);
			name = FFUFComponents;
			productName = "MvRx-iOS";
			productReference = 145AD74D220B1EBE004F02C2 /* FFUFComponents.framework */;
			productType = "com.apple.product-type.framework";
		};
		145AD755220B1EBF004F02C2 /* Tests */ = {
			isa = PBXNativeTarget;
			buildConfigurationList = 145AD764220B1EBF004F02C2 /* Build configuration list for PBXNativeTarget "Tests" */;
			buildPhases = (
				1E2AEB2278C85CD54C041182 /* [CP] Check Pods Manifest.lock */,
				145AD752220B1EBF004F02C2 /* Sources */,
				145AD753220B1EBF004F02C2 /* Frameworks */,
				145AD754220B1EBF004F02C2 /* Resources */,
				57B730BFF8E6DAACE70FB1E2 /* [CP] Embed Pods Frameworks */,
			);
			buildRules = (
			);
			dependencies = (
				145AD759220B1EBF004F02C2 /* PBXTargetDependency */,
			);
			name = Tests;
			productName = "MvRx-iOSTests";
			productReference = 145AD756220B1EBF004F02C2 /* Tests.xctest */;
			productType = "com.apple.product-type.bundle.unit-test";
		};
		1478E991220C59B9006AF8B3 /* Example */ = {
			isa = PBXNativeTarget;
			buildConfigurationList = 1478E9A3220C59BC006AF8B3 /* Build configuration list for PBXNativeTarget "Example" */;
			buildPhases = (
				09D3434ACDD2A082D16B9A37 /* [CP] Check Pods Manifest.lock */,
				1478E98E220C59B9006AF8B3 /* Sources */,
				1478E98F220C59B9006AF8B3 /* Frameworks */,
				1478E990220C59B9006AF8B3 /* Resources */,
				1478E9AE220C5B6D006AF8B3 /* Embed Frameworks */,
				8D7698403E07A00D3CD1E7BC /* [CP] Embed Pods Frameworks */,
			);
			buildRules = (
			);
			dependencies = (
				1478E9AD220C5B6D006AF8B3 /* PBXTargetDependency */,
			);
			name = Example;
			productName = Example;
			productReference = 1478E992220C59B9006AF8B3 /* Example.app */;
			productType = "com.apple.product-type.application";
		};
/* End PBXNativeTarget section */

/* Begin PBXProject section */
		145AD744220B1EBE004F02C2 /* Project object */ = {
			isa = PBXProject;
			attributes = {
				LastSwiftUpdateCheck = 1010;
				LastUpgradeCheck = 1010;
				ORGANIZATIONNAME = "Feil, Feil, & Feil  GmbH";
				TargetAttributes = {
					145AD74C220B1EBE004F02C2 = {
						CreatedOnToolsVersion = 10.1;
						LastSwiftMigration = 1010;
					};
					145AD755220B1EBF004F02C2 = {
						CreatedOnToolsVersion = 10.1;
					};
					1478E991220C59B9006AF8B3 = {
						CreatedOnToolsVersion = 10.1;
					};
				};
			};
			buildConfigurationList = 145AD747220B1EBE004F02C2 /* Build configuration list for PBXProject "FFUFComponents" */;
			compatibilityVersion = "Xcode 9.3";
			developmentRegion = en;
			hasScannedForEncodings = 0;
			knownRegions = (
				en,
				Base,
			);
			mainGroup = 145AD743220B1EBE004F02C2;
			productRefGroup = 145AD74E220B1EBE004F02C2 /* Products */;
			projectDirPath = "";
			projectRoot = "";
			targets = (
				145AD74C220B1EBE004F02C2 /* FFUFComponents */,
				145AD755220B1EBF004F02C2 /* Tests */,
				1478E991220C59B9006AF8B3 /* Example */,
			);
		};
/* End PBXProject section */

/* Begin PBXResourcesBuildPhase section */
		145AD74B220B1EBE004F02C2 /* Resources */ = {
			isa = PBXResourcesBuildPhase;
			buildActionMask = 2147483647;
			files = (
			);
			runOnlyForDeploymentPostprocessing = 0;
		};
		145AD754220B1EBF004F02C2 /* Resources */ = {
			isa = PBXResourcesBuildPhase;
			buildActionMask = 2147483647;
			files = (
			);
			runOnlyForDeploymentPostprocessing = 0;
		};
		1478E990220C59B9006AF8B3 /* Resources */ = {
			isa = PBXResourcesBuildPhase;
			buildActionMask = 2147483647;
			files = (
				1478E99F220C59BC006AF8B3 /* LaunchScreen.storyboard in Resources */,
				1478E99C220C59BC006AF8B3 /* Assets.xcassets in Resources */,
			);
			runOnlyForDeploymentPostprocessing = 0;
		};
/* End PBXResourcesBuildPhase section */

/* Begin PBXShellScriptBuildPhase section */
		09D3434ACDD2A082D16B9A37 /* [CP] Check Pods Manifest.lock */ = {
			isa = PBXShellScriptBuildPhase;
			buildActionMask = 2147483647;
			files = (
			);
			inputFileListPaths = (
			);
			inputPaths = (
				"${PODS_PODFILE_DIR_PATH}/Podfile.lock",
				"${PODS_ROOT}/Manifest.lock",
			);
			name = "[CP] Check Pods Manifest.lock";
			outputFileListPaths = (
			);
			outputPaths = (
				"$(DERIVED_FILE_DIR)/Pods-Example-checkManifestLockResult.txt",
			);
			runOnlyForDeploymentPostprocessing = 0;
			shellPath = /bin/sh;
			shellScript = "diff \"${PODS_PODFILE_DIR_PATH}/Podfile.lock\" \"${PODS_ROOT}/Manifest.lock\" > /dev/null\nif [ $? != 0 ] ; then\n    # print error to STDERR\n    echo \"error: The sandbox is not in sync with the Podfile.lock. Run 'pod install' or update your CocoaPods installation.\" >&2\n    exit 1\nfi\n# This output is used by Xcode 'outputs' to avoid re-running this script phase.\necho \"SUCCESS\" > \"${SCRIPT_OUTPUT_FILE_0}\"\n";
			showEnvVarsInLog = 0;
		};
		14CBB02E222EA85B002D2768 /* Swiftlint */ = {
			isa = PBXShellScriptBuildPhase;
			buildActionMask = 2147483647;
			files = (
			);
			inputFileListPaths = (
			);
			inputPaths = (
			);
			name = Swiftlint;
			outputFileListPaths = (
			);
			outputPaths = (
			);
			runOnlyForDeploymentPostprocessing = 0;
			shellPath = /bin/sh;
			shellScript = "if which swiftlint >/dev/null; then\n    swiftlint\nelse\n    echo \"warning: SwiftLint not installed, download from https://github.com/realm/SwiftLint\"\nfi\n";
		};
		1E2AEB2278C85CD54C041182 /* [CP] Check Pods Manifest.lock */ = {
			isa = PBXShellScriptBuildPhase;
			buildActionMask = 2147483647;
			files = (
			);
			inputFileListPaths = (
			);
			inputPaths = (
				"${PODS_PODFILE_DIR_PATH}/Podfile.lock",
				"${PODS_ROOT}/Manifest.lock",
			);
			name = "[CP] Check Pods Manifest.lock";
			outputFileListPaths = (
			);
			outputPaths = (
				"$(DERIVED_FILE_DIR)/Pods-Tests-checkManifestLockResult.txt",
			);
			runOnlyForDeploymentPostprocessing = 0;
			shellPath = /bin/sh;
			shellScript = "diff \"${PODS_PODFILE_DIR_PATH}/Podfile.lock\" \"${PODS_ROOT}/Manifest.lock\" > /dev/null\nif [ $? != 0 ] ; then\n    # print error to STDERR\n    echo \"error: The sandbox is not in sync with the Podfile.lock. Run 'pod install' or update your CocoaPods installation.\" >&2\n    exit 1\nfi\n# This output is used by Xcode 'outputs' to avoid re-running this script phase.\necho \"SUCCESS\" > \"${SCRIPT_OUTPUT_FILE_0}\"\n";
			showEnvVarsInLog = 0;
		};
		296F66475D7218E30389EE3C /* [CP] Check Pods Manifest.lock */ = {
			isa = PBXShellScriptBuildPhase;
			buildActionMask = 2147483647;
			files = (
			);
			inputFileListPaths = (
			);
			inputPaths = (
				"${PODS_PODFILE_DIR_PATH}/Podfile.lock",
				"${PODS_ROOT}/Manifest.lock",
			);
			name = "[CP] Check Pods Manifest.lock";
			outputFileListPaths = (
			);
			outputPaths = (
				"$(DERIVED_FILE_DIR)/Pods-FFUFComponents-checkManifestLockResult.txt",
			);
			runOnlyForDeploymentPostprocessing = 0;
			shellPath = /bin/sh;
			shellScript = "diff \"${PODS_PODFILE_DIR_PATH}/Podfile.lock\" \"${PODS_ROOT}/Manifest.lock\" > /dev/null\nif [ $? != 0 ] ; then\n    # print error to STDERR\n    echo \"error: The sandbox is not in sync with the Podfile.lock. Run 'pod install' or update your CocoaPods installation.\" >&2\n    exit 1\nfi\n# This output is used by Xcode 'outputs' to avoid re-running this script phase.\necho \"SUCCESS\" > \"${SCRIPT_OUTPUT_FILE_0}\"\n";
			showEnvVarsInLog = 0;
		};
		57B730BFF8E6DAACE70FB1E2 /* [CP] Embed Pods Frameworks */ = {
			isa = PBXShellScriptBuildPhase;
			buildActionMask = 2147483647;
			files = (
			);
			inputFileListPaths = (
			);
			inputPaths = (
				"${PODS_ROOT}/Target Support Files/Pods-Tests/Pods-Tests-frameworks.sh",
				"${BUILT_PRODUCTS_DIR}/Alacrity/Alacrity.framework",
				"${BUILT_PRODUCTS_DIR}/Differentiator/Differentiator.framework",
				"${BUILT_PRODUCTS_DIR}/FFUFWidgets/FFUFWidgets.framework",
				"${BUILT_PRODUCTS_DIR}/Kio/Kio.framework",
				"${BUILT_PRODUCTS_DIR}/LayoutKit/LayoutKit.framework",
				"${BUILT_PRODUCTS_DIR}/RxAtomic/RxAtomic.framework",
				"${BUILT_PRODUCTS_DIR}/RxCocoa/RxCocoa.framework",
				"${BUILT_PRODUCTS_DIR}/RxDataSources/RxDataSources.framework",
				"${BUILT_PRODUCTS_DIR}/RxSwift/RxSwift.framework",
				"${BUILT_PRODUCTS_DIR}/Nimble/Nimble.framework",
				"${BUILT_PRODUCTS_DIR}/Quick/Quick.framework",
			);
			name = "[CP] Embed Pods Frameworks";
			outputFileListPaths = (
			);
			outputPaths = (
				"${TARGET_BUILD_DIR}/${FRAMEWORKS_FOLDER_PATH}/Alacrity.framework",
				"${TARGET_BUILD_DIR}/${FRAMEWORKS_FOLDER_PATH}/Differentiator.framework",
				"${TARGET_BUILD_DIR}/${FRAMEWORKS_FOLDER_PATH}/FFUFWidgets.framework",
				"${TARGET_BUILD_DIR}/${FRAMEWORKS_FOLDER_PATH}/Kio.framework",
				"${TARGET_BUILD_DIR}/${FRAMEWORKS_FOLDER_PATH}/LayoutKit.framework",
				"${TARGET_BUILD_DIR}/${FRAMEWORKS_FOLDER_PATH}/RxAtomic.framework",
				"${TARGET_BUILD_DIR}/${FRAMEWORKS_FOLDER_PATH}/RxCocoa.framework",
				"${TARGET_BUILD_DIR}/${FRAMEWORKS_FOLDER_PATH}/RxDataSources.framework",
				"${TARGET_BUILD_DIR}/${FRAMEWORKS_FOLDER_PATH}/RxSwift.framework",
				"${TARGET_BUILD_DIR}/${FRAMEWORKS_FOLDER_PATH}/Nimble.framework",
				"${TARGET_BUILD_DIR}/${FRAMEWORKS_FOLDER_PATH}/Quick.framework",
			);
			runOnlyForDeploymentPostprocessing = 0;
			shellPath = /bin/sh;
			shellScript = "\"${PODS_ROOT}/Target Support Files/Pods-Tests/Pods-Tests-frameworks.sh\"\n";
			showEnvVarsInLog = 0;
		};
		8D7698403E07A00D3CD1E7BC /* [CP] Embed Pods Frameworks */ = {
			isa = PBXShellScriptBuildPhase;
			buildActionMask = 2147483647;
			files = (
			);
			inputFileListPaths = (
			);
			inputPaths = (
				"${PODS_ROOT}/Target Support Files/Pods-Example/Pods-Example-frameworks.sh",
				"${BUILT_PRODUCTS_DIR}/Alacrity/Alacrity.framework",
				"${BUILT_PRODUCTS_DIR}/Differentiator/Differentiator.framework",
				"${BUILT_PRODUCTS_DIR}/FFUFWidgets/FFUFWidgets.framework",
				"${BUILT_PRODUCTS_DIR}/Kio/Kio.framework",
				"${BUILT_PRODUCTS_DIR}/LayoutKit/LayoutKit.framework",
				"${BUILT_PRODUCTS_DIR}/RxAtomic/RxAtomic.framework",
				"${BUILT_PRODUCTS_DIR}/RxCocoa/RxCocoa.framework",
				"${BUILT_PRODUCTS_DIR}/RxDataSources/RxDataSources.framework",
				"${BUILT_PRODUCTS_DIR}/RxSwift/RxSwift.framework",
			);
			name = "[CP] Embed Pods Frameworks";
			outputFileListPaths = (
			);
			outputPaths = (
				"${TARGET_BUILD_DIR}/${FRAMEWORKS_FOLDER_PATH}/Alacrity.framework",
				"${TARGET_BUILD_DIR}/${FRAMEWORKS_FOLDER_PATH}/Differentiator.framework",
				"${TARGET_BUILD_DIR}/${FRAMEWORKS_FOLDER_PATH}/FFUFWidgets.framework",
				"${TARGET_BUILD_DIR}/${FRAMEWORKS_FOLDER_PATH}/Kio.framework",
				"${TARGET_BUILD_DIR}/${FRAMEWORKS_FOLDER_PATH}/LayoutKit.framework",
				"${TARGET_BUILD_DIR}/${FRAMEWORKS_FOLDER_PATH}/RxAtomic.framework",
				"${TARGET_BUILD_DIR}/${FRAMEWORKS_FOLDER_PATH}/RxCocoa.framework",
				"${TARGET_BUILD_DIR}/${FRAMEWORKS_FOLDER_PATH}/RxDataSources.framework",
				"${TARGET_BUILD_DIR}/${FRAMEWORKS_FOLDER_PATH}/RxSwift.framework",
			);
			runOnlyForDeploymentPostprocessing = 0;
			shellPath = /bin/sh;
			shellScript = "\"${PODS_ROOT}/Target Support Files/Pods-Example/Pods-Example-frameworks.sh\"\n";
			showEnvVarsInLog = 0;
		};
/* End PBXShellScriptBuildPhase section */

/* Begin PBXSourcesBuildPhase section */
		145AD749220B1EBE004F02C2 /* Sources */ = {
			isa = PBXSourcesBuildPhase;
			buildActionMask = 2147483647;
			files = (
				142C450A22368CB2002360F5 /* TwoViewModelComponentVC.swift in Sources */,
				149D5B8F221B33A100482F28 /* ComponentsArray.swift in Sources */,
				1437BDC62215573300A35FFE /* AnyComponent.swift in Sources */,
				142C45082236877F002360F5 /* OneViewModelComponentVC.swift in Sources */,
				14F6BD7A2229461A008B0692 /* StaticSpacingComponentType.swift in Sources */,
				1437BDCA22157C4F00A35FFE /* BaseViewModel.swift in Sources */,
				142C451922392C09002360F5 /* ComponentStateValidator.swift in Sources */,
				14E424C7220E5B8D006BAA4F /* ComponentCell.swift in Sources */,
				1437BDD12215AFF900A35FFE /* StaticSpacingComponentLayout.swift in Sources */,
				14D511302231B2E500EEAC0F /* ChildComponentVC.swift in Sources */,
				1437BDCE2215AEA400A35FFE /* StaticSpacingComponent.swift in Sources */,
				14D5112A22313DBF00EEAC0F /* ChildVCComponentType.swift in Sources */,
				14F6BD7E22295A3E008B0692 /* ExpandableComponentType.swift in Sources */,
				142C451C223939DB002360F5 /* Async.swift in Sources */,
				1437BDCC22157FC300A35FFE /* State.swift in Sources */,
				14CBB025222D4899002D2768 /* ExpandableContentLayout.swift in Sources */,
				142C450C2236A224002360F5 /* ThreeViewModelComponentVC.swift in Sources */,
				14CBC9CD220C57BB00597FAA /* Component.swift in Sources */,
				14E424CD220E8CB6006BAA4F /* ComponentLayout.swift in Sources */,
				14F6BD7C22294CFC008B0692 /* StaticTextComponentType.swift in Sources */,
				14CBB029222E7287002D2768 /* CGSize+FFUFComponents.swift in Sources */,
				14496DB622273CE000C5C278 /* ButtonComponent.swift in Sources */,
				142C45002235A105002360F5 /* ThrottleType.swift in Sources */,
				142C451422390C52002360F5 /* SwiftGenerateComponents.generated.swift in Sources */,
				14D5112C2231A15200EEAC0F /* ChildVCComponent.swift in Sources */,
				1437BDDE2216C18A00A35FFE /* ExpandableComponentLayout.swift in Sources */,
				14C96F082211C30F00731265 /* Constants.swift in Sources */,
				14D5112E2231A6CA00EEAC0F /* ChildVCComponentLayout.swift in Sources */,
				142C4521223BB36D002360F5 /* FFUFComponents.swift in Sources */,
				F000D2AC221C26FC00D10D0D /* AutoEquatable.generated.swift in Sources */,
				1478E9B1220C5D1E006AF8B3 /* BaseComponentVC.swift in Sources */,
				1437BDD62215B75100A35FFE /* StaticTextComponent.swift in Sources */,
				1437BDDC2216C17200A35FFE /* ExpandableComponent.swift in Sources */,
				14CBAFEB222D1351002D2768 /* AbstractViewModel.swift in Sources */,
				142C450222366E99002360F5 /* CompositeViewModels.swift in Sources */,
				F000D2A9221C1D8100D10D0D /* SourceryProtocols.swift in Sources */,
				1437BDD92215BA6000A35FFE /* Text+FFUFComponents.swift in Sources */,
				1437BDD32215B56F00A35FFE /* StaticTextComponentLayout.swift in Sources */,
				14F6BD802229738A008B0692 /* Copyable.swift in Sources */,
				14CBB02B222E7C1C002D2768 /* Selectable.swift in Sources */,
				142C450422366F38002360F5 /* CompositeStates.swift in Sources */,
				14B01E3E22271D5C00EE0A9A /* ButtonComponentType.swift in Sources */,
				142C451F223B0175002360F5 /* StateStore.swift in Sources */,
				14C1E3E022104A330053E318 /* ButtonComponentLayout.swift in Sources */,
				14CBB027222D71E9002D2768 /* UserInterfaceModel.swift in Sources */,
				F000D2AD221C26FC00D10D0D /* AutoHashable.generated.swift in Sources */,
			);
			runOnlyForDeploymentPostprocessing = 0;
		};
		145AD752220B1EBF004F02C2 /* Sources */ = {
			isa = PBXSourcesBuildPhase;
			buildActionMask = 2147483647;
			files = (
				145AD75C220B1EBF004F02C2 /* BaseViewModelTests.swift in Sources */,
			);
			runOnlyForDeploymentPostprocessing = 0;
		};
		1478E98E220C59B9006AF8B3 /* Sources */ = {
			isa = PBXSourcesBuildPhase;
			buildActionMask = 2147483647;
			files = (
				1478E997220C59B9006AF8B3 /* ExampleVC.swift in Sources */,
				141315B52235924600513FD9 /* CompositeVC.swift in Sources */,
				1478E995220C59B9006AF8B3 /* AppDelegate.swift in Sources */,
			);
			runOnlyForDeploymentPostprocessing = 0;
		};
/* End PBXSourcesBuildPhase section */

/* Begin PBXTargetDependency section */
		145AD759220B1EBF004F02C2 /* PBXTargetDependency */ = {
			isa = PBXTargetDependency;
			target = 145AD74C220B1EBE004F02C2 /* FFUFComponents */;
			targetProxy = 145AD758220B1EBF004F02C2 /* PBXContainerItemProxy */;
		};
		1478E9AD220C5B6D006AF8B3 /* PBXTargetDependency */ = {
			isa = PBXTargetDependency;
			target = 145AD74C220B1EBE004F02C2 /* FFUFComponents */;
			targetProxy = 1478E9AC220C5B6D006AF8B3 /* PBXContainerItemProxy */;
		};
/* End PBXTargetDependency section */

/* Begin PBXVariantGroup section */
		1478E99D220C59BC006AF8B3 /* LaunchScreen.storyboard */ = {
			isa = PBXVariantGroup;
			children = (
				1478E99E220C59BC006AF8B3 /* Base */,
			);
			name = LaunchScreen.storyboard;
			sourceTree = "<group>";
		};
/* End PBXVariantGroup section */

/* Begin XCBuildConfiguration section */
		145AD75F220B1EBF004F02C2 /* Debug */ = {
			isa = XCBuildConfiguration;
			buildSettings = {
				ALWAYS_SEARCH_USER_PATHS = NO;
				CLANG_ANALYZER_NONNULL = YES;
				CLANG_ANALYZER_NUMBER_OBJECT_CONVERSION = YES_AGGRESSIVE;
				CLANG_CXX_LANGUAGE_STANDARD = "gnu++14";
				CLANG_CXX_LIBRARY = "libc++";
				CLANG_ENABLE_MODULES = YES;
				CLANG_ENABLE_OBJC_ARC = YES;
				CLANG_ENABLE_OBJC_WEAK = YES;
				CLANG_WARN_BLOCK_CAPTURE_AUTORELEASING = YES;
				CLANG_WARN_BOOL_CONVERSION = YES;
				CLANG_WARN_COMMA = YES;
				CLANG_WARN_CONSTANT_CONVERSION = YES;
				CLANG_WARN_DEPRECATED_OBJC_IMPLEMENTATIONS = YES;
				CLANG_WARN_DIRECT_OBJC_ISA_USAGE = YES_ERROR;
				CLANG_WARN_DOCUMENTATION_COMMENTS = YES;
				CLANG_WARN_EMPTY_BODY = YES;
				CLANG_WARN_ENUM_CONVERSION = YES;
				CLANG_WARN_INFINITE_RECURSION = YES;
				CLANG_WARN_INT_CONVERSION = YES;
				CLANG_WARN_NON_LITERAL_NULL_CONVERSION = YES;
				CLANG_WARN_OBJC_IMPLICIT_RETAIN_SELF = YES;
				CLANG_WARN_OBJC_LITERAL_CONVERSION = YES;
				CLANG_WARN_OBJC_ROOT_CLASS = YES_ERROR;
				CLANG_WARN_RANGE_LOOP_ANALYSIS = YES;
				CLANG_WARN_STRICT_PROTOTYPES = YES;
				CLANG_WARN_SUSPICIOUS_MOVE = YES;
				CLANG_WARN_UNGUARDED_AVAILABILITY = YES_AGGRESSIVE;
				CLANG_WARN_UNREACHABLE_CODE = YES;
				CLANG_WARN__DUPLICATE_METHOD_MATCH = YES;
				CODE_SIGN_IDENTITY = "iPhone Developer";
				COPY_PHASE_STRIP = NO;
				CURRENT_PROJECT_VERSION = 1;
				DEBUG_INFORMATION_FORMAT = dwarf;
				ENABLE_STRICT_OBJC_MSGSEND = YES;
				ENABLE_TESTABILITY = YES;
				GCC_C_LANGUAGE_STANDARD = gnu11;
				GCC_DYNAMIC_NO_PIC = NO;
				GCC_NO_COMMON_BLOCKS = YES;
				GCC_OPTIMIZATION_LEVEL = 0;
				GCC_PREPROCESSOR_DEFINITIONS = (
					"DEBUG=1",
					"$(inherited)",
				);
				GCC_WARN_64_TO_32_BIT_CONVERSION = YES;
				GCC_WARN_ABOUT_RETURN_TYPE = YES_ERROR;
				GCC_WARN_UNDECLARED_SELECTOR = YES;
				GCC_WARN_UNINITIALIZED_AUTOS = YES_AGGRESSIVE;
				GCC_WARN_UNUSED_FUNCTION = YES;
				GCC_WARN_UNUSED_VARIABLE = YES;
				IPHONEOS_DEPLOYMENT_TARGET = 10.0;
				MTL_ENABLE_DEBUG_INFO = INCLUDE_SOURCE;
				MTL_FAST_MATH = YES;
				ONLY_ACTIVE_ARCH = YES;
				SDKROOT = iphoneos;
				SWIFT_ACTIVE_COMPILATION_CONDITIONS = DEBUG;
				SWIFT_OPTIMIZATION_LEVEL = "-Onone";
				SWIFT_VERSION = "";
				VERSIONING_SYSTEM = "apple-generic";
				VERSION_INFO_PREFIX = "";
			};
			name = Debug;
		};
		145AD760220B1EBF004F02C2 /* Release */ = {
			isa = XCBuildConfiguration;
			buildSettings = {
				ALWAYS_SEARCH_USER_PATHS = NO;
				CLANG_ANALYZER_NONNULL = YES;
				CLANG_ANALYZER_NUMBER_OBJECT_CONVERSION = YES_AGGRESSIVE;
				CLANG_CXX_LANGUAGE_STANDARD = "gnu++14";
				CLANG_CXX_LIBRARY = "libc++";
				CLANG_ENABLE_MODULES = YES;
				CLANG_ENABLE_OBJC_ARC = YES;
				CLANG_ENABLE_OBJC_WEAK = YES;
				CLANG_WARN_BLOCK_CAPTURE_AUTORELEASING = YES;
				CLANG_WARN_BOOL_CONVERSION = YES;
				CLANG_WARN_COMMA = YES;
				CLANG_WARN_CONSTANT_CONVERSION = YES;
				CLANG_WARN_DEPRECATED_OBJC_IMPLEMENTATIONS = YES;
				CLANG_WARN_DIRECT_OBJC_ISA_USAGE = YES_ERROR;
				CLANG_WARN_DOCUMENTATION_COMMENTS = YES;
				CLANG_WARN_EMPTY_BODY = YES;
				CLANG_WARN_ENUM_CONVERSION = YES;
				CLANG_WARN_INFINITE_RECURSION = YES;
				CLANG_WARN_INT_CONVERSION = YES;
				CLANG_WARN_NON_LITERAL_NULL_CONVERSION = YES;
				CLANG_WARN_OBJC_IMPLICIT_RETAIN_SELF = YES;
				CLANG_WARN_OBJC_LITERAL_CONVERSION = YES;
				CLANG_WARN_OBJC_ROOT_CLASS = YES_ERROR;
				CLANG_WARN_RANGE_LOOP_ANALYSIS = YES;
				CLANG_WARN_STRICT_PROTOTYPES = YES;
				CLANG_WARN_SUSPICIOUS_MOVE = YES;
				CLANG_WARN_UNGUARDED_AVAILABILITY = YES_AGGRESSIVE;
				CLANG_WARN_UNREACHABLE_CODE = YES;
				CLANG_WARN__DUPLICATE_METHOD_MATCH = YES;
				CODE_SIGN_IDENTITY = "iPhone Developer";
				COPY_PHASE_STRIP = NO;
				CURRENT_PROJECT_VERSION = 1;
				DEBUG_INFORMATION_FORMAT = "dwarf-with-dsym";
				ENABLE_NS_ASSERTIONS = NO;
				ENABLE_STRICT_OBJC_MSGSEND = YES;
				GCC_C_LANGUAGE_STANDARD = gnu11;
				GCC_NO_COMMON_BLOCKS = YES;
				GCC_WARN_64_TO_32_BIT_CONVERSION = YES;
				GCC_WARN_ABOUT_RETURN_TYPE = YES_ERROR;
				GCC_WARN_UNDECLARED_SELECTOR = YES;
				GCC_WARN_UNINITIALIZED_AUTOS = YES_AGGRESSIVE;
				GCC_WARN_UNUSED_FUNCTION = YES;
				GCC_WARN_UNUSED_VARIABLE = YES;
				IPHONEOS_DEPLOYMENT_TARGET = 10.0;
				MTL_ENABLE_DEBUG_INFO = NO;
				MTL_FAST_MATH = YES;
				SDKROOT = iphoneos;
				SWIFT_COMPILATION_MODE = wholemodule;
				SWIFT_OPTIMIZATION_LEVEL = "-O";
				SWIFT_VERSION = "";
				VALIDATE_PRODUCT = YES;
				VERSIONING_SYSTEM = "apple-generic";
				VERSION_INFO_PREFIX = "";
			};
			name = Release;
		};
		145AD762220B1EBF004F02C2 /* Debug */ = {
			isa = XCBuildConfiguration;
			baseConfigurationReference = 751299F31D4B84C4DC5C0246 /* Pods-FFUFComponents.debug.xcconfig */;
			buildSettings = {
				CLANG_ENABLE_MODULES = YES;
				CODE_SIGN_IDENTITY = "";
				CODE_SIGN_STYLE = Automatic;
				DEFINES_MODULE = YES;
				DEVELOPMENT_TEAM = 938GX6R6ZS;
				DYLIB_COMPATIBILITY_VERSION = 1;
				DYLIB_CURRENT_VERSION = 1;
				DYLIB_INSTALL_NAME_BASE = "@rpath";
				INFOPLIST_FILE = "$(SRCROOT)/Supporting Files/Info.plist";
				INSTALL_PATH = "$(LOCAL_LIBRARY_DIR)/Frameworks";
				LD_RUNPATH_SEARCH_PATHS = (
					"$(inherited)",
					"@executable_path/Frameworks",
					"@loader_path/Frameworks",
				);
				PRODUCT_BUNDLE_IDENTIFIER = de.ffuf.de.FFUFComponents;
				PRODUCT_NAME = "$(TARGET_NAME:c99extidentifier)";
				SKIP_INSTALL = YES;
				SWIFT_OPTIMIZATION_LEVEL = "-Onone";
				SWIFT_VERSION = 4.2;
				TARGETED_DEVICE_FAMILY = "1,2";
			};
			name = Debug;
		};
		145AD763220B1EBF004F02C2 /* Release */ = {
			isa = XCBuildConfiguration;
			baseConfigurationReference = 03006A39C0BA1B531F085BEB /* Pods-FFUFComponents.release.xcconfig */;
			buildSettings = {
				CLANG_ENABLE_MODULES = YES;
				CODE_SIGN_IDENTITY = "";
				CODE_SIGN_STYLE = Automatic;
				DEFINES_MODULE = YES;
				DEVELOPMENT_TEAM = 938GX6R6ZS;
				DYLIB_COMPATIBILITY_VERSION = 1;
				DYLIB_CURRENT_VERSION = 1;
				DYLIB_INSTALL_NAME_BASE = "@rpath";
				INFOPLIST_FILE = "$(SRCROOT)/Supporting Files/Info.plist";
				INSTALL_PATH = "$(LOCAL_LIBRARY_DIR)/Frameworks";
				LD_RUNPATH_SEARCH_PATHS = (
					"$(inherited)",
					"@executable_path/Frameworks",
					"@loader_path/Frameworks",
				);
				PRODUCT_BUNDLE_IDENTIFIER = de.ffuf.de.FFUFComponents;
				PRODUCT_NAME = "$(TARGET_NAME:c99extidentifier)";
				SKIP_INSTALL = YES;
				SWIFT_VERSION = 4.2;
				TARGETED_DEVICE_FAMILY = "1,2";
			};
			name = Release;
		};
		145AD765220B1EBF004F02C2 /* Debug */ = {
			isa = XCBuildConfiguration;
			baseConfigurationReference = 1BF31DBC741F7929C83DE40F /* Pods-Tests.debug.xcconfig */;
			buildSettings = {
				ALWAYS_EMBED_SWIFT_STANDARD_LIBRARIES = "$(inherited)";
				CODE_SIGN_STYLE = Automatic;
				DEVELOPMENT_TEAM = 938GX6R6ZS;
				INFOPLIST_FILE = Tests/Info.plist;
				LD_RUNPATH_SEARCH_PATHS = (
					"$(inherited)",
					"@executable_path/Frameworks",
					"@loader_path/Frameworks",
				);
				PRODUCT_BUNDLE_IDENTIFIER = "de.ffuf.de.MvRx-iOSTests";
				PRODUCT_NAME = "$(TARGET_NAME)";
				SWIFT_VERSION = 4.2;
				TARGETED_DEVICE_FAMILY = "1,2";
			};
			name = Debug;
		};
		145AD766220B1EBF004F02C2 /* Release */ = {
			isa = XCBuildConfiguration;
			baseConfigurationReference = 479EBB0F43D74C3AD9AFAEF1 /* Pods-Tests.release.xcconfig */;
			buildSettings = {
				ALWAYS_EMBED_SWIFT_STANDARD_LIBRARIES = "$(inherited)";
				CODE_SIGN_STYLE = Automatic;
				DEVELOPMENT_TEAM = 938GX6R6ZS;
				INFOPLIST_FILE = Tests/Info.plist;
				LD_RUNPATH_SEARCH_PATHS = (
					"$(inherited)",
					"@executable_path/Frameworks",
					"@loader_path/Frameworks",
				);
				PRODUCT_BUNDLE_IDENTIFIER = "de.ffuf.de.MvRx-iOSTests";
				PRODUCT_NAME = "$(TARGET_NAME)";
				SWIFT_VERSION = 4.2;
				TARGETED_DEVICE_FAMILY = "1,2";
			};
			name = Release;
		};
		1478E9A1220C59BC006AF8B3 /* Debug */ = {
			isa = XCBuildConfiguration;
			baseConfigurationReference = 9AAD379A2F04502A88BC9632 /* Pods-Example.debug.xcconfig */;
			buildSettings = {
				ALWAYS_EMBED_SWIFT_STANDARD_LIBRARIES = "$(inherited)";
				ASSETCATALOG_COMPILER_APPICON_NAME = AppIcon;
				CODE_SIGN_STYLE = Automatic;
				DEVELOPMENT_TEAM = 938GX6R6ZS;
				INFOPLIST_FILE = Example/Info.plist;
				LD_RUNPATH_SEARCH_PATHS = (
					"$(inherited)",
					"@executable_path/Frameworks",
				);
				PRODUCT_BUNDLE_IDENTIFIER = de.ffuf.de.Example;
				PRODUCT_NAME = "$(TARGET_NAME)";
				SWIFT_VERSION = 4.2;
				TARGETED_DEVICE_FAMILY = "1,2";
			};
			name = Debug;
		};
		1478E9A2220C59BC006AF8B3 /* Release */ = {
			isa = XCBuildConfiguration;
			baseConfigurationReference = AAE01790233F583D5FA3BB4C /* Pods-Example.release.xcconfig */;
			buildSettings = {
				ALWAYS_EMBED_SWIFT_STANDARD_LIBRARIES = "$(inherited)";
				ASSETCATALOG_COMPILER_APPICON_NAME = AppIcon;
				CODE_SIGN_STYLE = Automatic;
				DEVELOPMENT_TEAM = 938GX6R6ZS;
				INFOPLIST_FILE = Example/Info.plist;
				LD_RUNPATH_SEARCH_PATHS = (
					"$(inherited)",
					"@executable_path/Frameworks",
				);
				PRODUCT_BUNDLE_IDENTIFIER = de.ffuf.de.Example;
				PRODUCT_NAME = "$(TARGET_NAME)";
				SWIFT_VERSION = 4.2;
				TARGETED_DEVICE_FAMILY = "1,2";
			};
			name = Release;
		};
/* End XCBuildConfiguration section */

/* Begin XCConfigurationList section */
		145AD747220B1EBE004F02C2 /* Build configuration list for PBXProject "FFUFComponents" */ = {
			isa = XCConfigurationList;
			buildConfigurations = (
				145AD75F220B1EBF004F02C2 /* Debug */,
				145AD760220B1EBF004F02C2 /* Release */,
			);
			defaultConfigurationIsVisible = 0;
			defaultConfigurationName = Release;
		};
		145AD761220B1EBF004F02C2 /* Build configuration list for PBXNativeTarget "FFUFComponents" */ = {
			isa = XCConfigurationList;
			buildConfigurations = (
				145AD762220B1EBF004F02C2 /* Debug */,
				145AD763220B1EBF004F02C2 /* Release */,
			);
			defaultConfigurationIsVisible = 0;
			defaultConfigurationName = Release;
		};
		145AD764220B1EBF004F02C2 /* Build configuration list for PBXNativeTarget "Tests" */ = {
			isa = XCConfigurationList;
			buildConfigurations = (
				145AD765220B1EBF004F02C2 /* Debug */,
				145AD766220B1EBF004F02C2 /* Release */,
			);
			defaultConfigurationIsVisible = 0;
			defaultConfigurationName = Release;
		};
		1478E9A3220C59BC006AF8B3 /* Build configuration list for PBXNativeTarget "Example" */ = {
			isa = XCConfigurationList;
			buildConfigurations = (
				1478E9A1220C59BC006AF8B3 /* Debug */,
				1478E9A2220C59BC006AF8B3 /* Release */,
			);
			defaultConfigurationIsVisible = 0;
			defaultConfigurationName = Release;
		};
/* End XCConfigurationList section */
	};
	rootObject = 145AD744220B1EBE004F02C2 /* Project object */;
}
