// !$*UTF8*$!
{
	archiveVersion = 1;
	classes = {
	};
	objectVersion = 51;
	objects = {

/* Begin PBXBuildFile section */
		141315B52235924600513FD9 /* ExampleLoginVC.swift in Sources */ = {isa = PBXBuildFile; fileRef = 141315B42235924500513FD9 /* ExampleLoginVC.swift */; };
		1417A50622E07DD500216FDB /* CyanicDataSources.swift in Sources */ = {isa = PBXBuildFile; fileRef = 14BC91F4228061F600464771 /* CyanicDataSources.swift */; };
		142C45002235A105002360F5 /* ThrottleType.swift in Sources */ = {isa = PBXBuildFile; fileRef = 142C44FF2235A105002360F5 /* ThrottleType.swift */; };
		142C451922392C09002360F5 /* ComponentStateValidator.swift in Sources */ = {isa = PBXBuildFile; fileRef = 142C451822392C09002360F5 /* ComponentStateValidator.swift */; };
		142C451C223939DB002360F5 /* Async.swift in Sources */ = {isa = PBXBuildFile; fileRef = 142C451B223939DB002360F5 /* Async.swift */; };
		142C451F223B0175002360F5 /* StateStore.swift in Sources */ = {isa = PBXBuildFile; fileRef = 142C451E223B0175002360F5 /* StateStore.swift */; };
		142C4521223BB36D002360F5 /* GlobalFunctions.swift in Sources */ = {isa = PBXBuildFile; fileRef = 142C4520223BB36C002360F5 /* GlobalFunctions.swift */; };
		1437BDC62215573300A35FFE /* AnyComponent.swift in Sources */ = {isa = PBXBuildFile; fileRef = 1437BDC52215573300A35FFE /* AnyComponent.swift */; };
		1437BDCA22157C4F00A35FFE /* ViewModel.swift in Sources */ = {isa = PBXBuildFile; fileRef = 1437BDC922157C4F00A35FFE /* ViewModel.swift */; };
		1437BDCC22157FC300A35FFE /* State.swift in Sources */ = {isa = PBXBuildFile; fileRef = 1437BDCB22157FC300A35FFE /* State.swift */; };
		1437BDCE2215AEA400A35FFE /* StaticSpacingComponent.swift in Sources */ = {isa = PBXBuildFile; fileRef = 1437BDCD2215AEA400A35FFE /* StaticSpacingComponent.swift */; };
		1437BDD12215AFF900A35FFE /* StaticSpacingComponentLayout.swift in Sources */ = {isa = PBXBuildFile; fileRef = 1437BDD02215AFF900A35FFE /* StaticSpacingComponentLayout.swift */; };
		1437BDD32215B56F00A35FFE /* StaticTextComponentLayout.swift in Sources */ = {isa = PBXBuildFile; fileRef = 1437BDD22215B56F00A35FFE /* StaticTextComponentLayout.swift */; };
		1437BDD62215B75100A35FFE /* StaticTextComponent.swift in Sources */ = {isa = PBXBuildFile; fileRef = 1437BDD52215B75100A35FFE /* StaticTextComponent.swift */; };
		1437BDD92215BA6000A35FFE /* Text+Cyanic.swift in Sources */ = {isa = PBXBuildFile; fileRef = 1437BDD82215BA6000A35FFE /* Text+Cyanic.swift */; };
		1437BDDC2216C17200A35FFE /* ExpandableComponent.swift in Sources */ = {isa = PBXBuildFile; fileRef = 1437BDDB2216C17200A35FFE /* ExpandableComponent.swift */; };
		1437BDDE2216C18A00A35FFE /* ExpandableComponentLayout.swift in Sources */ = {isa = PBXBuildFile; fileRef = 1437BDDD2216C18A00A35FFE /* ExpandableComponentLayout.swift */; };
		1443607B2247B70F0090FCF9 /* CyanicViewControllerTests.swift in Sources */ = {isa = PBXBuildFile; fileRef = 1443607A2247B70F0090FCF9 /* CyanicViewControllerTests.swift */; };
		1443607D2247BC0E0090FCF9 /* ExampleCounterVC.swift in Sources */ = {isa = PBXBuildFile; fileRef = 1443607C2247BC0E0090FCF9 /* ExampleCounterVC.swift */; };
		1443607F2247CF800090FCF9 /* BaseComponentVCTests.swift in Sources */ = {isa = PBXBuildFile; fileRef = 1443607E2247CF800090FCF9 /* BaseComponentVCTests.swift */; };
		14496DB622273CE000C5C278 /* ButtonComponent.swift in Sources */ = {isa = PBXBuildFile; fileRef = 14496DB522273CE000C5C278 /* ButtonComponent.swift */; };
		145AD757220B1EBF004F02C2 /* Cyanic.framework in Frameworks */ = {isa = PBXBuildFile; fileRef = 145AD74D220B1EBE004F02C2 /* Cyanic.framework */; };
		145AD75C220B1EBF004F02C2 /* ViewModelTests.swift in Sources */ = {isa = PBXBuildFile; fileRef = 145AD75B220B1EBF004F02C2 /* ViewModelTests.swift */; };
		145AD75E220B1EBF004F02C2 /* FFUFComponents.h in Headers */ = {isa = PBXBuildFile; fileRef = 145AD750220B1EBE004F02C2 /* FFUFComponents.h */; settings = {ATTRIBUTES = (Public, ); }; };
		145D4EA0225DF602005F3531 /* DividerLine.swift in Sources */ = {isa = PBXBuildFile; fileRef = 145D4E9F225DF602005F3531 /* DividerLine.swift */; };
		14609BA422635B77007B2AFC /* TableComponentCell.swift in Sources */ = {isa = PBXBuildFile; fileRef = 14609BA322635B77007B2AFC /* TableComponentCell.swift */; };
		14609BA622635BF3007B2AFC /* TableComponentSectionView.swift in Sources */ = {isa = PBXBuildFile; fileRef = 14609BA522635BF3007B2AFC /* TableComponentSectionView.swift */; };
		14609BA822635C70007B2AFC /* TableComponentViewController.swift in Sources */ = {isa = PBXBuildFile; fileRef = 14609BA722635C70007B2AFC /* TableComponentViewController.swift */; };
		14609BAA22635E06007B2AFC /* MultiSectionTableComponentViewController.swift in Sources */ = {isa = PBXBuildFile; fileRef = 14609BA922635E06007B2AFC /* MultiSectionTableComponentViewController.swift */; };
		14609BAC22636805007B2AFC /* Size.swift in Sources */ = {isa = PBXBuildFile; fileRef = 14609BAB22636805007B2AFC /* Size.swift */; };
		14609BAE226378A5007B2AFC /* ComponentViewController.swift in Sources */ = {isa = PBXBuildFile; fileRef = 14609BAD226378A5007B2AFC /* ComponentViewController.swift */; };
		1478E995220C59B9006AF8B3 /* AppDelegate.swift in Sources */ = {isa = PBXBuildFile; fileRef = 1478E994220C59B9006AF8B3 /* AppDelegate.swift */; };
		1478E997220C59B9006AF8B3 /* ExampleListVC.swift in Sources */ = {isa = PBXBuildFile; fileRef = 1478E996220C59B9006AF8B3 /* ExampleListVC.swift */; };
		1478E99C220C59BC006AF8B3 /* Assets.xcassets in Resources */ = {isa = PBXBuildFile; fileRef = 1478E99B220C59BC006AF8B3 /* Assets.xcassets */; };
		1478E99F220C59BC006AF8B3 /* LaunchScreen.storyboard in Resources */ = {isa = PBXBuildFile; fileRef = 1478E99D220C59BC006AF8B3 /* LaunchScreen.storyboard */; };
		1478E9B1220C5D1E006AF8B3 /* SingleSectionCollectionComponentViewController.swift in Sources */ = {isa = PBXBuildFile; fileRef = 1478E9B0220C5D1E006AF8B3 /* SingleSectionCollectionComponentViewController.swift */; };
		1498048B225F27320044194C /* CyanicNoFadeFlowLayout.swift in Sources */ = {isa = PBXBuildFile; fileRef = 1498048A225F27320044194C /* CyanicNoFadeFlowLayout.swift */; };
		1498048E22607A720044194C /* ExampleViewModel.swift in Sources */ = {isa = PBXBuildFile; fileRef = 1498048D22607A720044194C /* ExampleViewModel.swift */; };
		1498049122608F900044194C /* SectionController.swift in Sources */ = {isa = PBXBuildFile; fileRef = 1498048F22608F8C0044194C /* SectionController.swift */; };
		14980493226097610044194C /* DataSourceControllers+Cyanic.swift in Sources */ = {isa = PBXBuildFile; fileRef = 14980492226097610044194C /* DataSourceControllers+Cyanic.swift */; };
		149804952260ABEA0044194C /* MultiSectionCollectionComponentViewController.swift in Sources */ = {isa = PBXBuildFile; fileRef = 149804942260ABEA0044194C /* MultiSectionCollectionComponentViewController.swift */; };
		149804972260ACA20044194C /* CollectionComponentViewController.swift in Sources */ = {isa = PBXBuildFile; fileRef = 149804962260ACA20044194C /* CollectionComponentViewController.swift */; };
		149804992260C2070044194C /* ComponentSupplementaryView.swift in Sources */ = {isa = PBXBuildFile; fileRef = 149804982260C2070044194C /* ComponentSupplementaryView.swift */; };
		1498049C2260CE030044194C /* ExampleSectionedVC.swift in Sources */ = {isa = PBXBuildFile; fileRef = 1498049B2260CE030044194C /* ExampleSectionedVC.swift */; };
		1498049E2260D8340044194C /* MultiSectionController.swift in Sources */ = {isa = PBXBuildFile; fileRef = 1498049D2260D8340044194C /* MultiSectionController.swift */; };
		149A29DF22648FFB0074AC08 /* SingleSectionTableComponentViewController.swift in Sources */ = {isa = PBXBuildFile; fileRef = 149A29DE22648FFB0074AC08 /* SingleSectionTableComponentViewController.swift */; };
		149D5B8F221B33A100482F28 /* ComponentsController.swift in Sources */ = {isa = PBXBuildFile; fileRef = 149D5B8E221B33A100482F28 /* ComponentsController.swift */; };
		14A16529225C68F50031517C /* TextFieldComponentType.swift in Sources */ = {isa = PBXBuildFile; fileRef = 14A16528225C68F50031517C /* TextFieldComponentType.swift */; };
		14A1652B225C69050031517C /* TextFieldComponent.swift in Sources */ = {isa = PBXBuildFile; fileRef = 14A1652A225C69050031517C /* TextFieldComponent.swift */; };
		14A1652D225C69190031517C /* TextFieldComponentLayout.swift in Sources */ = {isa = PBXBuildFile; fileRef = 14A1652C225C69190031517C /* TextFieldComponentLayout.swift */; };
		14A4576422464434006E75C6 /* StateObservableBuilder.swift in Sources */ = {isa = PBXBuildFile; fileRef = 14A4576322464434006E75C6 /* StateObservableBuilder.swift */; };
		14A4576922468D9E006E75C6 /* Array+Cyanic.swift in Sources */ = {isa = PBXBuildFile; fileRef = 14A4576822468D9E006E75C6 /* Array+Cyanic.swift */; };
		14A4576B22468E0F006E75C6 /* AnyViewModel.swift in Sources */ = {isa = PBXBuildFile; fileRef = 14A4576A22468E0F006E75C6 /* AnyViewModel.swift */; };
		14A5606C228ABEAE009DEEA3 /* SizedComponentType.swift in Sources */ = {isa = PBXBuildFile; fileRef = 14A5606B228ABEAE009DEEA3 /* SizedComponentType.swift */; };
		14A5606E228ABFF2009DEEA3 /* SizedComponent.swift in Sources */ = {isa = PBXBuildFile; fileRef = 14A5606D228ABFF2009DEEA3 /* SizedComponent.swift */; };
		14A56070228AC06F009DEEA3 /* SizedComponentLayout.swift in Sources */ = {isa = PBXBuildFile; fileRef = 14A5606F228AC06F009DEEA3 /* SizedComponentLayout.swift */; };
		14A56072228B5D77009DEEA3 /* AsyncTests.swift in Sources */ = {isa = PBXBuildFile; fileRef = 14A56071228B5D77009DEEA3 /* AsyncTests.swift */; };
		14A56074228B6541009DEEA3 /* CyanicError.swift in Sources */ = {isa = PBXBuildFile; fileRef = 14A56073228B6541009DEEA3 /* CyanicError.swift */; };
		14A7EE08224F6B13007FAB4D /* AutoEquatableComponent+Cyanic.swift in Sources */ = {isa = PBXBuildFile; fileRef = 14A7EE05224F6B13007FAB4D /* AutoEquatableComponent+Cyanic.swift */; };
		14A7EE0A224F6B13007FAB4D /* AutoHashableComponent+Cyanic.swift in Sources */ = {isa = PBXBuildFile; fileRef = 14A7EE07224F6B13007FAB4D /* AutoHashableComponent+Cyanic.swift */; };
		14AB6B0C228DE0700039C0EF /* TextViewComponentType.swift in Sources */ = {isa = PBXBuildFile; fileRef = 14AB6B0B228DE0700039C0EF /* TextViewComponentType.swift */; };
		14AB6B0E228DE15D0039C0EF /* TextViewComponent.swift in Sources */ = {isa = PBXBuildFile; fileRef = 14AB6B0D228DE15D0039C0EF /* TextViewComponent.swift */; };
		14AB6B10228DE1CF0039C0EF /* TextViewComponentLayout.swift in Sources */ = {isa = PBXBuildFile; fileRef = 14AB6B0F228DE1CF0039C0EF /* TextViewComponentLayout.swift */; };
		14B01E3E22271D5C00EE0A9A /* ButtonComponentType.swift in Sources */ = {isa = PBXBuildFile; fileRef = 14B01E3D22271D5C00EE0A9A /* ButtonComponentType.swift */; };
		14C1E3E022104A330053E318 /* ButtonComponentLayout.swift in Sources */ = {isa = PBXBuildFile; fileRef = 14C1E3DF22104A330053E318 /* ButtonComponentLayout.swift */; };
		14C2372A231293DF00E97DDE /* StaticLabelComponent.swift in Sources */ = {isa = PBXBuildFile; fileRef = 14C23729231293DF00E97DDE /* StaticLabelComponent.swift */; };
		14C2372C2312940400E97DDE /* StaticLabelComponentType.swift in Sources */ = {isa = PBXBuildFile; fileRef = 14C2372B2312940400E97DDE /* StaticLabelComponentType.swift */; };
		14C2372E2312943900E97DDE /* StaticLabelComponentLayout.swift in Sources */ = {isa = PBXBuildFile; fileRef = 14C2372D2312943900E97DDE /* StaticLabelComponentLayout.swift */; };
		14C324DA2243728600FA6496 /* CyanicViewController.swift in Sources */ = {isa = PBXBuildFile; fileRef = 14C324D92243728600FA6496 /* CyanicViewController.swift */; };
		14C324DC2243827E00FA6496 /* StateStoreTests.swift in Sources */ = {isa = PBXBuildFile; fileRef = 14C324DB2243827E00FA6496 /* StateStoreTests.swift */; };
		14C96F082211C30F00731265 /* Constants.swift in Sources */ = {isa = PBXBuildFile; fileRef = 14C96F072211C30F00731265 /* Constants.swift */; };
		14CBAFEB222D1351002D2768 /* AbstractViewModel.swift in Sources */ = {isa = PBXBuildFile; fileRef = 14CBAFEA222D1351002D2768 /* AbstractViewModel.swift */; };
		14CBB025222D4899002D2768 /* ExpandableContentLayout.swift in Sources */ = {isa = PBXBuildFile; fileRef = 14CBB024222D4899002D2768 /* ExpandableContentLayout.swift */; };
		14CBB027222D71E9002D2768 /* UserInterfaceModel.swift in Sources */ = {isa = PBXBuildFile; fileRef = 14CBB026222D71E9002D2768 /* UserInterfaceModel.swift */; };
		14CBB029222E7287002D2768 /* CGSize+Cyanic.swift in Sources */ = {isa = PBXBuildFile; fileRef = 14CBB028222E7287002D2768 /* CGSize+Cyanic.swift */; };
		14CBB02B222E7C1C002D2768 /* Selectable.swift in Sources */ = {isa = PBXBuildFile; fileRef = 14CBB02A222E7C1C002D2768 /* Selectable.swift */; };
		14CBC9CD220C57BB00597FAA /* Component.swift in Sources */ = {isa = PBXBuildFile; fileRef = 14CBC9CC220C57BB00597FAA /* Component.swift */; };
		14D5112A22313DBF00EEAC0F /* ChildVCComponentType.swift in Sources */ = {isa = PBXBuildFile; fileRef = 14D5112922313DBF00EEAC0F /* ChildVCComponentType.swift */; };
		14D5112C2231A15200EEAC0F /* ChildVCComponent.swift in Sources */ = {isa = PBXBuildFile; fileRef = 14D5112B2231A15200EEAC0F /* ChildVCComponent.swift */; };
		14D5112E2231A6CA00EEAC0F /* ChildVCComponentLayout.swift in Sources */ = {isa = PBXBuildFile; fileRef = 14D5112D2231A6CA00EEAC0F /* ChildVCComponentLayout.swift */; };
		14D511302231B2E500EEAC0F /* CyanicChildVCType.swift in Sources */ = {isa = PBXBuildFile; fileRef = 14D5112F2231B2E500EEAC0F /* CyanicChildVCType.swift */; };
		14DB258E22949E4F00ADADA8 /* CyanicTextFieldDelegateProxy.swift in Sources */ = {isa = PBXBuildFile; fileRef = 14DB258D22949E4F00ADADA8 /* CyanicTextFieldDelegateProxy.swift */; };
		14DB25902295528700ADADA8 /* CyanicTextViewDelegateProxy.swift in Sources */ = {isa = PBXBuildFile; fileRef = 14DB258F2295528700ADADA8 /* CyanicTextViewDelegateProxy.swift */; };
		14DE09D7226620ED001C395F /* Cyanic.framework in Frameworks */ = {isa = PBXBuildFile; fileRef = 145AD74D220B1EBE004F02C2 /* Cyanic.framework */; };
		14DE09D8226620ED001C395F /* Cyanic.framework in Embed Frameworks */ = {isa = PBXBuildFile; fileRef = 145AD74D220B1EBE004F02C2 /* Cyanic.framework */; settings = {ATTRIBUTES = (CodeSignOnCopy, RemoveHeadersOnCopy, ); }; };
		14E424C7220E5B8D006BAA4F /* CollectionComponentCell.swift in Sources */ = {isa = PBXBuildFile; fileRef = 14E424C6220E5B8D006BAA4F /* CollectionComponentCell.swift */; };
		14E424CD220E8CB6006BAA4F /* ComponentLayout.swift in Sources */ = {isa = PBXBuildFile; fileRef = 14E424CC220E8CB6006BAA4F /* ComponentLayout.swift */; };
		14F06052224B58E700CC62B0 /* ExampleListState.swift in Sources */ = {isa = PBXBuildFile; fileRef = 14F06051224B58E700CC62B0 /* ExampleListState.swift */; };
		14F06054224B591200CC62B0 /* ExampleListViewModel.swift in Sources */ = {isa = PBXBuildFile; fileRef = 14F06053224B591200CC62B0 /* ExampleListViewModel.swift */; };
		14F06056224B593500CC62B0 /* ChildVC.swift in Sources */ = {isa = PBXBuildFile; fileRef = 14F06055224B593500CC62B0 /* ChildVC.swift */; };
		14F06058224B5A9A00CC62B0 /* ExampleCounterViewModel.swift in Sources */ = {isa = PBXBuildFile; fileRef = 14F06057224B5A9A00CC62B0 /* ExampleCounterViewModel.swift */; };
		14F0605A224B5AB900CC62B0 /* ExampleCounterState.swift in Sources */ = {isa = PBXBuildFile; fileRef = 14F06059224B5AB900CC62B0 /* ExampleCounterState.swift */; };
		14F0605C224B5B8500CC62B0 /* UsernameViewModel+PasswordViewModel.swift in Sources */ = {isa = PBXBuildFile; fileRef = 14F0605B224B5B8500CC62B0 /* UsernameViewModel+PasswordViewModel.swift */; };
		14F0605E224B5BC400CC62B0 /* UsernameState+PasswordState.swift in Sources */ = {isa = PBXBuildFile; fileRef = 14F0605D224B5BC400CC62B0 /* UsernameState+PasswordState.swift */; };
		14F6BD7A2229461A008B0692 /* StaticSpacingComponentType.swift in Sources */ = {isa = PBXBuildFile; fileRef = 14F6BD792229461A008B0692 /* StaticSpacingComponentType.swift */; };
		14F6BD7C22294CFC008B0692 /* StaticTextComponentType.swift in Sources */ = {isa = PBXBuildFile; fileRef = 14F6BD7B22294CFC008B0692 /* StaticTextComponentType.swift */; };
		14F6BD7E22295A3E008B0692 /* ExpandableComponentType.swift in Sources */ = {isa = PBXBuildFile; fileRef = 14F6BD7D22295A3E008B0692 /* ExpandableComponentType.swift */; };
		14F6BD802229738A008B0692 /* Copyable.swift in Sources */ = {isa = PBXBuildFile; fileRef = 14F6BD7F2229738A008B0692 /* Copyable.swift */; };
		14FB368522FB2AD300681985 /* ComponentView.swift in Sources */ = {isa = PBXBuildFile; fileRef = 14FB368422FB2AD300681985 /* ComponentView.swift */; };
		3CBB8E98E4B0FCB3EF6121D8 /* Pods_Tests.framework in Frameworks */ = {isa = PBXBuildFile; fileRef = 730F77D4A7854D2322155566 /* Pods_Tests.framework */; };
		A04C2BBF254770C7996B36CE /* Pods_Cyanic.framework in Frameworks */ = {isa = PBXBuildFile; fileRef = 685742A8C23801FBEAE7465F /* Pods_Cyanic.framework */; };
		D925B76B81288DEF77D9C3D3 /* Pods_Example.framework in Frameworks */ = {isa = PBXBuildFile; fileRef = 862E1FCF7C1377E32F906DC0 /* Pods_Example.framework */; };
/* End PBXBuildFile section */

/* Begin PBXContainerItemProxy section */
		145AD758220B1EBF004F02C2 /* PBXContainerItemProxy */ = {
			isa = PBXContainerItemProxy;
			containerPortal = 145AD744220B1EBE004F02C2 /* Project object */;
			proxyType = 1;
			remoteGlobalIDString = 145AD74C220B1EBE004F02C2;
			remoteInfo = "MvRx-iOS";
		};
		14DE09D9226620ED001C395F /* PBXContainerItemProxy */ = {
			isa = PBXContainerItemProxy;
			containerPortal = 145AD744220B1EBE004F02C2 /* Project object */;
			proxyType = 1;
			remoteGlobalIDString = 145AD74C220B1EBE004F02C2;
			remoteInfo = Cyanic;
		};
/* End PBXContainerItemProxy section */

/* Begin PBXCopyFilesBuildPhase section */
		14DE09DB226620ED001C395F /* Embed Frameworks */ = {
			isa = PBXCopyFilesBuildPhase;
			buildActionMask = 2147483647;
			dstPath = "";
			dstSubfolderSpec = 10;
			files = (
				14DE09D8226620ED001C395F /* Cyanic.framework in Embed Frameworks */,
			);
			name = "Embed Frameworks";
			runOnlyForDeploymentPostprocessing = 0;
		};
/* End PBXCopyFilesBuildPhase section */

/* Begin PBXFileReference section */
		03006A39C0BA1B531F085BEB /* Pods-FFUFComponents.release.xcconfig */ = {isa = PBXFileReference; includeInIndex = 1; lastKnownFileType = text.xcconfig; name = "Pods-FFUFComponents.release.xcconfig"; path = "Target Support Files/Pods-FFUFComponents/Pods-FFUFComponents.release.xcconfig"; sourceTree = "<group>"; };
		141315B42235924500513FD9 /* ExampleLoginVC.swift */ = {isa = PBXFileReference; lastKnownFileType = sourcecode.swift; path = ExampleLoginVC.swift; sourceTree = "<group>"; };
		142C44FF2235A105002360F5 /* ThrottleType.swift */ = {isa = PBXFileReference; lastKnownFileType = sourcecode.swift; path = ThrottleType.swift; sourceTree = "<group>"; };
		142C45122238F7AB002360F5 /* AutoGenerateComponentExtensions.swifttemplate */ = {isa = PBXFileReference; lastKnownFileType = text; path = AutoGenerateComponentExtensions.swifttemplate; sourceTree = "<group>"; };
		142C451822392C09002360F5 /* ComponentStateValidator.swift */ = {isa = PBXFileReference; lastKnownFileType = sourcecode.swift; path = ComponentStateValidator.swift; sourceTree = "<group>"; };
		142C451B223939DB002360F5 /* Async.swift */ = {isa = PBXFileReference; lastKnownFileType = sourcecode.swift; path = Async.swift; sourceTree = "<group>"; };
		142C451E223B0175002360F5 /* StateStore.swift */ = {isa = PBXFileReference; lastKnownFileType = sourcecode.swift; path = StateStore.swift; sourceTree = "<group>"; };
		142C4520223BB36C002360F5 /* GlobalFunctions.swift */ = {isa = PBXFileReference; lastKnownFileType = sourcecode.swift; path = GlobalFunctions.swift; sourceTree = "<group>"; };
		1437BDC52215573300A35FFE /* AnyComponent.swift */ = {isa = PBXFileReference; lastKnownFileType = sourcecode.swift; path = AnyComponent.swift; sourceTree = "<group>"; };
		1437BDC922157C4F00A35FFE /* ViewModel.swift */ = {isa = PBXFileReference; lastKnownFileType = sourcecode.swift; path = ViewModel.swift; sourceTree = "<group>"; };
		1437BDCB22157FC300A35FFE /* State.swift */ = {isa = PBXFileReference; lastKnownFileType = sourcecode.swift; path = State.swift; sourceTree = "<group>"; };
		1437BDCD2215AEA400A35FFE /* StaticSpacingComponent.swift */ = {isa = PBXFileReference; lastKnownFileType = sourcecode.swift; path = StaticSpacingComponent.swift; sourceTree = "<group>"; };
		1437BDD02215AFF900A35FFE /* StaticSpacingComponentLayout.swift */ = {isa = PBXFileReference; lastKnownFileType = sourcecode.swift; path = StaticSpacingComponentLayout.swift; sourceTree = "<group>"; };
		1437BDD22215B56F00A35FFE /* StaticTextComponentLayout.swift */ = {isa = PBXFileReference; lastKnownFileType = sourcecode.swift; path = StaticTextComponentLayout.swift; sourceTree = "<group>"; };
		1437BDD52215B75100A35FFE /* StaticTextComponent.swift */ = {isa = PBXFileReference; lastKnownFileType = sourcecode.swift; path = StaticTextComponent.swift; sourceTree = "<group>"; };
		1437BDD82215BA6000A35FFE /* Text+Cyanic.swift */ = {isa = PBXFileReference; lastKnownFileType = sourcecode.swift; path = "Text+Cyanic.swift"; sourceTree = "<group>"; };
		1437BDDB2216C17200A35FFE /* ExpandableComponent.swift */ = {isa = PBXFileReference; lastKnownFileType = sourcecode.swift; path = ExpandableComponent.swift; sourceTree = "<group>"; };
		1437BDDD2216C18A00A35FFE /* ExpandableComponentLayout.swift */ = {isa = PBXFileReference; lastKnownFileType = sourcecode.swift; path = ExpandableComponentLayout.swift; sourceTree = "<group>"; };
		1443607A2247B70F0090FCF9 /* CyanicViewControllerTests.swift */ = {isa = PBXFileReference; lastKnownFileType = sourcecode.swift; path = CyanicViewControllerTests.swift; sourceTree = "<group>"; };
		1443607C2247BC0E0090FCF9 /* ExampleCounterVC.swift */ = {isa = PBXFileReference; lastKnownFileType = sourcecode.swift; path = ExampleCounterVC.swift; sourceTree = "<group>"; };
		1443607E2247CF800090FCF9 /* BaseComponentVCTests.swift */ = {isa = PBXFileReference; lastKnownFileType = sourcecode.swift; path = BaseComponentVCTests.swift; sourceTree = "<group>"; };
		14496DB522273CE000C5C278 /* ButtonComponent.swift */ = {isa = PBXFileReference; lastKnownFileType = sourcecode.swift; path = ButtonComponent.swift; sourceTree = "<group>"; };
		14496DB92228714200C5C278 /* AutoGenerateComponent.stencil */ = {isa = PBXFileReference; lastKnownFileType = text; path = AutoGenerateComponent.stencil; sourceTree = "<group>"; };
		145AD74D220B1EBE004F02C2 /* Cyanic.framework */ = {isa = PBXFileReference; explicitFileType = wrapper.framework; includeInIndex = 0; path = Cyanic.framework; sourceTree = BUILT_PRODUCTS_DIR; };
		145AD750220B1EBE004F02C2 /* FFUFComponents.h */ = {isa = PBXFileReference; lastKnownFileType = sourcecode.c.h; path = FFUFComponents.h; sourceTree = "<group>"; };
		145AD751220B1EBE004F02C2 /* Info.plist */ = {isa = PBXFileReference; lastKnownFileType = text.plist.xml; path = Info.plist; sourceTree = "<group>"; };
		145AD756220B1EBF004F02C2 /* Tests.xctest */ = {isa = PBXFileReference; explicitFileType = wrapper.cfbundle; includeInIndex = 0; path = Tests.xctest; sourceTree = BUILT_PRODUCTS_DIR; };
		145AD75B220B1EBF004F02C2 /* ViewModelTests.swift */ = {isa = PBXFileReference; lastKnownFileType = sourcecode.swift; path = ViewModelTests.swift; sourceTree = "<group>"; };
		145AD75D220B1EBF004F02C2 /* Info.plist */ = {isa = PBXFileReference; lastKnownFileType = text.plist.xml; path = Info.plist; sourceTree = "<group>"; };
		145D4E9F225DF602005F3531 /* DividerLine.swift */ = {isa = PBXFileReference; lastKnownFileType = sourcecode.swift; path = DividerLine.swift; sourceTree = "<group>"; };
		14609BA322635B77007B2AFC /* TableComponentCell.swift */ = {isa = PBXFileReference; lastKnownFileType = sourcecode.swift; path = TableComponentCell.swift; sourceTree = "<group>"; };
		14609BA522635BF3007B2AFC /* TableComponentSectionView.swift */ = {isa = PBXFileReference; lastKnownFileType = sourcecode.swift; path = TableComponentSectionView.swift; sourceTree = "<group>"; };
		14609BA722635C70007B2AFC /* TableComponentViewController.swift */ = {isa = PBXFileReference; lastKnownFileType = sourcecode.swift; path = TableComponentViewController.swift; sourceTree = "<group>"; };
		14609BA922635E06007B2AFC /* MultiSectionTableComponentViewController.swift */ = {isa = PBXFileReference; lastKnownFileType = sourcecode.swift; path = MultiSectionTableComponentViewController.swift; sourceTree = "<group>"; };
		14609BAB22636805007B2AFC /* Size.swift */ = {isa = PBXFileReference; lastKnownFileType = sourcecode.swift; path = Size.swift; sourceTree = "<group>"; };
		14609BAD226378A5007B2AFC /* ComponentViewController.swift */ = {isa = PBXFileReference; lastKnownFileType = sourcecode.swift; path = ComponentViewController.swift; sourceTree = "<group>"; };
		1470FDD5223BCE0C008CDD25 /* Alacrity.framework */ = {isa = PBXFileReference; explicitFileType = wrapper.framework; path = Alacrity.framework; sourceTree = BUILT_PRODUCTS_DIR; };
		1470FDD7223BCE0C008CDD25 /* Differentiator.framework */ = {isa = PBXFileReference; explicitFileType = wrapper.framework; path = Differentiator.framework; sourceTree = BUILT_PRODUCTS_DIR; };
		1470FDD9223BCE0C008CDD25 /* FFUFWidgets.framework */ = {isa = PBXFileReference; explicitFileType = wrapper.framework; path = FFUFWidgets.framework; sourceTree = BUILT_PRODUCTS_DIR; };
		1470FDDB223BCE0C008CDD25 /* Kio.framework */ = {isa = PBXFileReference; explicitFileType = wrapper.framework; path = Kio.framework; sourceTree = BUILT_PRODUCTS_DIR; };
		1470FDDD223BCE0C008CDD25 /* LayoutKit.framework */ = {isa = PBXFileReference; explicitFileType = wrapper.framework; path = LayoutKit.framework; sourceTree = BUILT_PRODUCTS_DIR; };
		1470FDDF223BCE0C008CDD25 /* Nimble.framework */ = {isa = PBXFileReference; explicitFileType = wrapper.framework; path = Nimble.framework; sourceTree = BUILT_PRODUCTS_DIR; };
		1470FDE5223BCE0C008CDD25 /* Quick.framework */ = {isa = PBXFileReference; explicitFileType = wrapper.framework; path = Quick.framework; sourceTree = BUILT_PRODUCTS_DIR; };
		1470FDE7223BCE0C008CDD25 /* RxAtomic.framework */ = {isa = PBXFileReference; explicitFileType = wrapper.framework; path = RxAtomic.framework; sourceTree = BUILT_PRODUCTS_DIR; };
		1470FDE9223BCE0C008CDD25 /* RxCocoa.framework */ = {isa = PBXFileReference; explicitFileType = wrapper.framework; path = RxCocoa.framework; sourceTree = BUILT_PRODUCTS_DIR; };
		1470FDEB223BCE0C008CDD25 /* RxDataSources.framework */ = {isa = PBXFileReference; explicitFileType = wrapper.framework; path = RxDataSources.framework; sourceTree = BUILT_PRODUCTS_DIR; };
		1470FDED223BCE0C008CDD25 /* RxSwift.framework */ = {isa = PBXFileReference; explicitFileType = wrapper.framework; path = RxSwift.framework; sourceTree = BUILT_PRODUCTS_DIR; };
		147425FC23214EA0008344D5 /* .gitignore */ = {isa = PBXFileReference; lastKnownFileType = text; path = .gitignore; sourceTree = "<group>"; };
		1478E992220C59B9006AF8B3 /* Example.app */ = {isa = PBXFileReference; explicitFileType = wrapper.application; includeInIndex = 0; path = Example.app; sourceTree = BUILT_PRODUCTS_DIR; };
		1478E994220C59B9006AF8B3 /* AppDelegate.swift */ = {isa = PBXFileReference; lastKnownFileType = sourcecode.swift; path = AppDelegate.swift; sourceTree = "<group>"; };
		1478E996220C59B9006AF8B3 /* ExampleListVC.swift */ = {isa = PBXFileReference; lastKnownFileType = sourcecode.swift; path = ExampleListVC.swift; sourceTree = "<group>"; };
		1478E99B220C59BC006AF8B3 /* Assets.xcassets */ = {isa = PBXFileReference; lastKnownFileType = folder.assetcatalog; path = Assets.xcassets; sourceTree = "<group>"; };
		1478E99E220C59BC006AF8B3 /* Base */ = {isa = PBXFileReference; lastKnownFileType = file.storyboard; name = Base; path = Base.lproj/LaunchScreen.storyboard; sourceTree = "<group>"; };
		1478E9A0220C59BC006AF8B3 /* Info.plist */ = {isa = PBXFileReference; lastKnownFileType = text.plist.xml; path = Info.plist; sourceTree = "<group>"; };
		1478E9B0220C5D1E006AF8B3 /* SingleSectionCollectionComponentViewController.swift */ = {isa = PBXFileReference; lastKnownFileType = sourcecode.swift; path = SingleSectionCollectionComponentViewController.swift; sourceTree = "<group>"; };
		1498048A225F27320044194C /* CyanicNoFadeFlowLayout.swift */ = {isa = PBXFileReference; lastKnownFileType = sourcecode.swift; path = CyanicNoFadeFlowLayout.swift; sourceTree = "<group>"; };
		1498048D22607A720044194C /* ExampleViewModel.swift */ = {isa = PBXFileReference; lastKnownFileType = sourcecode.swift; path = ExampleViewModel.swift; sourceTree = "<group>"; };
		1498048F22608F8C0044194C /* SectionController.swift */ = {isa = PBXFileReference; lastKnownFileType = sourcecode.swift; path = SectionController.swift; sourceTree = "<group>"; };
		14980492226097610044194C /* DataSourceControllers+Cyanic.swift */ = {isa = PBXFileReference; fileEncoding = 4; lastKnownFileType = sourcecode.swift; path = "DataSourceControllers+Cyanic.swift"; sourceTree = "<group>"; };
		149804942260ABEA0044194C /* MultiSectionCollectionComponentViewController.swift */ = {isa = PBXFileReference; lastKnownFileType = sourcecode.swift; path = MultiSectionCollectionComponentViewController.swift; sourceTree = "<group>"; };
		149804962260ACA20044194C /* CollectionComponentViewController.swift */ = {isa = PBXFileReference; lastKnownFileType = sourcecode.swift; path = CollectionComponentViewController.swift; sourceTree = "<group>"; };
		149804982260C2070044194C /* ComponentSupplementaryView.swift */ = {isa = PBXFileReference; lastKnownFileType = sourcecode.swift; path = ComponentSupplementaryView.swift; sourceTree = "<group>"; };
		1498049B2260CE030044194C /* ExampleSectionedVC.swift */ = {isa = PBXFileReference; lastKnownFileType = sourcecode.swift; path = ExampleSectionedVC.swift; sourceTree = "<group>"; };
		1498049D2260D8340044194C /* MultiSectionController.swift */ = {isa = PBXFileReference; lastKnownFileType = sourcecode.swift; path = MultiSectionController.swift; sourceTree = "<group>"; };
		149A29DE22648FFB0074AC08 /* SingleSectionTableComponentViewController.swift */ = {isa = PBXFileReference; lastKnownFileType = sourcecode.swift; path = SingleSectionTableComponentViewController.swift; sourceTree = "<group>"; };
		149D5B8E221B33A100482F28 /* ComponentsController.swift */ = {isa = PBXFileReference; fileEncoding = 4; lastKnownFileType = sourcecode.swift; path = ComponentsController.swift; sourceTree = "<group>"; };
		14A16528225C68F50031517C /* TextFieldComponentType.swift */ = {isa = PBXFileReference; lastKnownFileType = sourcecode.swift; path = TextFieldComponentType.swift; sourceTree = "<group>"; };
		14A1652A225C69050031517C /* TextFieldComponent.swift */ = {isa = PBXFileReference; lastKnownFileType = sourcecode.swift; path = TextFieldComponent.swift; sourceTree = "<group>"; };
		14A1652C225C69190031517C /* TextFieldComponentLayout.swift */ = {isa = PBXFileReference; lastKnownFileType = sourcecode.swift; path = TextFieldComponentLayout.swift; sourceTree = "<group>"; };
		14A4576322464434006E75C6 /* StateObservableBuilder.swift */ = {isa = PBXFileReference; lastKnownFileType = sourcecode.swift; path = StateObservableBuilder.swift; sourceTree = "<group>"; };
		14A4576822468D9E006E75C6 /* Array+Cyanic.swift */ = {isa = PBXFileReference; lastKnownFileType = sourcecode.swift; path = "Array+Cyanic.swift"; sourceTree = "<group>"; };
		14A4576A22468E0F006E75C6 /* AnyViewModel.swift */ = {isa = PBXFileReference; lastKnownFileType = sourcecode.swift; path = AnyViewModel.swift; sourceTree = "<group>"; };
		14A5606B228ABEAE009DEEA3 /* SizedComponentType.swift */ = {isa = PBXFileReference; lastKnownFileType = sourcecode.swift; path = SizedComponentType.swift; sourceTree = "<group>"; };
		14A5606D228ABFF2009DEEA3 /* SizedComponent.swift */ = {isa = PBXFileReference; lastKnownFileType = sourcecode.swift; path = SizedComponent.swift; sourceTree = "<group>"; };
		14A5606F228AC06F009DEEA3 /* SizedComponentLayout.swift */ = {isa = PBXFileReference; lastKnownFileType = sourcecode.swift; path = SizedComponentLayout.swift; sourceTree = "<group>"; };
		14A56071228B5D77009DEEA3 /* AsyncTests.swift */ = {isa = PBXFileReference; lastKnownFileType = sourcecode.swift; path = AsyncTests.swift; sourceTree = "<group>"; };
		14A56073228B6541009DEEA3 /* CyanicError.swift */ = {isa = PBXFileReference; lastKnownFileType = sourcecode.swift; path = CyanicError.swift; sourceTree = "<group>"; };
		14A7EE05224F6B13007FAB4D /* AutoEquatableComponent+Cyanic.swift */ = {isa = PBXFileReference; fileEncoding = 4; lastKnownFileType = sourcecode.swift; path = "AutoEquatableComponent+Cyanic.swift"; sourceTree = "<group>"; };
		14A7EE07224F6B13007FAB4D /* AutoHashableComponent+Cyanic.swift */ = {isa = PBXFileReference; fileEncoding = 4; lastKnownFileType = sourcecode.swift; path = "AutoHashableComponent+Cyanic.swift"; sourceTree = "<group>"; };
		14AB6B0B228DE0700039C0EF /* TextViewComponentType.swift */ = {isa = PBXFileReference; lastKnownFileType = sourcecode.swift; path = TextViewComponentType.swift; sourceTree = "<group>"; };
		14AB6B0D228DE15D0039C0EF /* TextViewComponent.swift */ = {isa = PBXFileReference; lastKnownFileType = sourcecode.swift; path = TextViewComponent.swift; sourceTree = "<group>"; };
		14AB6B0F228DE1CF0039C0EF /* TextViewComponentLayout.swift */ = {isa = PBXFileReference; lastKnownFileType = sourcecode.swift; path = TextViewComponentLayout.swift; sourceTree = "<group>"; };
		14B01E3D22271D5C00EE0A9A /* ButtonComponentType.swift */ = {isa = PBXFileReference; lastKnownFileType = sourcecode.swift; path = ButtonComponentType.swift; sourceTree = "<group>"; };
		14B01E40222723E200EE0A9A /* AutoHashableComponent.stencil */ = {isa = PBXFileReference; lastKnownFileType = text; path = AutoHashableComponent.stencil; sourceTree = "<group>"; };
		14B01E41222723E200EE0A9A /* AutoEquatableComponent.stencil */ = {isa = PBXFileReference; lastKnownFileType = text; path = AutoEquatableComponent.stencil; sourceTree = "<group>"; };
		14BC91F4228061F600464771 /* CyanicDataSources.swift */ = {isa = PBXFileReference; lastKnownFileType = sourcecode.swift; path = CyanicDataSources.swift; sourceTree = "<group>"; };
		14C1E3DF22104A330053E318 /* ButtonComponentLayout.swift */ = {isa = PBXFileReference; lastKnownFileType = sourcecode.swift; path = ButtonComponentLayout.swift; sourceTree = "<group>"; };
		14C23729231293DF00E97DDE /* StaticLabelComponent.swift */ = {isa = PBXFileReference; lastKnownFileType = sourcecode.swift; path = StaticLabelComponent.swift; sourceTree = "<group>"; };
		14C2372B2312940400E97DDE /* StaticLabelComponentType.swift */ = {isa = PBXFileReference; lastKnownFileType = sourcecode.swift; path = StaticLabelComponentType.swift; sourceTree = "<group>"; };
		14C2372D2312943900E97DDE /* StaticLabelComponentLayout.swift */ = {isa = PBXFileReference; lastKnownFileType = sourcecode.swift; path = StaticLabelComponentLayout.swift; sourceTree = "<group>"; };
		14C324D92243728600FA6496 /* CyanicViewController.swift */ = {isa = PBXFileReference; lastKnownFileType = sourcecode.swift; path = CyanicViewController.swift; sourceTree = "<group>"; };
		14C324DB2243827E00FA6496 /* StateStoreTests.swift */ = {isa = PBXFileReference; lastKnownFileType = sourcecode.swift; path = StateStoreTests.swift; sourceTree = "<group>"; };
		14C96F072211C30F00731265 /* Constants.swift */ = {isa = PBXFileReference; lastKnownFileType = sourcecode.swift; path = Constants.swift; sourceTree = "<group>"; };
		14CBAFEA222D1351002D2768 /* AbstractViewModel.swift */ = {isa = PBXFileReference; lastKnownFileType = sourcecode.swift; path = AbstractViewModel.swift; sourceTree = "<group>"; };
		14CBB024222D4899002D2768 /* ExpandableContentLayout.swift */ = {isa = PBXFileReference; lastKnownFileType = sourcecode.swift; path = ExpandableContentLayout.swift; sourceTree = "<group>"; };
		14CBB026222D71E9002D2768 /* UserInterfaceModel.swift */ = {isa = PBXFileReference; lastKnownFileType = sourcecode.swift; path = UserInterfaceModel.swift; sourceTree = "<group>"; };
		14CBB028222E7287002D2768 /* CGSize+Cyanic.swift */ = {isa = PBXFileReference; lastKnownFileType = sourcecode.swift; path = "CGSize+Cyanic.swift"; sourceTree = "<group>"; };
		14CBB02A222E7C1C002D2768 /* Selectable.swift */ = {isa = PBXFileReference; lastKnownFileType = sourcecode.swift; path = Selectable.swift; sourceTree = "<group>"; };
		14CBB02C222E8CF3002D2768 /* Cyanic.podspec */ = {isa = PBXFileReference; lastKnownFileType = text; path = Cyanic.podspec; sourceTree = "<group>"; };
		14CBB02D222E8E26002D2768 /* LICENSE */ = {isa = PBXFileReference; lastKnownFileType = text; path = LICENSE; sourceTree = "<group>"; };
		14CBB02F222EA929002D2768 /* .swiftlint.yml */ = {isa = PBXFileReference; lastKnownFileType = text; path = .swiftlint.yml; sourceTree = "<group>"; };
		14CBC9CC220C57BB00597FAA /* Component.swift */ = {isa = PBXFileReference; lastKnownFileType = sourcecode.swift; path = Component.swift; sourceTree = "<group>"; };
		14D5112922313DBF00EEAC0F /* ChildVCComponentType.swift */ = {isa = PBXFileReference; lastKnownFileType = sourcecode.swift; path = ChildVCComponentType.swift; sourceTree = "<group>"; };
		14D5112B2231A15200EEAC0F /* ChildVCComponent.swift */ = {isa = PBXFileReference; lastKnownFileType = sourcecode.swift; path = ChildVCComponent.swift; sourceTree = "<group>"; };
		14D5112D2231A6CA00EEAC0F /* ChildVCComponentLayout.swift */ = {isa = PBXFileReference; lastKnownFileType = sourcecode.swift; path = ChildVCComponentLayout.swift; sourceTree = "<group>"; };
		14D5112F2231B2E500EEAC0F /* CyanicChildVCType.swift */ = {isa = PBXFileReference; lastKnownFileType = sourcecode.swift; path = CyanicChildVCType.swift; sourceTree = "<group>"; };
		14DB258D22949E4F00ADADA8 /* CyanicTextFieldDelegateProxy.swift */ = {isa = PBXFileReference; lastKnownFileType = sourcecode.swift; path = CyanicTextFieldDelegateProxy.swift; sourceTree = "<group>"; };
		14DB258F2295528700ADADA8 /* CyanicTextViewDelegateProxy.swift */ = {isa = PBXFileReference; lastKnownFileType = sourcecode.swift; path = CyanicTextViewDelegateProxy.swift; sourceTree = "<group>"; };
		14E424C6220E5B8D006BAA4F /* CollectionComponentCell.swift */ = {isa = PBXFileReference; lastKnownFileType = sourcecode.swift; path = CollectionComponentCell.swift; sourceTree = "<group>"; };
		14E424CC220E8CB6006BAA4F /* ComponentLayout.swift */ = {isa = PBXFileReference; lastKnownFileType = sourcecode.swift; path = ComponentLayout.swift; sourceTree = "<group>"; };
		14E424CF220EE51C006BAA4F /* README.md */ = {isa = PBXFileReference; lastKnownFileType = net.daringfireball.markdown; path = README.md; sourceTree = SOURCE_ROOT; };
		14F06051224B58E700CC62B0 /* ExampleListState.swift */ = {isa = PBXFileReference; lastKnownFileType = sourcecode.swift; path = ExampleListState.swift; sourceTree = "<group>"; };
		14F06053224B591200CC62B0 /* ExampleListViewModel.swift */ = {isa = PBXFileReference; lastKnownFileType = sourcecode.swift; path = ExampleListViewModel.swift; sourceTree = "<group>"; };
		14F06055224B593500CC62B0 /* ChildVC.swift */ = {isa = PBXFileReference; lastKnownFileType = sourcecode.swift; path = ChildVC.swift; sourceTree = "<group>"; };
		14F06057224B5A9A00CC62B0 /* ExampleCounterViewModel.swift */ = {isa = PBXFileReference; lastKnownFileType = sourcecode.swift; path = ExampleCounterViewModel.swift; sourceTree = "<group>"; };
		14F06059224B5AB900CC62B0 /* ExampleCounterState.swift */ = {isa = PBXFileReference; lastKnownFileType = sourcecode.swift; path = ExampleCounterState.swift; sourceTree = "<group>"; };
		14F0605B224B5B8500CC62B0 /* UsernameViewModel+PasswordViewModel.swift */ = {isa = PBXFileReference; lastKnownFileType = sourcecode.swift; path = "UsernameViewModel+PasswordViewModel.swift"; sourceTree = "<group>"; };
		14F0605D224B5BC400CC62B0 /* UsernameState+PasswordState.swift */ = {isa = PBXFileReference; lastKnownFileType = sourcecode.swift; path = "UsernameState+PasswordState.swift"; sourceTree = "<group>"; };
		14F6BD792229461A008B0692 /* StaticSpacingComponentType.swift */ = {isa = PBXFileReference; lastKnownFileType = sourcecode.swift; path = StaticSpacingComponentType.swift; sourceTree = "<group>"; };
		14F6BD7B22294CFC008B0692 /* StaticTextComponentType.swift */ = {isa = PBXFileReference; lastKnownFileType = sourcecode.swift; path = StaticTextComponentType.swift; sourceTree = "<group>"; };
		14F6BD7D22295A3E008B0692 /* ExpandableComponentType.swift */ = {isa = PBXFileReference; lastKnownFileType = sourcecode.swift; path = ExpandableComponentType.swift; sourceTree = "<group>"; };
		14F6BD7F2229738A008B0692 /* Copyable.swift */ = {isa = PBXFileReference; lastKnownFileType = sourcecode.swift; path = Copyable.swift; sourceTree = "<group>"; };
		14FB368422FB2AD300681985 /* ComponentView.swift */ = {isa = PBXFileReference; lastKnownFileType = sourcecode.swift; path = ComponentView.swift; sourceTree = "<group>"; };
		1BF31DBC741F7929C83DE40F /* Pods-Tests.debug.xcconfig */ = {isa = PBXFileReference; includeInIndex = 1; lastKnownFileType = text.xcconfig; name = "Pods-Tests.debug.xcconfig"; path = "Target Support Files/Pods-Tests/Pods-Tests.debug.xcconfig"; sourceTree = "<group>"; };
		3257F016F9341966539EC776 /* Pods-Cyanic.debug.xcconfig */ = {isa = PBXFileReference; includeInIndex = 1; lastKnownFileType = text.xcconfig; name = "Pods-Cyanic.debug.xcconfig"; path = "Target Support Files/Pods-Cyanic/Pods-Cyanic.debug.xcconfig"; sourceTree = "<group>"; };
		479EBB0F43D74C3AD9AFAEF1 /* Pods-Tests.release.xcconfig */ = {isa = PBXFileReference; includeInIndex = 1; lastKnownFileType = text.xcconfig; name = "Pods-Tests.release.xcconfig"; path = "Target Support Files/Pods-Tests/Pods-Tests.release.xcconfig"; sourceTree = "<group>"; };
		685742A8C23801FBEAE7465F /* Pods_Cyanic.framework */ = {isa = PBXFileReference; explicitFileType = wrapper.framework; includeInIndex = 0; path = Pods_Cyanic.framework; sourceTree = BUILT_PRODUCTS_DIR; };
		72EB596E4D7D5F93AF75B284 /* Pods-Cyanic.release.xcconfig */ = {isa = PBXFileReference; includeInIndex = 1; lastKnownFileType = text.xcconfig; name = "Pods-Cyanic.release.xcconfig"; path = "Target Support Files/Pods-Cyanic/Pods-Cyanic.release.xcconfig"; sourceTree = "<group>"; };
		730F77D4A7854D2322155566 /* Pods_Tests.framework */ = {isa = PBXFileReference; explicitFileType = wrapper.framework; includeInIndex = 0; path = Pods_Tests.framework; sourceTree = BUILT_PRODUCTS_DIR; };
		751299F31D4B84C4DC5C0246 /* Pods-FFUFComponents.debug.xcconfig */ = {isa = PBXFileReference; includeInIndex = 1; lastKnownFileType = text.xcconfig; name = "Pods-FFUFComponents.debug.xcconfig"; path = "Target Support Files/Pods-FFUFComponents/Pods-FFUFComponents.debug.xcconfig"; sourceTree = "<group>"; };
		862E1FCF7C1377E32F906DC0 /* Pods_Example.framework */ = {isa = PBXFileReference; explicitFileType = wrapper.framework; includeInIndex = 0; path = Pods_Example.framework; sourceTree = BUILT_PRODUCTS_DIR; };
		9AAD379A2F04502A88BC9632 /* Pods-Example.debug.xcconfig */ = {isa = PBXFileReference; includeInIndex = 1; lastKnownFileType = text.xcconfig; name = "Pods-Example.debug.xcconfig"; path = "Target Support Files/Pods-Example/Pods-Example.debug.xcconfig"; sourceTree = "<group>"; };
		AAE01790233F583D5FA3BB4C /* Pods-Example.release.xcconfig */ = {isa = PBXFileReference; includeInIndex = 1; lastKnownFileType = text.xcconfig; name = "Pods-Example.release.xcconfig"; path = "Target Support Files/Pods-Example/Pods-Example.release.xcconfig"; sourceTree = "<group>"; };
		D4E552E5727508CE2BBC0F70 /* Pods_FFUFComponents.framework */ = {isa = PBXFileReference; explicitFileType = wrapper.framework; includeInIndex = 0; path = Pods_FFUFComponents.framework; sourceTree = BUILT_PRODUCTS_DIR; };
		F000D2A6221C1B6800D10D0D /* .sourcery.yml */ = {isa = PBXFileReference; lastKnownFileType = text; path = .sourcery.yml; sourceTree = "<group>"; };
/* End PBXFileReference section */

/* Begin PBXFrameworksBuildPhase section */
		145AD74A220B1EBE004F02C2 /* Frameworks */ = {
			isa = PBXFrameworksBuildPhase;
			buildActionMask = 2147483647;
			files = (
				A04C2BBF254770C7996B36CE /* Pods_Cyanic.framework in Frameworks */,
			);
			runOnlyForDeploymentPostprocessing = 0;
		};
		145AD753220B1EBF004F02C2 /* Frameworks */ = {
			isa = PBXFrameworksBuildPhase;
			buildActionMask = 2147483647;
			files = (
				145AD757220B1EBF004F02C2 /* Cyanic.framework in Frameworks */,
				3CBB8E98E4B0FCB3EF6121D8 /* Pods_Tests.framework in Frameworks */,
			);
			runOnlyForDeploymentPostprocessing = 0;
		};
		1478E98F220C59B9006AF8B3 /* Frameworks */ = {
			isa = PBXFrameworksBuildPhase;
			buildActionMask = 2147483647;
			files = (
				D925B76B81288DEF77D9C3D3 /* Pods_Example.framework in Frameworks */,
				14DE09D7226620ED001C395F /* Cyanic.framework in Frameworks */,
			);
			runOnlyForDeploymentPostprocessing = 0;
		};
/* End PBXFrameworksBuildPhase section */

/* Begin PBXGroup section */
		142C44FE2235A0EA002360F5 /* Enums */ = {
			isa = PBXGroup;
			children = (
				142C451B223939DB002360F5 /* Async.swift */,
				142C451822392C09002360F5 /* ComponentStateValidator.swift */,
				142C44FF2235A105002360F5 /* ThrottleType.swift */,
				14609BAB22636805007B2AFC /* Size.swift */,
			);
			path = Enums;
			sourceTree = "<group>";
		};
		1437BDCF2215AEB200A35FFE /* StaticSpacingComponent */ = {
			isa = PBXGroup;
			children = (
				14F6BD792229461A008B0692 /* StaticSpacingComponentType.swift */,
				1437BDCD2215AEA400A35FFE /* StaticSpacingComponent.swift */,
				1437BDD02215AFF900A35FFE /* StaticSpacingComponentLayout.swift */,
			);
			path = StaticSpacingComponent;
			sourceTree = "<group>";
		};
		1437BDD42215B57800A35FFE /* StaticTextComponent */ = {
			isa = PBXGroup;
			children = (
				14F6BD7B22294CFC008B0692 /* StaticTextComponentType.swift */,
				1437BDD52215B75100A35FFE /* StaticTextComponent.swift */,
				1437BDD22215B56F00A35FFE /* StaticTextComponentLayout.swift */,
			);
			path = StaticTextComponent;
			sourceTree = "<group>";
		};
		1437BDD72215BA4400A35FFE /* Extensions */ = {
			isa = PBXGroup;
			children = (
				14CBB028222E7287002D2768 /* CGSize+Cyanic.swift */,
				1437BDD82215BA6000A35FFE /* Text+Cyanic.swift */,
				14A4576822468D9E006E75C6 /* Array+Cyanic.swift */,
			);
			path = Extensions;
			sourceTree = "<group>";
		};
		1437BDDA2216C14100A35FFE /* ExpandableComponent */ = {
			isa = PBXGroup;
			children = (
				14F6BD7D22295A3E008B0692 /* ExpandableComponentType.swift */,
				1437BDDB2216C17200A35FFE /* ExpandableComponent.swift */,
				1437BDDD2216C18A00A35FFE /* ExpandableComponentLayout.swift */,
				14CBB024222D4899002D2768 /* ExpandableContentLayout.swift */,
				145D4E9F225DF602005F3531 /* DividerLine.swift */,
			);
			path = ExpandableComponent;
			sourceTree = "<group>";
		};
		14496DB822286A0A00C5C278 /* Metadata */ = {
			isa = PBXGroup;
			children = (
				147425FC23214EA0008344D5 /* .gitignore */,
				14CBB02C222E8CF3002D2768 /* Cyanic.podspec */,
				F000D2A6221C1B6800D10D0D /* .sourcery.yml */,
				14CBB02F222EA929002D2768 /* .swiftlint.yml */,
				14E424CF220EE51C006BAA4F /* README.md */,
				14CBB02D222E8E26002D2768 /* LICENSE */,
			);
			name = Metadata;
			sourceTree = "<group>";
		};
		145AD743220B1EBE004F02C2 = {
			isa = PBXGroup;
			children = (
				1478E993220C59B9006AF8B3 /* Example */,
				14496DB822286A0A00C5C278 /* Metadata */,
				14B01E3F222723E200EE0A9A /* Templates */,
				145AD767220B1ED6004F02C2 /* Sources */,
				145AD74F220B1EBE004F02C2 /* Supporting Files */,
				145AD75A220B1EBF004F02C2 /* Tests */,
				145AD74E220B1EBE004F02C2 /* Products */,
				DAB88E9155E075588B4174EF /* Pods */,
				98F8D2D4C2A9710903B34A80 /* Frameworks */,
			);
			sourceTree = "<group>";
		};
		145AD74E220B1EBE004F02C2 /* Products */ = {
			isa = PBXGroup;
			children = (
				145AD74D220B1EBE004F02C2 /* Cyanic.framework */,
				145AD756220B1EBF004F02C2 /* Tests.xctest */,
				1478E992220C59B9006AF8B3 /* Example.app */,
			);
			name = Products;
			sourceTree = "<group>";
		};
		145AD74F220B1EBE004F02C2 /* Supporting Files */ = {
			isa = PBXGroup;
			children = (
				145AD750220B1EBE004F02C2 /* FFUFComponents.h */,
				145AD751220B1EBE004F02C2 /* Info.plist */,
			);
			path = "Supporting Files";
			sourceTree = "<group>";
		};
		145AD75A220B1EBF004F02C2 /* Tests */ = {
			isa = PBXGroup;
			children = (
				145AD75B220B1EBF004F02C2 /* ViewModelTests.swift */,
				14C324DB2243827E00FA6496 /* StateStoreTests.swift */,
				1443607A2247B70F0090FCF9 /* CyanicViewControllerTests.swift */,
				1443607E2247CF800090FCF9 /* BaseComponentVCTests.swift */,
				145AD75D220B1EBF004F02C2 /* Info.plist */,
				14A56071228B5D77009DEEA3 /* AsyncTests.swift */,
			);
			path = Tests;
			sourceTree = "<group>";
		};
		145AD767220B1ED6004F02C2 /* Sources */ = {
			isa = PBXGroup;
			children = (
				14FB368122FB28CC00681985 /* Views */,
				F000D2A7221C1D6F00D10D0D /* Sourcery */,
				142C44FE2235A0EA002360F5 /* Enums */,
				1437BDD72215BA4400A35FFE /* Extensions */,
				14C96F062211C2EF00731265 /* Utilities */,
				14C1E3DC2210491E0053E318 /* Components */,
				1478E9AF220C5CDA006AF8B3 /* Classes */,
				14609BA122635B04007B2AFC /* CollectionView */,
				14609BA222635B41007B2AFC /* TableView */,
				14CBC9C9220C415200597FAA /* Protocols */,
			);
			path = Sources;
			sourceTree = "<group>";
		};
		14609BA122635B04007B2AFC /* CollectionView */ = {
			isa = PBXGroup;
			children = (
				14E424C6220E5B8D006BAA4F /* CollectionComponentCell.swift */,
				149804982260C2070044194C /* ComponentSupplementaryView.swift */,
				149804962260ACA20044194C /* CollectionComponentViewController.swift */,
				1478E9B0220C5D1E006AF8B3 /* SingleSectionCollectionComponentViewController.swift */,
				149804942260ABEA0044194C /* MultiSectionCollectionComponentViewController.swift */,
				1498048A225F27320044194C /* CyanicNoFadeFlowLayout.swift */,
			);
			path = CollectionView;
			sourceTree = "<group>";
		};
		14609BA222635B41007B2AFC /* TableView */ = {
			isa = PBXGroup;
			children = (
				14609BA322635B77007B2AFC /* TableComponentCell.swift */,
				14609BA522635BF3007B2AFC /* TableComponentSectionView.swift */,
				14609BA722635C70007B2AFC /* TableComponentViewController.swift */,
				149A29DE22648FFB0074AC08 /* SingleSectionTableComponentViewController.swift */,
				14609BA922635E06007B2AFC /* MultiSectionTableComponentViewController.swift */,
			);
			path = TableView;
			sourceTree = "<group>";
		};
		1478E993220C59B9006AF8B3 /* Example */ = {
			isa = PBXGroup;
			children = (
				1498049A2260CDD80044194C /* ExampleSectionedList */,
				14F06050224B58BE00CC62B0 /* ExampleList */,
				1498048C22606D850044194C /* ExampleLogin */,
				14F0604F224B58B300CC62B0 /* ExampleCounter */,
				14F0604E224B58AC00CC62B0 /* Utilities */,
				1478E994220C59B9006AF8B3 /* AppDelegate.swift */,
				1478E99B220C59BC006AF8B3 /* Assets.xcassets */,
				1478E99D220C59BC006AF8B3 /* LaunchScreen.storyboard */,
				1478E9A0220C59BC006AF8B3 /* Info.plist */,
			);
			path = Example;
			sourceTree = "<group>";
		};
		1478E9AF220C5CDA006AF8B3 /* Classes */ = {
			isa = PBXGroup;
			children = (
				14CBAFEA222D1351002D2768 /* AbstractViewModel.swift */,
				1437BDC52215573300A35FFE /* AnyComponent.swift */,
				14A4576A22468E0F006E75C6 /* AnyViewModel.swift */,
				1437BDC922157C4F00A35FFE /* ViewModel.swift */,
				14C324D92243728600FA6496 /* CyanicViewController.swift */,
				142C451E223B0175002360F5 /* StateStore.swift */,
				14609BAD226378A5007B2AFC /* ComponentViewController.swift */,
			);
			path = Classes;
			sourceTree = "<group>";
		};
		1498048C22606D850044194C /* ExampleLogin */ = {
			isa = PBXGroup;
			children = (
				141315B42235924500513FD9 /* ExampleLoginVC.swift */,
				14F0605B224B5B8500CC62B0 /* UsernameViewModel+PasswordViewModel.swift */,
				14F0605D224B5BC400CC62B0 /* UsernameState+PasswordState.swift */,
			);
			path = ExampleLogin;
			sourceTree = "<group>";
		};
		1498049A2260CDD80044194C /* ExampleSectionedList */ = {
			isa = PBXGroup;
			children = (
				1498049B2260CE030044194C /* ExampleSectionedVC.swift */,
			);
			path = ExampleSectionedList;
			sourceTree = "<group>";
		};
		14A16527225C68B90031517C /* TextFieldComponent */ = {
			isa = PBXGroup;
			children = (
				14A16528225C68F50031517C /* TextFieldComponentType.swift */,
				14A1652A225C69050031517C /* TextFieldComponent.swift */,
				14A1652C225C69190031517C /* TextFieldComponentLayout.swift */,
				14DB258D22949E4F00ADADA8 /* CyanicTextFieldDelegateProxy.swift */,
			);
			path = TextFieldComponent;
			sourceTree = "<group>";
		};
		14A5606A228ABE83009DEEA3 /* SizedComponent */ = {
			isa = PBXGroup;
			children = (
				14A5606B228ABEAE009DEEA3 /* SizedComponentType.swift */,
				14A5606D228ABFF2009DEEA3 /* SizedComponent.swift */,
				14A5606F228AC06F009DEEA3 /* SizedComponentLayout.swift */,
			);
			path = SizedComponent;
			sourceTree = "<group>";
		};
		14AB6B0A228DDFA90039C0EF /* TextViewComponent */ = {
			isa = PBXGroup;
			children = (
				14AB6B0B228DE0700039C0EF /* TextViewComponentType.swift */,
				14AB6B0D228DE15D0039C0EF /* TextViewComponent.swift */,
				14AB6B0F228DE1CF0039C0EF /* TextViewComponentLayout.swift */,
				14DB258F2295528700ADADA8 /* CyanicTextViewDelegateProxy.swift */,
			);
			path = TextViewComponent;
			sourceTree = "<group>";
		};
		14B01E3F222723E200EE0A9A /* Templates */ = {
			isa = PBXGroup;
			children = (
				14496DB92228714200C5C278 /* AutoGenerateComponent.stencil */,
				14B01E41222723E200EE0A9A /* AutoEquatableComponent.stencil */,
				14B01E40222723E200EE0A9A /* AutoHashableComponent.stencil */,
				142C45122238F7AB002360F5 /* AutoGenerateComponentExtensions.swifttemplate */,
			);
			path = Templates;
			sourceTree = "<group>";
		};
		14C1E3DC2210491E0053E318 /* Components */ = {
			isa = PBXGroup;
			children = (
				14C23728231293C900E97DDE /* StaticLabelComponent */,
				14C96F092211EE9600731265 /* ButtonComponent */,
				14D5112822313D8400EEAC0F /* ChildVCComponent */,
				1437BDDA2216C14100A35FFE /* ExpandableComponent */,
				14A5606A228ABE83009DEEA3 /* SizedComponent */,
				1437BDCF2215AEB200A35FFE /* StaticSpacingComponent */,
				1437BDD42215B57800A35FFE /* StaticTextComponent */,
				14A16527225C68B90031517C /* TextFieldComponent */,
				14AB6B0A228DDFA90039C0EF /* TextViewComponent */,
			);
			path = Components;
			sourceTree = "<group>";
		};
		14C23728231293C900E97DDE /* StaticLabelComponent */ = {
			isa = PBXGroup;
			children = (
				14C2372B2312940400E97DDE /* StaticLabelComponentType.swift */,
				14C23729231293DF00E97DDE /* StaticLabelComponent.swift */,
				14C2372D2312943900E97DDE /* StaticLabelComponentLayout.swift */,
			);
			path = StaticLabelComponent;
			sourceTree = "<group>";
		};
		14C96F062211C2EF00731265 /* Utilities */ = {
			isa = PBXGroup;
			children = (
				14BC91F4228061F600464771 /* CyanicDataSources.swift */,
				14C96F072211C30F00731265 /* Constants.swift */,
				142C4520223BB36C002360F5 /* GlobalFunctions.swift */,
				149D5B8E221B33A100482F28 /* ComponentsController.swift */,
				1498048F22608F8C0044194C /* SectionController.swift */,
				1498049D2260D8340044194C /* MultiSectionController.swift */,
			);
			path = Utilities;
			sourceTree = "<group>";
		};
		14C96F092211EE9600731265 /* ButtonComponent */ = {
			isa = PBXGroup;
			children = (
				14B01E3D22271D5C00EE0A9A /* ButtonComponentType.swift */,
				14496DB522273CE000C5C278 /* ButtonComponent.swift */,
				14C1E3DF22104A330053E318 /* ButtonComponentLayout.swift */,
			);
			path = ButtonComponent;
			sourceTree = "<group>";
		};
		14CBC9C9220C415200597FAA /* Protocols */ = {
			isa = PBXGroup;
			children = (
				14CBC9CC220C57BB00597FAA /* Component.swift */,
				14E424CC220E8CB6006BAA4F /* ComponentLayout.swift */,
				14F6BD7F2229738A008B0692 /* Copyable.swift */,
				14D5112F2231B2E500EEAC0F /* CyanicChildVCType.swift */,
				14CBB02A222E7C1C002D2768 /* Selectable.swift */,
				1437BDCB22157FC300A35FFE /* State.swift */,
				14CBB026222D71E9002D2768 /* UserInterfaceModel.swift */,
				14A4576322464434006E75C6 /* StateObservableBuilder.swift */,
				14A56073228B6541009DEEA3 /* CyanicError.swift */,
			);
			path = Protocols;
			sourceTree = "<group>";
		};
		14D5112822313D8400EEAC0F /* ChildVCComponent */ = {
			isa = PBXGroup;
			children = (
				14D5112922313DBF00EEAC0F /* ChildVCComponentType.swift */,
				14D5112B2231A15200EEAC0F /* ChildVCComponent.swift */,
				14D5112D2231A6CA00EEAC0F /* ChildVCComponentLayout.swift */,
			);
			path = ChildVCComponent;
			sourceTree = "<group>";
		};
		14F0604E224B58AC00CC62B0 /* Utilities */ = {
			isa = PBXGroup;
			children = (
				1498048D22607A720044194C /* ExampleViewModel.swift */,
			);
			path = Utilities;
			sourceTree = "<group>";
		};
		14F0604F224B58B300CC62B0 /* ExampleCounter */ = {
			isa = PBXGroup;
			children = (
				1443607C2247BC0E0090FCF9 /* ExampleCounterVC.swift */,
				14F06059224B5AB900CC62B0 /* ExampleCounterState.swift */,
				14F06057224B5A9A00CC62B0 /* ExampleCounterViewModel.swift */,
			);
			path = ExampleCounter;
			sourceTree = "<group>";
		};
		14F06050224B58BE00CC62B0 /* ExampleList */ = {
			isa = PBXGroup;
			children = (
				1478E996220C59B9006AF8B3 /* ExampleListVC.swift */,
				14F06053224B591200CC62B0 /* ExampleListViewModel.swift */,
				14F06051224B58E700CC62B0 /* ExampleListState.swift */,
				14F06055224B593500CC62B0 /* ChildVC.swift */,
			);
			path = ExampleList;
			sourceTree = "<group>";
		};
		14FB368122FB28CC00681985 /* Views */ = {
			isa = PBXGroup;
			children = (
				14FB368422FB2AD300681985 /* ComponentView.swift */,
			);
			path = Views;
			sourceTree = "<group>";
		};
		98F8D2D4C2A9710903B34A80 /* Frameworks */ = {
			isa = PBXGroup;
			children = (
				1470FDD5223BCE0C008CDD25 /* Alacrity.framework */,
				1470FDD7223BCE0C008CDD25 /* Differentiator.framework */,
				1470FDD9223BCE0C008CDD25 /* FFUFWidgets.framework */,
				1470FDDB223BCE0C008CDD25 /* Kio.framework */,
				1470FDDD223BCE0C008CDD25 /* LayoutKit.framework */,
				1470FDDF223BCE0C008CDD25 /* Nimble.framework */,
				1470FDE5223BCE0C008CDD25 /* Quick.framework */,
				1470FDE7223BCE0C008CDD25 /* RxAtomic.framework */,
				1470FDE9223BCE0C008CDD25 /* RxCocoa.framework */,
				1470FDEB223BCE0C008CDD25 /* RxDataSources.framework */,
				1470FDED223BCE0C008CDD25 /* RxSwift.framework */,
				862E1FCF7C1377E32F906DC0 /* Pods_Example.framework */,
				D4E552E5727508CE2BBC0F70 /* Pods_FFUFComponents.framework */,
				730F77D4A7854D2322155566 /* Pods_Tests.framework */,
				685742A8C23801FBEAE7465F /* Pods_Cyanic.framework */,
			);
			name = Frameworks;
			sourceTree = "<group>";
		};
		DAB88E9155E075588B4174EF /* Pods */ = {
			isa = PBXGroup;
			children = (
				9AAD379A2F04502A88BC9632 /* Pods-Example.debug.xcconfig */,
				AAE01790233F583D5FA3BB4C /* Pods-Example.release.xcconfig */,
				751299F31D4B84C4DC5C0246 /* Pods-FFUFComponents.debug.xcconfig */,
				03006A39C0BA1B531F085BEB /* Pods-FFUFComponents.release.xcconfig */,
				1BF31DBC741F7929C83DE40F /* Pods-Tests.debug.xcconfig */,
				479EBB0F43D74C3AD9AFAEF1 /* Pods-Tests.release.xcconfig */,
				3257F016F9341966539EC776 /* Pods-Cyanic.debug.xcconfig */,
				72EB596E4D7D5F93AF75B284 /* Pods-Cyanic.release.xcconfig */,
			);
			path = Pods;
			sourceTree = "<group>";
		};
		F000D2A7221C1D6F00D10D0D /* Sourcery */ = {
			isa = PBXGroup;
			children = (
				14A7EE05224F6B13007FAB4D /* AutoEquatableComponent+Cyanic.swift */,
				14A7EE07224F6B13007FAB4D /* AutoHashableComponent+Cyanic.swift */,
				14980492226097610044194C /* DataSourceControllers+Cyanic.swift */,
			);
			path = Sourcery;
			sourceTree = "<group>";
		};
/* End PBXGroup section */

/* Begin PBXHeadersBuildPhase section */
		145AD748220B1EBE004F02C2 /* Headers */ = {
			isa = PBXHeadersBuildPhase;
			buildActionMask = 2147483647;
			files = (
				145AD75E220B1EBF004F02C2 /* FFUFComponents.h in Headers */,
			);
			runOnlyForDeploymentPostprocessing = 0;
		};
/* End PBXHeadersBuildPhase section */

/* Begin PBXNativeTarget section */
		145AD74C220B1EBE004F02C2 /* Cyanic */ = {
			isa = PBXNativeTarget;
			buildConfigurationList = 145AD761220B1EBF004F02C2 /* Build configuration list for PBXNativeTarget "Cyanic" */;
			buildPhases = (
				296F66475D7218E30389EE3C /* [CP] Check Pods Manifest.lock */,
				145AD748220B1EBE004F02C2 /* Headers */,
				145AD749220B1EBE004F02C2 /* Sources */,
				145AD74A220B1EBE004F02C2 /* Frameworks */,
				145AD74B220B1EBE004F02C2 /* Resources */,
				14CBB02E222EA85B002D2768 /* Swiftlint */,
			);
			buildRules = (
			);
			dependencies = (
			);
			name = Cyanic;
			productName = "MvRx-iOS";
			productReference = 145AD74D220B1EBE004F02C2 /* Cyanic.framework */;
			productType = "com.apple.product-type.framework";
		};
		145AD755220B1EBF004F02C2 /* Tests */ = {
			isa = PBXNativeTarget;
			buildConfigurationList = 145AD764220B1EBF004F02C2 /* Build configuration list for PBXNativeTarget "Tests" */;
			buildPhases = (
				1E2AEB2278C85CD54C041182 /* [CP] Check Pods Manifest.lock */,
				145AD752220B1EBF004F02C2 /* Sources */,
				145AD753220B1EBF004F02C2 /* Frameworks */,
				145AD754220B1EBF004F02C2 /* Resources */,
				57B730BFF8E6DAACE70FB1E2 /* [CP] Embed Pods Frameworks */,
			);
			buildRules = (
			);
			dependencies = (
				145AD759220B1EBF004F02C2 /* PBXTargetDependency */,
			);
			name = Tests;
			productName = "MvRx-iOSTests";
			productReference = 145AD756220B1EBF004F02C2 /* Tests.xctest */;
			productType = "com.apple.product-type.bundle.unit-test";
		};
		1478E991220C59B9006AF8B3 /* Example */ = {
			isa = PBXNativeTarget;
			buildConfigurationList = 1478E9A3220C59BC006AF8B3 /* Build configuration list for PBXNativeTarget "Example" */;
			buildPhases = (
				09D3434ACDD2A082D16B9A37 /* [CP] Check Pods Manifest.lock */,
				1478E98E220C59B9006AF8B3 /* Sources */,
				1478E98F220C59B9006AF8B3 /* Frameworks */,
				1478E990220C59B9006AF8B3 /* Resources */,
				8D7698403E07A00D3CD1E7BC /* [CP] Embed Pods Frameworks */,
				14DE09DB226620ED001C395F /* Embed Frameworks */,
			);
			buildRules = (
			);
			dependencies = (
				14DE09DA226620ED001C395F /* PBXTargetDependency */,
			);
			name = Example;
			productName = Example;
			productReference = 1478E992220C59B9006AF8B3 /* Example.app */;
			productType = "com.apple.product-type.application";
		};
/* End PBXNativeTarget section */

/* Begin PBXProject section */
		145AD744220B1EBE004F02C2 /* Project object */ = {
			isa = PBXProject;
			attributes = {
				CLASSPREFIX = "";
				LastSwiftUpdateCheck = 1010;
				LastUpgradeCheck = 1010;
				ORGANIZATIONNAME = "Feil, Feil, & Feil  GmbH";
				TargetAttributes = {
					145AD74C220B1EBE004F02C2 = {
						CreatedOnToolsVersion = 10.1;
						LastSwiftMigration = 1020;
					};
					145AD755220B1EBF004F02C2 = {
						CreatedOnToolsVersion = 10.1;
					};
					1478E991220C59B9006AF8B3 = {
						CreatedOnToolsVersion = 10.1;
						LastSwiftMigration = 1020;
					};
				};
			};
			buildConfigurationList = 145AD747220B1EBE004F02C2 /* Build configuration list for PBXProject "Cyanic" */;
			compatibilityVersion = "Xcode 9.3";
			developmentRegion = en;
			hasScannedForEncodings = 0;
			knownRegions = (
				en,
				Base,
			);
			mainGroup = 145AD743220B1EBE004F02C2;
			productRefGroup = 145AD74E220B1EBE004F02C2 /* Products */;
			projectDirPath = "";
			projectRoot = "";
			targets = (
				145AD74C220B1EBE004F02C2 /* Cyanic */,
				145AD755220B1EBF004F02C2 /* Tests */,
				1478E991220C59B9006AF8B3 /* Example */,
			);
		};
/* End PBXProject section */

/* Begin PBXResourcesBuildPhase section */
		145AD74B220B1EBE004F02C2 /* Resources */ = {
			isa = PBXResourcesBuildPhase;
			buildActionMask = 2147483647;
			files = (
			);
			runOnlyForDeploymentPostprocessing = 0;
		};
		145AD754220B1EBF004F02C2 /* Resources */ = {
			isa = PBXResourcesBuildPhase;
			buildActionMask = 2147483647;
			files = (
			);
			runOnlyForDeploymentPostprocessing = 0;
		};
		1478E990220C59B9006AF8B3 /* Resources */ = {
			isa = PBXResourcesBuildPhase;
			buildActionMask = 2147483647;
			files = (
				1478E99F220C59BC006AF8B3 /* LaunchScreen.storyboard in Resources */,
				1478E99C220C59BC006AF8B3 /* Assets.xcassets in Resources */,
			);
			runOnlyForDeploymentPostprocessing = 0;
		};
/* End PBXResourcesBuildPhase section */

/* Begin PBXShellScriptBuildPhase section */
		09D3434ACDD2A082D16B9A37 /* [CP] Check Pods Manifest.lock */ = {
			isa = PBXShellScriptBuildPhase;
			buildActionMask = 2147483647;
			files = (
			);
			inputFileListPaths = (
			);
			inputPaths = (
				"${PODS_PODFILE_DIR_PATH}/Podfile.lock",
				"${PODS_ROOT}/Manifest.lock",
			);
			name = "[CP] Check Pods Manifest.lock";
			outputFileListPaths = (
			);
			outputPaths = (
				"$(DERIVED_FILE_DIR)/Pods-Example-checkManifestLockResult.txt",
			);
			runOnlyForDeploymentPostprocessing = 0;
			shellPath = /bin/sh;
			shellScript = "diff \"${PODS_PODFILE_DIR_PATH}/Podfile.lock\" \"${PODS_ROOT}/Manifest.lock\" > /dev/null\nif [ $? != 0 ] ; then\n    # print error to STDERR\n    echo \"error: The sandbox is not in sync with the Podfile.lock. Run 'pod install' or update your CocoaPods installation.\" >&2\n    exit 1\nfi\n# This output is used by Xcode 'outputs' to avoid re-running this script phase.\necho \"SUCCESS\" > \"${SCRIPT_OUTPUT_FILE_0}\"\n";
			showEnvVarsInLog = 0;
		};
		14CBB02E222EA85B002D2768 /* Swiftlint */ = {
			isa = PBXShellScriptBuildPhase;
			buildActionMask = 2147483647;
			files = (
			);
			inputFileListPaths = (
			);
			inputPaths = (
			);
			name = Swiftlint;
			outputFileListPaths = (
			);
			outputPaths = (
			);
			runOnlyForDeploymentPostprocessing = 0;
			shellPath = /bin/sh;
			shellScript = "if which swiftlint >/dev/null; then\n    swiftlint\nelse\n    echo \"warning: SwiftLint not installed, download from https://github.com/realm/SwiftLint\"\nfi\n";
		};
		1E2AEB2278C85CD54C041182 /* [CP] Check Pods Manifest.lock */ = {
			isa = PBXShellScriptBuildPhase;
			buildActionMask = 2147483647;
			files = (
			);
			inputFileListPaths = (
			);
			inputPaths = (
				"${PODS_PODFILE_DIR_PATH}/Podfile.lock",
				"${PODS_ROOT}/Manifest.lock",
			);
			name = "[CP] Check Pods Manifest.lock";
			outputFileListPaths = (
			);
			outputPaths = (
				"$(DERIVED_FILE_DIR)/Pods-Tests-checkManifestLockResult.txt",
			);
			runOnlyForDeploymentPostprocessing = 0;
			shellPath = /bin/sh;
			shellScript = "diff \"${PODS_PODFILE_DIR_PATH}/Podfile.lock\" \"${PODS_ROOT}/Manifest.lock\" > /dev/null\nif [ $? != 0 ] ; then\n    # print error to STDERR\n    echo \"error: The sandbox is not in sync with the Podfile.lock. Run 'pod install' or update your CocoaPods installation.\" >&2\n    exit 1\nfi\n# This output is used by Xcode 'outputs' to avoid re-running this script phase.\necho \"SUCCESS\" > \"${SCRIPT_OUTPUT_FILE_0}\"\n";
			showEnvVarsInLog = 0;
		};
		296F66475D7218E30389EE3C /* [CP] Check Pods Manifest.lock */ = {
			isa = PBXShellScriptBuildPhase;
			buildActionMask = 2147483647;
			files = (
			);
			inputFileListPaths = (
			);
			inputPaths = (
				"${PODS_PODFILE_DIR_PATH}/Podfile.lock",
				"${PODS_ROOT}/Manifest.lock",
			);
			name = "[CP] Check Pods Manifest.lock";
			outputFileListPaths = (
			);
			outputPaths = (
				"$(DERIVED_FILE_DIR)/Pods-Cyanic-checkManifestLockResult.txt",
			);
			runOnlyForDeploymentPostprocessing = 0;
			shellPath = /bin/sh;
			shellScript = "diff \"${PODS_PODFILE_DIR_PATH}/Podfile.lock\" \"${PODS_ROOT}/Manifest.lock\" > /dev/null\nif [ $? != 0 ] ; then\n    # print error to STDERR\n    echo \"error: The sandbox is not in sync with the Podfile.lock. Run 'pod install' or update your CocoaPods installation.\" >&2\n    exit 1\nfi\n# This output is used by Xcode 'outputs' to avoid re-running this script phase.\necho \"SUCCESS\" > \"${SCRIPT_OUTPUT_FILE_0}\"\n";
			showEnvVarsInLog = 0;
		};
		57B730BFF8E6DAACE70FB1E2 /* [CP] Embed Pods Frameworks */ = {
			isa = PBXShellScriptBuildPhase;
			buildActionMask = 2147483647;
			files = (
			);
			inputFileListPaths = (
				"${PODS_ROOT}/Target Support Files/Pods-Tests/Pods-Tests-frameworks-${CONFIGURATION}-input-files.xcfilelist",
			);
			name = "[CP] Embed Pods Frameworks";
			outputFileListPaths = (
				"${PODS_ROOT}/Target Support Files/Pods-Tests/Pods-Tests-frameworks-${CONFIGURATION}-output-files.xcfilelist",
			);
			runOnlyForDeploymentPostprocessing = 0;
			shellPath = /bin/sh;
			shellScript = "\"${PODS_ROOT}/Target Support Files/Pods-Tests/Pods-Tests-frameworks.sh\"\n";
			showEnvVarsInLog = 0;
		};
		8D7698403E07A00D3CD1E7BC /* [CP] Embed Pods Frameworks */ = {
			isa = PBXShellScriptBuildPhase;
			buildActionMask = 2147483647;
			files = (
			);
			inputFileListPaths = (
				"${PODS_ROOT}/Target Support Files/Pods-Example/Pods-Example-frameworks-${CONFIGURATION}-input-files.xcfilelist",
			);
			name = "[CP] Embed Pods Frameworks";
			outputFileListPaths = (
				"${PODS_ROOT}/Target Support Files/Pods-Example/Pods-Example-frameworks-${CONFIGURATION}-output-files.xcfilelist",
			);
			runOnlyForDeploymentPostprocessing = 0;
			shellPath = /bin/sh;
			shellScript = "\"${PODS_ROOT}/Target Support Files/Pods-Example/Pods-Example-frameworks.sh\"\n";
			showEnvVarsInLog = 0;
		};
/* End PBXShellScriptBuildPhase section */

/* Begin PBXSourcesBuildPhase section */
		145AD749220B1EBE004F02C2 /* Sources */ = {
			isa = PBXSourcesBuildPhase;
			buildActionMask = 2147483647;
			files = (
				149D5B8F221B33A100482F28 /* ComponentsController.swift in Sources */,
				14A4576422464434006E75C6 /* StateObservableBuilder.swift in Sources */,
				1498049122608F900044194C /* SectionController.swift in Sources */,
				1437BDC62215573300A35FFE /* AnyComponent.swift in Sources */,
				14F6BD7A2229461A008B0692 /* StaticSpacingComponentType.swift in Sources */,
				1437BDCA22157C4F00A35FFE /* ViewModel.swift in Sources */,
				142C451922392C09002360F5 /* ComponentStateValidator.swift in Sources */,
				14AB6B0C228DE0700039C0EF /* TextViewComponentType.swift in Sources */,
				14E424C7220E5B8D006BAA4F /* CollectionComponentCell.swift in Sources */,
				14A1652D225C69190031517C /* TextFieldComponentLayout.swift in Sources */,
				1437BDD12215AFF900A35FFE /* StaticSpacingComponentLayout.swift in Sources */,
				14AB6B0E228DE15D0039C0EF /* TextViewComponent.swift in Sources */,
				14C2372C2312940400E97DDE /* StaticLabelComponentType.swift in Sources */,
				149804972260ACA20044194C /* CollectionComponentViewController.swift in Sources */,
				14D511302231B2E500EEAC0F /* CyanicChildVCType.swift in Sources */,
				1437BDCE2215AEA400A35FFE /* StaticSpacingComponent.swift in Sources */,
				14C2372A231293DF00E97DDE /* StaticLabelComponent.swift in Sources */,
				145D4EA0225DF602005F3531 /* DividerLine.swift in Sources */,
				14D5112A22313DBF00EEAC0F /* ChildVCComponentType.swift in Sources */,
				14609BAA22635E06007B2AFC /* MultiSectionTableComponentViewController.swift in Sources */,
				1498048B225F27320044194C /* CyanicNoFadeFlowLayout.swift in Sources */,
				149804952260ABEA0044194C /* MultiSectionCollectionComponentViewController.swift in Sources */,
				14F6BD7E22295A3E008B0692 /* ExpandableComponentType.swift in Sources */,
				14AB6B10228DE1CF0039C0EF /* TextViewComponentLayout.swift in Sources */,
				142C451C223939DB002360F5 /* Async.swift in Sources */,
				1437BDCC22157FC300A35FFE /* State.swift in Sources */,
				14CBB025222D4899002D2768 /* ExpandableContentLayout.swift in Sources */,
				14A56074228B6541009DEEA3 /* CyanicError.swift in Sources */,
				14609BAE226378A5007B2AFC /* ComponentViewController.swift in Sources */,
				14CBC9CD220C57BB00597FAA /* Component.swift in Sources */,
				14E424CD220E8CB6006BAA4F /* ComponentLayout.swift in Sources */,
				149804992260C2070044194C /* ComponentSupplementaryView.swift in Sources */,
				14F6BD7C22294CFC008B0692 /* StaticTextComponentType.swift in Sources */,
				14A5606C228ABEAE009DEEA3 /* SizedComponentType.swift in Sources */,
				14C2372E2312943900E97DDE /* StaticLabelComponentLayout.swift in Sources */,
				14A7EE08224F6B13007FAB4D /* AutoEquatableComponent+Cyanic.swift in Sources */,
				14609BA822635C70007B2AFC /* TableComponentViewController.swift in Sources */,
				14CBB029222E7287002D2768 /* CGSize+Cyanic.swift in Sources */,
				14C324DA2243728600FA6496 /* CyanicViewController.swift in Sources */,
				14496DB622273CE000C5C278 /* ButtonComponent.swift in Sources */,
				14609BAC22636805007B2AFC /* Size.swift in Sources */,
				142C45002235A105002360F5 /* ThrottleType.swift in Sources */,
				14D5112C2231A15200EEAC0F /* ChildVCComponent.swift in Sources */,
				1437BDDE2216C18A00A35FFE /* ExpandableComponentLayout.swift in Sources */,
				14A56070228AC06F009DEEA3 /* SizedComponentLayout.swift in Sources */,
				14C96F082211C30F00731265 /* Constants.swift in Sources */,
				14D5112E2231A6CA00EEAC0F /* ChildVCComponentLayout.swift in Sources */,
				14FB368522FB2AD300681985 /* ComponentView.swift in Sources */,
				142C4521223BB36D002360F5 /* GlobalFunctions.swift in Sources */,
				14609BA622635BF3007B2AFC /* TableComponentSectionView.swift in Sources */,
				1478E9B1220C5D1E006AF8B3 /* SingleSectionCollectionComponentViewController.swift in Sources */,
				1437BDD62215B75100A35FFE /* StaticTextComponent.swift in Sources */,
				14609BA422635B77007B2AFC /* TableComponentCell.swift in Sources */,
				1437BDDC2216C17200A35FFE /* ExpandableComponent.swift in Sources */,
				14DB25902295528700ADADA8 /* CyanicTextViewDelegateProxy.swift in Sources */,
				14CBAFEB222D1351002D2768 /* AbstractViewModel.swift in Sources */,
				1437BDD92215BA6000A35FFE /* Text+Cyanic.swift in Sources */,
				14A1652B225C69050031517C /* TextFieldComponent.swift in Sources */,
				1498049E2260D8340044194C /* MultiSectionController.swift in Sources */,
				1417A50622E07DD500216FDB /* CyanicDataSources.swift in Sources */,
				1437BDD32215B56F00A35FFE /* StaticTextComponentLayout.swift in Sources */,
				14DB258E22949E4F00ADADA8 /* CyanicTextFieldDelegateProxy.swift in Sources */,
				14F6BD802229738A008B0692 /* Copyable.swift in Sources */,
				149A29DF22648FFB0074AC08 /* SingleSectionTableComponentViewController.swift in Sources */,
				14980493226097610044194C /* DataSourceControllers+Cyanic.swift in Sources */,
				14A7EE0A224F6B13007FAB4D /* AutoHashableComponent+Cyanic.swift in Sources */,
				14CBB02B222E7C1C002D2768 /* Selectable.swift in Sources */,
				14A4576B22468E0F006E75C6 /* AnyViewModel.swift in Sources */,
				14B01E3E22271D5C00EE0A9A /* ButtonComponentType.swift in Sources */,
				14A5606E228ABFF2009DEEA3 /* SizedComponent.swift in Sources */,
				14A16529225C68F50031517C /* TextFieldComponentType.swift in Sources */,
				142C451F223B0175002360F5 /* StateStore.swift in Sources */,
				14A4576922468D9E006E75C6 /* Array+Cyanic.swift in Sources */,
				14C1E3E022104A330053E318 /* ButtonComponentLayout.swift in Sources */,
				14CBB027222D71E9002D2768 /* UserInterfaceModel.swift in Sources */,
			);
			runOnlyForDeploymentPostprocessing = 0;
		};
		145AD752220B1EBF004F02C2 /* Sources */ = {
			isa = PBXSourcesBuildPhase;
			buildActionMask = 2147483647;
			files = (
				145AD75C220B1EBF004F02C2 /* ViewModelTests.swift in Sources */,
				14C324DC2243827E00FA6496 /* StateStoreTests.swift in Sources */,
				1443607B2247B70F0090FCF9 /* CyanicViewControllerTests.swift in Sources */,
				14A56072228B5D77009DEEA3 /* AsyncTests.swift in Sources */,
				1443607F2247CF800090FCF9 /* BaseComponentVCTests.swift in Sources */,
			);
			runOnlyForDeploymentPostprocessing = 0;
		};
		1478E98E220C59B9006AF8B3 /* Sources */ = {
			isa = PBXSourcesBuildPhase;
			buildActionMask = 2147483647;
			files = (
				1478E997220C59B9006AF8B3 /* ExampleListVC.swift in Sources */,
				1498048E22607A720044194C /* ExampleViewModel.swift in Sources */,
				14F06054224B591200CC62B0 /* ExampleListViewModel.swift in Sources */,
				14F06058224B5A9A00CC62B0 /* ExampleCounterViewModel.swift in Sources */,
				14F06056224B593500CC62B0 /* ChildVC.swift in Sources */,
				141315B52235924600513FD9 /* ExampleLoginVC.swift in Sources */,
				1498049C2260CE030044194C /* ExampleSectionedVC.swift in Sources */,
				14F06052224B58E700CC62B0 /* ExampleListState.swift in Sources */,
				14F0605E224B5BC400CC62B0 /* UsernameState+PasswordState.swift in Sources */,
				1478E995220C59B9006AF8B3 /* AppDelegate.swift in Sources */,
				14F0605A224B5AB900CC62B0 /* ExampleCounterState.swift in Sources */,
				14F0605C224B5B8500CC62B0 /* UsernameViewModel+PasswordViewModel.swift in Sources */,
				1443607D2247BC0E0090FCF9 /* ExampleCounterVC.swift in Sources */,
			);
			runOnlyForDeploymentPostprocessing = 0;
		};
/* End PBXSourcesBuildPhase section */

/* Begin PBXTargetDependency section */
		145AD759220B1EBF004F02C2 /* PBXTargetDependency */ = {
			isa = PBXTargetDependency;
			target = 145AD74C220B1EBE004F02C2 /* Cyanic */;
			targetProxy = 145AD758220B1EBF004F02C2 /* PBXContainerItemProxy */;
		};
		14DE09DA226620ED001C395F /* PBXTargetDependency */ = {
			isa = PBXTargetDependency;
			target = 145AD74C220B1EBE004F02C2 /* Cyanic */;
			targetProxy = 14DE09D9226620ED001C395F /* PBXContainerItemProxy */;
		};
/* End PBXTargetDependency section */

/* Begin PBXVariantGroup section */
		1478E99D220C59BC006AF8B3 /* LaunchScreen.storyboard */ = {
			isa = PBXVariantGroup;
			children = (
				1478E99E220C59BC006AF8B3 /* Base */,
			);
			name = LaunchScreen.storyboard;
			sourceTree = "<group>";
		};
/* End PBXVariantGroup section */

/* Begin XCBuildConfiguration section */
		145AD75F220B1EBF004F02C2 /* Debug */ = {
			isa = XCBuildConfiguration;
			buildSettings = {
				ALWAYS_SEARCH_USER_PATHS = NO;
				CLANG_ANALYZER_NONNULL = YES;
				CLANG_ANALYZER_NUMBER_OBJECT_CONVERSION = YES_AGGRESSIVE;
				CLANG_CXX_LANGUAGE_STANDARD = "gnu++14";
				CLANG_CXX_LIBRARY = "libc++";
				CLANG_ENABLE_MODULES = YES;
				CLANG_ENABLE_OBJC_ARC = YES;
				CLANG_ENABLE_OBJC_WEAK = YES;
				CLANG_WARN_BLOCK_CAPTURE_AUTORELEASING = YES;
				CLANG_WARN_BOOL_CONVERSION = YES;
				CLANG_WARN_COMMA = YES;
				CLANG_WARN_CONSTANT_CONVERSION = YES;
				CLANG_WARN_DEPRECATED_OBJC_IMPLEMENTATIONS = YES;
				CLANG_WARN_DIRECT_OBJC_ISA_USAGE = YES_ERROR;
				CLANG_WARN_DOCUMENTATION_COMMENTS = YES;
				CLANG_WARN_EMPTY_BODY = YES;
				CLANG_WARN_ENUM_CONVERSION = YES;
				CLANG_WARN_INFINITE_RECURSION = YES;
				CLANG_WARN_INT_CONVERSION = YES;
				CLANG_WARN_NON_LITERAL_NULL_CONVERSION = YES;
				CLANG_WARN_OBJC_IMPLICIT_RETAIN_SELF = YES;
				CLANG_WARN_OBJC_LITERAL_CONVERSION = YES;
				CLANG_WARN_OBJC_ROOT_CLASS = YES_ERROR;
				CLANG_WARN_RANGE_LOOP_ANALYSIS = YES;
				CLANG_WARN_STRICT_PROTOTYPES = YES;
				CLANG_WARN_SUSPICIOUS_MOVE = YES;
				CLANG_WARN_UNGUARDED_AVAILABILITY = YES_AGGRESSIVE;
				CLANG_WARN_UNREACHABLE_CODE = YES;
				CLANG_WARN__DUPLICATE_METHOD_MATCH = YES;
				CODE_SIGN_IDENTITY = "iPhone Developer";
				COPY_PHASE_STRIP = NO;
				CURRENT_PROJECT_VERSION = 1;
				DEBUG_INFORMATION_FORMAT = dwarf;
				ENABLE_STRICT_OBJC_MSGSEND = YES;
				ENABLE_TESTABILITY = YES;
				GCC_C_LANGUAGE_STANDARD = gnu11;
				GCC_DYNAMIC_NO_PIC = NO;
				GCC_NO_COMMON_BLOCKS = YES;
				GCC_OPTIMIZATION_LEVEL = 0;
				GCC_PREPROCESSOR_DEFINITIONS = (
					"DEBUG=1",
					"$(inherited)",
				);
				GCC_WARN_64_TO_32_BIT_CONVERSION = YES;
				GCC_WARN_ABOUT_RETURN_TYPE = YES_ERROR;
				GCC_WARN_UNDECLARED_SELECTOR = YES;
				GCC_WARN_UNINITIALIZED_AUTOS = YES_AGGRESSIVE;
				GCC_WARN_UNUSED_FUNCTION = YES;
				GCC_WARN_UNUSED_VARIABLE = YES;
				IPHONEOS_DEPLOYMENT_TARGET = 10.0;
				MTL_ENABLE_DEBUG_INFO = INCLUDE_SOURCE;
				MTL_FAST_MATH = YES;
				ONLY_ACTIVE_ARCH = YES;
				SDKROOT = iphoneos;
				SWIFT_ACTIVE_COMPILATION_CONDITIONS = DEBUG;
				SWIFT_OPTIMIZATION_LEVEL = "-Onone";
				SWIFT_VERSION = "";
				VERSIONING_SYSTEM = "apple-generic";
				VERSION_INFO_PREFIX = "";
			};
			name = Debug;
		};
		145AD760220B1EBF004F02C2 /* Release */ = {
			isa = XCBuildConfiguration;
			buildSettings = {
				ALWAYS_SEARCH_USER_PATHS = NO;
				CLANG_ANALYZER_NONNULL = YES;
				CLANG_ANALYZER_NUMBER_OBJECT_CONVERSION = YES_AGGRESSIVE;
				CLANG_CXX_LANGUAGE_STANDARD = "gnu++14";
				CLANG_CXX_LIBRARY = "libc++";
				CLANG_ENABLE_MODULES = YES;
				CLANG_ENABLE_OBJC_ARC = YES;
				CLANG_ENABLE_OBJC_WEAK = YES;
				CLANG_WARN_BLOCK_CAPTURE_AUTORELEASING = YES;
				CLANG_WARN_BOOL_CONVERSION = YES;
				CLANG_WARN_COMMA = YES;
				CLANG_WARN_CONSTANT_CONVERSION = YES;
				CLANG_WARN_DEPRECATED_OBJC_IMPLEMENTATIONS = YES;
				CLANG_WARN_DIRECT_OBJC_ISA_USAGE = YES_ERROR;
				CLANG_WARN_DOCUMENTATION_COMMENTS = YES;
				CLANG_WARN_EMPTY_BODY = YES;
				CLANG_WARN_ENUM_CONVERSION = YES;
				CLANG_WARN_INFINITE_RECURSION = YES;
				CLANG_WARN_INT_CONVERSION = YES;
				CLANG_WARN_NON_LITERAL_NULL_CONVERSION = YES;
				CLANG_WARN_OBJC_IMPLICIT_RETAIN_SELF = YES;
				CLANG_WARN_OBJC_LITERAL_CONVERSION = YES;
				CLANG_WARN_OBJC_ROOT_CLASS = YES_ERROR;
				CLANG_WARN_RANGE_LOOP_ANALYSIS = YES;
				CLANG_WARN_STRICT_PROTOTYPES = YES;
				CLANG_WARN_SUSPICIOUS_MOVE = YES;
				CLANG_WARN_UNGUARDED_AVAILABILITY = YES_AGGRESSIVE;
				CLANG_WARN_UNREACHABLE_CODE = YES;
				CLANG_WARN__DUPLICATE_METHOD_MATCH = YES;
				CODE_SIGN_IDENTITY = "iPhone Developer";
				COPY_PHASE_STRIP = NO;
				CURRENT_PROJECT_VERSION = 1;
				DEBUG_INFORMATION_FORMAT = "dwarf-with-dsym";
				ENABLE_NS_ASSERTIONS = NO;
				ENABLE_STRICT_OBJC_MSGSEND = YES;
				GCC_C_LANGUAGE_STANDARD = gnu11;
				GCC_NO_COMMON_BLOCKS = YES;
				GCC_WARN_64_TO_32_BIT_CONVERSION = YES;
				GCC_WARN_ABOUT_RETURN_TYPE = YES_ERROR;
				GCC_WARN_UNDECLARED_SELECTOR = YES;
				GCC_WARN_UNINITIALIZED_AUTOS = YES_AGGRESSIVE;
				GCC_WARN_UNUSED_FUNCTION = YES;
				GCC_WARN_UNUSED_VARIABLE = YES;
				IPHONEOS_DEPLOYMENT_TARGET = 10.0;
				MTL_ENABLE_DEBUG_INFO = NO;
				MTL_FAST_MATH = YES;
				SDKROOT = iphoneos;
				SWIFT_COMPILATION_MODE = wholemodule;
				SWIFT_OPTIMIZATION_LEVEL = "-O";
				SWIFT_VERSION = "";
				VALIDATE_PRODUCT = YES;
				VERSIONING_SYSTEM = "apple-generic";
				VERSION_INFO_PREFIX = "";
			};
			name = Release;
		};
		145AD762220B1EBF004F02C2 /* Debug */ = {
			isa = XCBuildConfiguration;
			baseConfigurationReference = 3257F016F9341966539EC776 /* Pods-Cyanic.debug.xcconfig */;
			buildSettings = {
				CLANG_ENABLE_MODULES = YES;
				CODE_SIGN_IDENTITY = "";
				CODE_SIGN_STYLE = Automatic;
				DEFINES_MODULE = YES;
				DEVELOPMENT_TEAM = 938GX6R6ZS;
				DYLIB_COMPATIBILITY_VERSION = 1;
				DYLIB_CURRENT_VERSION = 1;
				DYLIB_INSTALL_NAME_BASE = "@rpath";
				INFOPLIST_FILE = "$(SRCROOT)/Supporting Files/Info.plist";
				INSTALL_PATH = "$(LOCAL_LIBRARY_DIR)/Frameworks";
				LD_RUNPATH_SEARCH_PATHS = (
					"$(inherited)",
					"@executable_path/Frameworks",
					"@loader_path/Frameworks",
				);
				PRODUCT_BUNDLE_IDENTIFIER = de.ffuf.Cyanic;
				PRODUCT_NAME = "$(TARGET_NAME:c99extidentifier)";
				SKIP_INSTALL = YES;
				SWIFT_OPTIMIZATION_LEVEL = "-Onone";
				SWIFT_VERSION = 5.0;
				TARGETED_DEVICE_FAMILY = "1,2";
			};
			name = Debug;
		};
		145AD763220B1EBF004F02C2 /* Release */ = {
			isa = XCBuildConfiguration;
			baseConfigurationReference = 72EB596E4D7D5F93AF75B284 /* Pods-Cyanic.release.xcconfig */;
			buildSettings = {
				CLANG_ENABLE_MODULES = YES;
				CODE_SIGN_IDENTITY = "";
				CODE_SIGN_STYLE = Automatic;
				DEFINES_MODULE = YES;
				DEVELOPMENT_TEAM = 938GX6R6ZS;
				DYLIB_COMPATIBILITY_VERSION = 1;
				DYLIB_CURRENT_VERSION = 1;
				DYLIB_INSTALL_NAME_BASE = "@rpath";
				INFOPLIST_FILE = "$(SRCROOT)/Supporting Files/Info.plist";
				INSTALL_PATH = "$(LOCAL_LIBRARY_DIR)/Frameworks";
				LD_RUNPATH_SEARCH_PATHS = (
					"$(inherited)",
					"@executable_path/Frameworks",
					"@loader_path/Frameworks",
				);
				PRODUCT_BUNDLE_IDENTIFIER = de.ffuf.Cyanic;
				PRODUCT_NAME = "$(TARGET_NAME:c99extidentifier)";
				SKIP_INSTALL = YES;
				SWIFT_OPTIMIZATION_LEVEL = "-O";
				SWIFT_VERSION = 5.0;
				TARGETED_DEVICE_FAMILY = "1,2";
			};
			name = Release;
		};
		145AD765220B1EBF004F02C2 /* Debug */ = {
			isa = XCBuildConfiguration;
			baseConfigurationReference = 1BF31DBC741F7929C83DE40F /* Pods-Tests.debug.xcconfig */;
			buildSettings = {
				ALWAYS_EMBED_SWIFT_STANDARD_LIBRARIES = "$(inherited)";
				CODE_SIGN_STYLE = Automatic;
				DEVELOPMENT_TEAM = 938GX6R6ZS;
				INFOPLIST_FILE = Tests/Info.plist;
				LD_RUNPATH_SEARCH_PATHS = (
					"$(inherited)",
					"@executable_path/Frameworks",
					"@loader_path/Frameworks",
				);
				PRODUCT_BUNDLE_IDENTIFIER = "de.ffuf.de.MvRx-iOSTests";
				PRODUCT_NAME = "$(TARGET_NAME)";
				SWIFT_VERSION = 5.0;
				TARGETED_DEVICE_FAMILY = "1,2";
			};
			name = Debug;
		};
		145AD766220B1EBF004F02C2 /* Release */ = {
			isa = XCBuildConfiguration;
			baseConfigurationReference = 479EBB0F43D74C3AD9AFAEF1 /* Pods-Tests.release.xcconfig */;
			buildSettings = {
				ALWAYS_EMBED_SWIFT_STANDARD_LIBRARIES = "$(inherited)";
				CODE_SIGN_STYLE = Automatic;
				DEVELOPMENT_TEAM = 938GX6R6ZS;
				INFOPLIST_FILE = Tests/Info.plist;
				LD_RUNPATH_SEARCH_PATHS = (
					"$(inherited)",
					"@executable_path/Frameworks",
					"@loader_path/Frameworks",
				);
				ONLY_ACTIVE_ARCH = YES;
				PRODUCT_BUNDLE_IDENTIFIER = "de.ffuf.de.MvRx-iOSTests";
				PRODUCT_NAME = "$(TARGET_NAME)";
				SWIFT_VERSION = 5.0;
				TARGETED_DEVICE_FAMILY = "1,2";
			};
			name = Release;
		};
		1478E9A1220C59BC006AF8B3 /* Debug */ = {
			isa = XCBuildConfiguration;
			baseConfigurationReference = 9AAD379A2F04502A88BC9632 /* Pods-Example.debug.xcconfig */;
			buildSettings = {
				ALWAYS_EMBED_SWIFT_STANDARD_LIBRARIES = "$(inherited)";
				ASSETCATALOG_COMPILER_APPICON_NAME = AppIcon;
				CODE_SIGN_STYLE = Automatic;
				DEVELOPMENT_TEAM = 938GX6R6ZS;
				INFOPLIST_FILE = Example/Info.plist;
				LD_RUNPATH_SEARCH_PATHS = (
					"$(inherited)",
					"@executable_path/Frameworks",
				);
				PRODUCT_BUNDLE_IDENTIFIER = de.ffuf.CyanicExample;
				PRODUCT_NAME = "$(TARGET_NAME)";
				SWIFT_VERSION = 5.0;
				TARGETED_DEVICE_FAMILY = "1,2";
			};
			name = Debug;
		};
		1478E9A2220C59BC006AF8B3 /* Release */ = {
			isa = XCBuildConfiguration;
			baseConfigurationReference = AAE01790233F583D5FA3BB4C /* Pods-Example.release.xcconfig */;
			buildSettings = {
				ALWAYS_EMBED_SWIFT_STANDARD_LIBRARIES = "$(inherited)";
				ASSETCATALOG_COMPILER_APPICON_NAME = AppIcon;
				CODE_SIGN_STYLE = Automatic;
				DEVELOPMENT_TEAM = 938GX6R6ZS;
				INFOPLIST_FILE = Example/Info.plist;
				LD_RUNPATH_SEARCH_PATHS = (
					"$(inherited)",
					"@executable_path/Frameworks",
				);
				PRODUCT_BUNDLE_IDENTIFIER = de.ffuf.CyanicExample;
				PRODUCT_NAME = "$(TARGET_NAME)";
				SWIFT_VERSION = 5.0;
				TARGETED_DEVICE_FAMILY = "1,2";
			};
			name = Release;
		};
/* End XCBuildConfiguration section */

/* Begin XCConfigurationList section */
		145AD747220B1EBE004F02C2 /* Build configuration list for PBXProject "Cyanic" */ = {
			isa = XCConfigurationList;
			buildConfigurations = (
				145AD75F220B1EBF004F02C2 /* Debug */,
				145AD760220B1EBF004F02C2 /* Release */,
			);
			defaultConfigurationIsVisible = 0;
			defaultConfigurationName = Release;
		};
		145AD761220B1EBF004F02C2 /* Build configuration list for PBXNativeTarget "Cyanic" */ = {
			isa = XCConfigurationList;
			buildConfigurations = (
				145AD762220B1EBF004F02C2 /* Debug */,
				145AD763220B1EBF004F02C2 /* Release */,
			);
			defaultConfigurationIsVisible = 0;
			defaultConfigurationName = Release;
		};
		145AD764220B1EBF004F02C2 /* Build configuration list for PBXNativeTarget "Tests" */ = {
			isa = XCConfigurationList;
			buildConfigurations = (
				145AD765220B1EBF004F02C2 /* Debug */,
				145AD766220B1EBF004F02C2 /* Release */,
			);
			defaultConfigurationIsVisible = 0;
			defaultConfigurationName = Release;
		};
		1478E9A3220C59BC006AF8B3 /* Build configuration list for PBXNativeTarget "Example" */ = {
			isa = XCConfigurationList;
			buildConfigurations = (
				1478E9A1220C59BC006AF8B3 /* Debug */,
				1478E9A2220C59BC006AF8B3 /* Release */,
			);
			defaultConfigurationIsVisible = 0;
			defaultConfigurationName = Release;
		};
/* End XCConfigurationList section */
	};
	rootObject = 145AD744220B1EBE004F02C2 /* Project object */;
}
